
Microsoft Visual Studio Solution File, Format Version 10.00
# Visual Studio 2008
Project("{FAE04EC0-301F-11D3-BF4B-00C04F79EFBC}") = "BusEventsEx_CSharp_2008", "BusEventsEx_CSharp_2008.csproj", "{0F0632CE-269B-4BCA-91CA-692640F9ADEC}"
EndProject
Global
	GlobalSection(SolutionConfigurationPlatforms) = preSolution
		Debug|Any CPU = Debug|Any CPU
		Debug|x64 = Debug|x64
		Debug|x86 = Debug|x86
		Release|Any CPU = Release|Any CPU
		Release|x64 = Release|x64
		Release|x86 = Release|x86
	EndGlobalSection
	GlobalSection(ProjectConfigurationPlatforms) = postSolution
		{0F0632CE-269B-4BCA-91CA-692640F9ADEC}.Debug|Any CPU.ActiveCfg = Debug|Any CPU
		{0F0632CE-269B-4BCA-91CA-692640F9ADEC}.Debug|Any CPU.Build.0 = Debug|Any CPU
		{0F0632CE-269B-4BCA-91CA-692640F9ADEC}.Debug|x64.ActiveCfg = Debug|x64
		{0F0632CE-269B-4BCA-91CA-692640F9ADEC}.Debug|x64.Build.0 = Debug|x64
		{0F0632CE-269B-4BCA-91CA-692640F9ADEC}.Debug|x86.ActiveCfg = Debug|x86
		{0F0632CE-269B-4BCA-91CA-692640F9ADEC}.Debug|x86.Build.0 = Debug|x86
		{0F0632CE-269B-4BCA-91CA-692640F9ADEC}.Release|Any CPU.ActiveCfg = Release|Any CPU
		{0F0632CE-269B-4BCA-91CA-692640F9ADEC}.Release|Any CPU.Build.0 = Release|Any CPU
		{0F0632CE-269B-4BCA-91CA-692640F9ADEC}.Release|x64.ActiveCfg = Release|x64
		{0F0632CE-269B-4BCA-91CA-692640F9ADEC}.Release|x64.Build.0 = Release|x64
		{0F0632CE-269B-4BCA-91CA-692640F9ADEC}.Release|x86.ActiveCfg = Release|x86
		{0F0632CE-269B-4BCA-91CA-692640F9ADEC}.Release|x86.Build.0 = Release|x86
	EndGlobalSection
	GlobalSection(SolutionProperties) = preSolution
		HideSolutionNode = FALSE
	EndGlobalSection
EndGlobal
