
Microsoft Visual Studio Solution File, Format Version 9.00
# Visual Studio 2005
Project("{2150E333-8FDC-42A3-9474-1A3956D46DE8}") = "Examples - C", "Examples - C", "{82E741D0-9D37-4343-ADD8-AC58C527A337}"
EndProject
Project("{2150E333-8FDC-42A3-9474-1A3956D46DE8}") = "Examples - C++", "Examples - C++", "{C007C6A2-7B4F-47FC-9E2D-083D86F95361}"
EndProject
Project("{2150E333-8FDC-42A3-9474-1A3956D46DE8}") = "Examples - CSharp", "Examples - CSharp", "{8FCFACB3-396F-4A42-A967-72E4E43E0CEE}"
EndProject
Project("{2150E333-8FDC-42A3-9474-1A3956D46DE8}") = "Examples - VB.Net", "Examples - VB.Net", "{50A1221A-A901-41EF-ADB9-A59BBE4BAAAB}"
EndProject
Project("{8BC9CEB8-8B4A-11D0-8D11-00A0C91BC942}") = "FlyCapture2Test_C", "FlyCapture2Test_C\FlyCapture2Test_C.vcproj", "{A522A710-4B96-4B5B-895A-D47EBCF04A67}"
EndProject
Project("{8BC9CEB8-8B4A-11D0-8D11-00A0C91BC942}") = "GigEGrabEx_C", "GigEGrabEx_C\GigEGrabEx_C.vcproj", "{A59B57AC-651D-4B6F-B112-0AD31668106A}"
EndProject
Project("{8BC9CEB8-8B4A-11D0-8D11-00A0C91BC942}") = "SaveImageToAviEx_C", "SaveImageToAviEx_C\SaveImageToAviEx_C.vcproj", "{5D5FF269-7D43-4616-9AD4-3FE00B6F94F0}"
EndProject
Project("{8BC9CEB8-8B4A-11D0-8D11-00A0C91BC942}") = "AsyncTriggerEx", "AsyncTriggerEx\AsyncTriggerEx.vcproj", "{6821A4E0-62F3-4955-8A20-2F10A7A35571}"
EndProject
Project("{8BC9CEB8-8B4A-11D0-8D11-00A0C91BC942}") = "CustomImageEx", "CustomImageEx\CustomImageEx.vcproj", "{D53CA513-DA98-4F45-894F-6A2A509A6F61}"
EndProject
Project("{FAE04EC0-301F-11D3-BF4B-00C04F79EFBC}") = "AsyncTriggerEx_CSharp", "AsyncTriggerEx_CSharp\AsyncTriggerEx_CSharp.csproj", "{4C7BEE69-7074-4DE4-9025-31307F1080F9}"
EndProject
Project("{F184B08F-C81C-45F6-A57F-5ABD9991F28F}") = "AsyncTriggerEx_VB.Net", "AsyncTriggerEx_VB.Net\AsyncTriggerEx_VB.Net.vbproj", "{5CB9BE99-070A-47F9-ADAD-7C46CF952063}"
EndProject
Project("{FAE04EC0-301F-11D3-BF4B-00C04F79EFBC}") = "BusEventsEx_CSharp", "BusEventsEx_CSharp\BusEventsEx_CSharp.csproj", "{0F0632CE-269B-4BCA-91CA-692640F9ADEC}"
EndProject
Project("{F184B08F-C81C-45F6-A57F-5ABD9991F28F}") = "BusEventsEx_VB.Net", "BusEventsEx_VB.Net\BusEventsEx_VB.Net.vbproj", "{801C0CB2-7AD5-4905-84DA-69BDFB7C8E6D}"
EndProject
Project("{FAE04EC0-301F-11D3-BF4B-00C04F79EFBC}") = "CustomImageEx_CSharp", "CustomImageEx_CSharp\CustomImageEx_CSharp.csproj", "{9E41EEB5-FD3E-48AE-BEA0-4E53FE24F733}"
EndProject
Project("{F184B08F-C81C-45F6-A57F-5ABD9991F28F}") = "CustomImageEx_VB.Net", "CustomImageEx_VB.Net\CustomImageEx_VB.Net.vbproj", "{D6A06D16-B60D-4533-9D13-94BD859F271B}"
EndProject
Project("{8BC9CEB8-8B4A-11D0-8D11-00A0C91BC942}") = "ExtendedShutterEx", "ExtendedShutterEx\ExtendedShutterEx.vcproj", "{589E34A5-DDE7-4AFF-9D53-EAB88F9F389F}"
EndProject
Project("{8BC9CEB8-8B4A-11D0-8D11-00A0C91BC942}") = "FlyCap2", "FlyCap2\FlyCap2.vcproj", "{E683D03A-0B1C-4430-B223-763F4B47F04F}"
	ProjectSection(ProjectDependencies) = postProject
		{79A21F36-8D38-447B-B475-BF6E8BC97F55} = {79A21F36-8D38-447B-B475-BF6E8BC97F55}
		{70E18C43-9E62-4D64-91E2-747A239BF9B4} = {70E18C43-9E62-4D64-91E2-747A239BF9B4}
	EndProjectSection
EndProject
Project("{8BC9CEB8-8B4A-11D0-8D11-00A0C91BC942}") = "FlyCap2_GTKmm", "FlyCap2_Gtkmm\FlyCap2_GTKmm.vcproj", "{A823EADD-2E45-4D0A-A4FA-E6D989709752}"
	ProjectSection(ProjectDependencies) = postProject
		{B20C445B-DA40-4AC1-A524-7BD8CFF46055} = {B20C445B-DA40-4AC1-A524-7BD8CFF46055}
	EndProjectSection
EndProject
Project("{8BC9CEB8-8B4A-11D0-8D11-00A0C91BC942}") = "FlyCapture2GUI", "FlyCapture2GUI\FlyCapture2GUI.vcproj", "{79A21F36-8D38-447B-B475-BF6E8BC97F55}"
EndProject
Project("{8BC9CEB8-8B4A-11D0-8D11-00A0C91BC942}") = "FlyCapture2GUI_GTKmm", "FlyCapture2GUI_GTKmm\FlyCapture2GUI_GTKmm.vcproj", "{B20C445B-DA40-4AC1-A524-7BD8CFF46055}"
EndProject
Project("{8BC9CEB8-8B4A-11D0-8D11-00A0C91BC942}") = "FlyCapture2SimpleGUI_MFC", "FlyCapture2SimpleGUI_MFC\FlyCapture2SimpleGUI_MFC.vcproj", "{79BD5B89-FAFE-4F2E-BC9C-A448174F28EE}"
	ProjectSection(ProjectDependencies) = postProject
		{79A21F36-8D38-447B-B475-BF6E8BC97F55} = {79A21F36-8D38-447B-B475-BF6E8BC97F55}
		{70E18C43-9E62-4D64-91E2-747A239BF9B4} = {70E18C43-9E62-4D64-91E2-747A239BF9B4}
	EndProjectSection
EndProject
Project("{8BC9CEB8-8B4A-11D0-8D11-00A0C91BC942}") = "FlyCapture2Test", "FlyCapture2Test\FlyCapture2Test.vcproj", "{32F8174B-12F1-4641-AC1A-6FB3DB0485D9}"
EndProject
Project("{8BC9CEB8-8B4A-11D0-8D11-00A0C91BC942}") = "GigEGrabEx", "GigEGrabEx\GigEGrabEx.vcproj", "{62AAFF7F-D766-4CD3-8800-18B2E1836EE2}"
EndProject
Project("{8BC9CEB8-8B4A-11D0-8D11-00A0C91BC942}") = "GrabCallbackEx", "GrabCallbackEx\GrabCallbackEx.vcproj", "{91410327-87A6-42DA-AC54-C18873A2BF28}"
EndProject
Project("{8BC9CEB8-8B4A-11D0-8D11-00A0C91BC942}") = "HighDynamicRangeEx", "HighDynamicRangeEx\HighDynamicRangeEx.vcproj", "{6FF29AA9-639B-4DD9-AFCF-BA2411AEF0A6}"
EndProject
Project("{8BC9CEB8-8B4A-11D0-8D11-00A0C91BC942}") = "ImageEventEx", "ImageEventEx\ImageEventEx.vcproj", "{AA6FD96B-EC78-4586-9CA7-1DEA01182AC9}"
EndProject
Project("{8BC9CEB8-8B4A-11D0-8D11-00A0C91BC942}") = "MultipleCameraEx", "MultipleCameraEx\MultipleCameraEx.vcproj", "{A8DAE3FE-69CF-4047-862C-E238E5622260}"
EndProject
Project("{8BC9CEB8-8B4A-11D0-8D11-00A0C91BC942}") = "MultipleCameraWriteToDiskEx", "MultipleCameraWriteToDiskEx\MultipleCameraWriteToDiskEx.vcproj", "{011ABBEE-CCB7-47CE-8DBF-B583544C5A4E}"
EndProject
Project("{8BC9CEB8-8B4A-11D0-8D11-00A0C91BC942}") = "SaveImageToAviEx", "SaveImageToAviEx\SaveImageToAviEx.vcproj", "{5A396AF5-AD77-41CF-8C94-7571A9833F97}"
EndProject
Project("{8BC9CEB8-8B4A-11D0-8D11-00A0C91BC942}") = "SaveImageToFlashEx", "SaveImageToFlashEx\SaveImageToFlashEx.vcproj", "{4AC9715E-3B7C-476F-A5A1-8FEBC9FEAE06}"
EndProject
Project("{FAE04EC0-301F-11D3-BF4B-00C04F79EFBC}") = "FlyCapture2SimpleGUI_CSharp", "FlyCapture2SimpleGUI_CSharp\FlyCapture2SimpleGUI_CSharp.csproj", "{31A4354F-A8D6-4715-A532-898726A9B604}"
	ProjectSection(ProjectDependencies) = postProject
		{70E18C43-9E62-4D64-91E2-747A239BF9B4} = {70E18C43-9E62-4D64-91E2-747A239BF9B4}
	EndProjectSection
EndProject
Project("{FAE04EC0-301F-11D3-BF4B-00C04F79EFBC}") = "FlyCapture2Test_CSharp", "FlyCapture2Test_CSharp\FlyCapture2Test_CSharp.csproj", "{F18A4236-72E2-4BE1-AFAA-4AED8C515F26}"
EndProject
Project("{FAE04EC0-301F-11D3-BF4B-00C04F79EFBC}") = "GrabCallbackEx_CSharp", "GrabCallbackEx_CSharp\GrabCallbackEx_CSharp.csproj", "{F5276292-7E8D-4DE7-A79F-8D9BB97B02D1}"
EndProject
Project("{F184B08F-C81C-45F6-A57F-5ABD9991F28F}") = "FlyCapture2Test_VB.Net", "FlyCapture2Test_VB.Net\FlyCapture2Test_VB.Net.vbproj", "{BBE95CD3-BF51-4D02-9ADD-71599F796D9C}"
EndProject
Project("{F184B08F-C81C-45F6-A57F-5ABD9991F28F}") = "GigEGrabEx_VB.Net", "GigEGrabEx_VB.Net\GigEGrabEx_VB.Net.vbproj", "{C530CA06-9B7B-4AC1-BE80-BC1799D2B8D8}"
EndProject
Project("{F184B08F-C81C-45F6-A57F-5ABD9991F28F}") = "GrabCallbackEx_VB.Net", "GrabCallbackEx_VB.Net\GrabCallbackEx_VB.Net.vbproj", "{D68195FD-27E0-4CFC-AC2F-704587504F1D}"
EndProject
Project("{FAE04EC0-301F-11D3-BF4B-00C04F79EFBC}") = "FlyCap2CameraControl", "FlyCap2CameraControl\FlyCap2CameraControl.csproj", "{70E18C43-9E62-4D64-91E2-747A239BF9B4}"
EndProject
Project("{FAE04EC0-301F-11D3-BF4B-00C04F79EFBC}") = "GigEGrabEx_CSharp", "GigEGrabEx_CSharp\GigEGrabEx_CSharp.csproj", "{2950B261-478B-4EF6-BCCB-7EC67600BA41}"
EndProject
Project("{FAE04EC0-301F-11D3-BF4B-00C04F79EFBC}") = "MultipleCameraEx_CSharp", "MultipleCameraEx_CSharp\MultipleCameraEx_CSharp.csproj", "{F7760856-9C37-4335-8677-FC8769BF671E}"
EndProject
Project("{FAE04EC0-301F-11D3-BF4B-00C04F79EFBC}") = "SaveImageToAviEx_CSharp", "SaveImageToAviEx_CSharp\SaveImageToAviEx_CSharp.csproj", "{6BCA5B25-60BD-4EA2-91CA-6B1A1910E5CB}"
EndProject
Project("{8BC9CEB8-8B4A-11D0-8D11-00A0C91BC942}") = "SerialPortEx", "SerialPortEx\SerialPortEx.vcproj", "{55D6964A-9E2B-4FAF-BF3D-BD1CFEBB9038}"
	ProjectSection(ProjectDependencies) = postProject
		{79A21F36-8D38-447B-B475-BF6E8BC97F55} = {79A21F36-8D38-447B-B475-BF6E8BC97F55}
		{70E18C43-9E62-4D64-91E2-747A239BF9B4} = {70E18C43-9E62-4D64-91E2-747A239BF9B4}
	EndProjectSection
EndProject
Project("{8BC9CEB8-8B4A-11D0-8D11-00A0C91BC942}") = "EventsEx_C", "EventsEx_C\EventsEx_C.vcproj", "{4B675EE1-04E6-4535-A656-8AABF4FAFB50}"
EndProject
Project("{8BC9CEB8-8B4A-11D0-8D11-00A0C91BC942}") = "EventsEx", "EventsEx\EventsEx.vcproj", "{49382E10-7B87-4913-B84F-E92F0337C98C}"
EndProject
Project("{FAE04EC0-301F-11D3-BF4B-00C04F79EFBC}") = "EventsEx_CSharp", "EventsEx_CSharp\EventsEx_CSharp.csproj", "{4FB91DFA-C718-479A-B61D-60221B7670E6}"
EndProject
Project("{8BC9CEB8-8B4A-11D0-8D11-00A0C91BC942}") = "MultiSyncEx_C", "MultiSyncEx_C\MultiSyncEx_C.vcproj", "{EDD302C1-1D78-497A-9343-9D83DC1D5034}"
EndProject
Project("{8BC9CEB8-8B4A-11D0-8D11-00A0C91BC942}") = "MultiSyncEx", "MultiSyncEx\MultiSyncEx.vcproj", "{703F8A33-81D8-464F-93FF-EF313C0D5C97}"
EndProject
Project("{FAE04EC0-301F-11D3-BF4B-00C04F79EFBC}") = "MultiSyncEx_CSharp", "MultiSyncEx_CSharp\MultiSyncEx_CSharp.csproj", "{4A4E7A67-83A9-4005-935D-93719B7B25F9}"
EndProject
Global
	GlobalSection(SolutionConfigurationPlatforms) = preSolution
		Debug|Any CPU = Debug|Any CPU
		Debug|Win32 = Debug|Win32
		Debug|x64 = Debug|x64
		Debug|x86 = Debug|x86
		Release|Any CPU = Release|Any CPU
		Release|Win32 = Release|Win32
		Release|x64 = Release|x64
		Release|x86 = Release|x86
	EndGlobalSection
	GlobalSection(ProjectConfigurationPlatforms) = postSolution
		{A522A710-4B96-4B5B-895A-D47EBCF04A67}.Debug|Any CPU.ActiveCfg = Debug|x64
		{A522A710-4B96-4B5B-895A-D47EBCF04A67}.Debug|Win32.ActiveCfg = Debug|Win32
		{A522A710-4B96-4B5B-895A-D47EBCF04A67}.Debug|Win32.Build.0 = Debug|Win32
		{A522A710-4B96-4B5B-895A-D47EBCF04A67}.Debug|x64.ActiveCfg = Debug|x64
		{A522A710-4B96-4B5B-895A-D47EBCF04A67}.Debug|x64.Build.0 = Debug|x64
		{A522A710-4B96-4B5B-895A-D47EBCF04A67}.Debug|x86.ActiveCfg = Debug|Win32
		{A522A710-4B96-4B5B-895A-D47EBCF04A67}.Debug|x86.Build.0 = Debug|Win32
		{A522A710-4B96-4B5B-895A-D47EBCF04A67}.Release|Any CPU.ActiveCfg = Release|x64
		{A522A710-4B96-4B5B-895A-D47EBCF04A67}.Release|Win32.ActiveCfg = Release|Win32
		{A522A710-4B96-4B5B-895A-D47EBCF04A67}.Release|Win32.Build.0 = Release|Win32
		{A522A710-4B96-4B5B-895A-D47EBCF04A67}.Release|x64.ActiveCfg = Release|x64
		{A522A710-4B96-4B5B-895A-D47EBCF04A67}.Release|x64.Build.0 = Release|x64
		{A522A710-4B96-4B5B-895A-D47EBCF04A67}.Release|x86.ActiveCfg = Release|Win32
		{A522A710-4B96-4B5B-895A-D47EBCF04A67}.Release|x86.Build.0 = Release|Win32
		{A59B57AC-651D-4B6F-B112-0AD31668106A}.Debug|Any CPU.ActiveCfg = Debug|x64
		{A59B57AC-651D-4B6F-B112-0AD31668106A}.Debug|Win32.ActiveCfg = Debug|Win32
		{A59B57AC-651D-4B6F-B112-0AD31668106A}.Debug|Win32.Build.0 = Debug|Win32
		{A59B57AC-651D-4B6F-B112-0AD31668106A}.Debug|x64.ActiveCfg = Debug|x64
		{A59B57AC-651D-4B6F-B112-0AD31668106A}.Debug|x64.Build.0 = Debug|x64
		{A59B57AC-651D-4B6F-B112-0AD31668106A}.Debug|x86.ActiveCfg = Debug|Win32
		{A59B57AC-651D-4B6F-B112-0AD31668106A}.Debug|x86.Build.0 = Debug|Win32
		{A59B57AC-651D-4B6F-B112-0AD31668106A}.Release|Any CPU.ActiveCfg = Release|x64
		{A59B57AC-651D-4B6F-B112-0AD31668106A}.Release|Win32.ActiveCfg = Release|Win32
		{A59B57AC-651D-4B6F-B112-0AD31668106A}.Release|Win32.Build.0 = Release|Win32
		{A59B57AC-651D-4B6F-B112-0AD31668106A}.Release|x64.ActiveCfg = Release|x64
		{A59B57AC-651D-4B6F-B112-0AD31668106A}.Release|x64.Build.0 = Release|x64
		{A59B57AC-651D-4B6F-B112-0AD31668106A}.Release|x86.ActiveCfg = Release|Win32
		{A59B57AC-651D-4B6F-B112-0AD31668106A}.Release|x86.Build.0 = Release|Win32
		{5D5FF269-7D43-4616-9AD4-3FE00B6F94F0}.Debug|Any CPU.ActiveCfg = Debug|x64
		{5D5FF269-7D43-4616-9AD4-3FE00B6F94F0}.Debug|Win32.ActiveCfg = Debug|Win32
		{5D5FF269-7D43-4616-9AD4-3FE00B6F94F0}.Debug|Win32.Build.0 = Debug|Win32
		{5D5FF269-7D43-4616-9AD4-3FE00B6F94F0}.Debug|x64.ActiveCfg = Debug|x64
		{5D5FF269-7D43-4616-9AD4-3FE00B6F94F0}.Debug|x64.Build.0 = Debug|x64
		{5D5FF269-7D43-4616-9AD4-3FE00B6F94F0}.Debug|x86.ActiveCfg = Debug|Win32
		{5D5FF269-7D43-4616-9AD4-3FE00B6F94F0}.Debug|x86.Build.0 = Debug|Win32
		{5D5FF269-7D43-4616-9AD4-3FE00B6F94F0}.Release|Any CPU.ActiveCfg = Release|x64
		{5D5FF269-7D43-4616-9AD4-3FE00B6F94F0}.Release|Win32.ActiveCfg = Release|Win32
		{5D5FF269-7D43-4616-9AD4-3FE00B6F94F0}.Release|Win32.Build.0 = Release|Win32
		{5D5FF269-7D43-4616-9AD4-3FE00B6F94F0}.Release|x64.ActiveCfg = Release|x64
		{5D5FF269-7D43-4616-9AD4-3FE00B6F94F0}.Release|x64.Build.0 = Release|x64
		{5D5FF269-7D43-4616-9AD4-3FE00B6F94F0}.Release|x86.ActiveCfg = Release|Win32
		{5D5FF269-7D43-4616-9AD4-3FE00B6F94F0}.Release|x86.Build.0 = Release|Win32
		{6821A4E0-62F3-4955-8A20-2F10A7A35571}.Debug|Any CPU.ActiveCfg = Debug|x64
		{6821A4E0-62F3-4955-8A20-2F10A7A35571}.Debug|Win32.ActiveCfg = Debug|Win32
		{6821A4E0-62F3-4955-8A20-2F10A7A35571}.Debug|Win32.Build.0 = Debug|Win32
		{6821A4E0-62F3-4955-8A20-2F10A7A35571}.Debug|x64.ActiveCfg = Debug|x64
		{6821A4E0-62F3-4955-8A20-2F10A7A35571}.Debug|x64.Build.0 = Debug|x64
		{6821A4E0-62F3-4955-8A20-2F10A7A35571}.Debug|x86.ActiveCfg = Debug|Win32
		{6821A4E0-62F3-4955-8A20-2F10A7A35571}.Debug|x86.Build.0 = Debug|Win32
		{6821A4E0-62F3-4955-8A20-2F10A7A35571}.Release|Any CPU.ActiveCfg = Release|x64
		{6821A4E0-62F3-4955-8A20-2F10A7A35571}.Release|Win32.ActiveCfg = Release|Win32
		{6821A4E0-62F3-4955-8A20-2F10A7A35571}.Release|Win32.Build.0 = Release|Win32
		{6821A4E0-62F3-4955-8A20-2F10A7A35571}.Release|x64.ActiveCfg = Release|x64
		{6821A4E0-62F3-4955-8A20-2F10A7A35571}.Release|x64.Build.0 = Release|x64
		{6821A4E0-62F3-4955-8A20-2F10A7A35571}.Release|x86.ActiveCfg = Release|Win32
		{6821A4E0-62F3-4955-8A20-2F10A7A35571}.Release|x86.Build.0 = Release|Win32
		{D53CA513-DA98-4F45-894F-6A2A509A6F61}.Debug|Any CPU.ActiveCfg = Debug|x64
		{D53CA513-DA98-4F45-894F-6A2A509A6F61}.Debug|Win32.ActiveCfg = Debug|Win32
		{D53CA513-DA98-4F45-894F-6A2A509A6F61}.Debug|Win32.Build.0 = Debug|Win32
		{D53CA513-DA98-4F45-894F-6A2A509A6F61}.Debug|x64.ActiveCfg = Debug|x64
		{D53CA513-DA98-4F45-894F-6A2A509A6F61}.Debug|x64.Build.0 = Debug|x64
		{D53CA513-DA98-4F45-894F-6A2A509A6F61}.Debug|x86.ActiveCfg = Debug|Win32
		{D53CA513-DA98-4F45-894F-6A2A509A6F61}.Debug|x86.Build.0 = Debug|Win32
		{D53CA513-DA98-4F45-894F-6A2A509A6F61}.Release|Any CPU.ActiveCfg = Release|x64
		{D53CA513-DA98-4F45-894F-6A2A509A6F61}.Release|Win32.ActiveCfg = Release|Win32
		{D53CA513-DA98-4F45-894F-6A2A509A6F61}.Release|Win32.Build.0 = Release|Win32
		{D53CA513-DA98-4F45-894F-6A2A509A6F61}.Release|x64.ActiveCfg = Release|x64
		{D53CA513-DA98-4F45-894F-6A2A509A6F61}.Release|x64.Build.0 = Release|x64
		{D53CA513-DA98-4F45-894F-6A2A509A6F61}.Release|x86.ActiveCfg = Release|Win32
		{D53CA513-DA98-4F45-894F-6A2A509A6F61}.Release|x86.Build.0 = Release|Win32
		{4C7BEE69-7074-4DE4-9025-31307F1080F9}.Debug|Any CPU.ActiveCfg = Debug|Any CPU
		{4C7BEE69-7074-4DE4-9025-31307F1080F9}.Debug|Any CPU.Build.0 = Debug|Any CPU
		{4C7BEE69-7074-4DE4-9025-31307F1080F9}.Debug|Win32.ActiveCfg = Debug|x86
		{4C7BEE69-7074-4DE4-9025-31307F1080F9}.Debug|Win32.Build.0 = Debug|x86
		{4C7BEE69-7074-4DE4-9025-31307F1080F9}.Debug|x64.ActiveCfg = Debug|x64
		{4C7BEE69-7074-4DE4-9025-31307F1080F9}.Debug|x64.Build.0 = Debug|x64
		{4C7BEE69-7074-4DE4-9025-31307F1080F9}.Debug|x86.ActiveCfg = Debug|x86
		{4C7BEE69-7074-4DE4-9025-31307F1080F9}.Debug|x86.Build.0 = Debug|x86
		{4C7BEE69-7074-4DE4-9025-31307F1080F9}.Release|Any CPU.ActiveCfg = Release|Any CPU
		{4C7BEE69-7074-4DE4-9025-31307F1080F9}.Release|Any CPU.Build.0 = Release|Any CPU
		{4C7BEE69-7074-4DE4-9025-31307F1080F9}.Release|Win32.ActiveCfg = Release|x86
		{4C7BEE69-7074-4DE4-9025-31307F1080F9}.Release|Win32.Build.0 = Release|x86
		{4C7BEE69-7074-4DE4-9025-31307F1080F9}.Release|x64.ActiveCfg = Release|x64
		{4C7BEE69-7074-4DE4-9025-31307F1080F9}.Release|x64.Build.0 = Release|x64
		{4C7BEE69-7074-4DE4-9025-31307F1080F9}.Release|x86.ActiveCfg = Release|x86
		{4C7BEE69-7074-4DE4-9025-31307F1080F9}.Release|x86.Build.0 = Release|x86
		{5CB9BE99-070A-47F9-ADAD-7C46CF952063}.Debug|Any CPU.ActiveCfg = Debug|Any CPU
		{5CB9BE99-070A-47F9-ADAD-7C46CF952063}.Debug|Any CPU.Build.0 = Debug|Any CPU
		{5CB9BE99-070A-47F9-ADAD-7C46CF952063}.Debug|Win32.ActiveCfg = Debug|x86
		{5CB9BE99-070A-47F9-ADAD-7C46CF952063}.Debug|Win32.Build.0 = Debug|x86
		{5CB9BE99-070A-47F9-ADAD-7C46CF952063}.Debug|x64.ActiveCfg = Debug|x64
		{5CB9BE99-070A-47F9-ADAD-7C46CF952063}.Debug|x64.Build.0 = Debug|x64
		{5CB9BE99-070A-47F9-ADAD-7C46CF952063}.Debug|x86.ActiveCfg = Debug|x86
		{5CB9BE99-070A-47F9-ADAD-7C46CF952063}.Debug|x86.Build.0 = Debug|x86
		{5CB9BE99-070A-47F9-ADAD-7C46CF952063}.Release|Any CPU.ActiveCfg = Release|Any CPU
		{5CB9BE99-070A-47F9-ADAD-7C46CF952063}.Release|Any CPU.Build.0 = Release|Any CPU
		{5CB9BE99-070A-47F9-ADAD-7C46CF952063}.Release|Win32.ActiveCfg = Release|x86
		{5CB9BE99-070A-47F9-ADAD-7C46CF952063}.Release|Win32.Build.0 = Release|x86
		{5CB9BE99-070A-47F9-ADAD-7C46CF952063}.Release|x64.ActiveCfg = Release|x64
		{5CB9BE99-070A-47F9-ADAD-7C46CF952063}.Release|x64.Build.0 = Release|x64
		{5CB9BE99-070A-47F9-ADAD-7C46CF952063}.Release|x86.ActiveCfg = Release|x86
		{5CB9BE99-070A-47F9-ADAD-7C46CF952063}.Release|x86.Build.0 = Release|x86
		{0F0632CE-269B-4BCA-91CA-692640F9ADEC}.Debug|Any CPU.ActiveCfg = Debug|Any CPU
		{0F0632CE-269B-4BCA-91CA-692640F9ADEC}.Debug|Any CPU.Build.0 = Debug|Any CPU
		{0F0632CE-269B-4BCA-91CA-692640F9ADEC}.Debug|Win32.ActiveCfg = Debug|x86
		{0F0632CE-269B-4BCA-91CA-692640F9ADEC}.Debug|Win32.Build.0 = Debug|x86
		{0F0632CE-269B-4BCA-91CA-692640F9ADEC}.Debug|x64.ActiveCfg = Debug|x64
		{0F0632CE-269B-4BCA-91CA-692640F9ADEC}.Debug|x64.Build.0 = Debug|x64
		{0F0632CE-269B-4BCA-91CA-692640F9ADEC}.Debug|x86.ActiveCfg = Debug|x86
		{0F0632CE-269B-4BCA-91CA-692640F9ADEC}.Debug|x86.Build.0 = Debug|x86
		{0F0632CE-269B-4BCA-91CA-692640F9ADEC}.Release|Any CPU.ActiveCfg = Release|Any CPU
		{0F0632CE-269B-4BCA-91CA-692640F9ADEC}.Release|Any CPU.Build.0 = Release|Any CPU
		{0F0632CE-269B-4BCA-91CA-692640F9ADEC}.Release|Win32.ActiveCfg = Release|x86
		{0F0632CE-269B-4BCA-91CA-692640F9ADEC}.Release|Win32.Build.0 = Release|x86
		{0F0632CE-269B-4BCA-91CA-692640F9ADEC}.Release|x64.ActiveCfg = Release|x64
		{0F0632CE-269B-4BCA-91CA-692640F9ADEC}.Release|x64.Build.0 = Release|x64
		{0F0632CE-269B-4BCA-91CA-692640F9ADEC}.Release|x86.ActiveCfg = Release|x86
		{0F0632CE-269B-4BCA-91CA-692640F9ADEC}.Release|x86.Build.0 = Release|x86
		{801C0CB2-7AD5-4905-84DA-69BDFB7C8E6D}.Debug|Any CPU.ActiveCfg = Debug|Any CPU
		{801C0CB2-7AD5-4905-84DA-69BDFB7C8E6D}.Debug|Any CPU.Build.0 = Debug|Any CPU
		{801C0CB2-7AD5-4905-84DA-69BDFB7C8E6D}.Debug|Win32.ActiveCfg = Debug|x86
		{801C0CB2-7AD5-4905-84DA-69BDFB7C8E6D}.Debug|Win32.Build.0 = Debug|x86
		{801C0CB2-7AD5-4905-84DA-69BDFB7C8E6D}.Debug|x64.ActiveCfg = Debug|x64
		{801C0CB2-7AD5-4905-84DA-69BDFB7C8E6D}.Debug|x64.Build.0 = Debug|x64
		{801C0CB2-7AD5-4905-84DA-69BDFB7C8E6D}.Debug|x86.ActiveCfg = Debug|x86
		{801C0CB2-7AD5-4905-84DA-69BDFB7C8E6D}.Debug|x86.Build.0 = Debug|x86
		{801C0CB2-7AD5-4905-84DA-69BDFB7C8E6D}.Release|Any CPU.ActiveCfg = Release|Any CPU
		{801C0CB2-7AD5-4905-84DA-69BDFB7C8E6D}.Release|Any CPU.Build.0 = Release|Any CPU
		{801C0CB2-7AD5-4905-84DA-69BDFB7C8E6D}.Release|Win32.ActiveCfg = Release|x86
		{801C0CB2-7AD5-4905-84DA-69BDFB7C8E6D}.Release|Win32.Build.0 = Release|x86
		{801C0CB2-7AD5-4905-84DA-69BDFB7C8E6D}.Release|x64.ActiveCfg = Release|x64
		{801C0CB2-7AD5-4905-84DA-69BDFB7C8E6D}.Release|x64.Build.0 = Release|x64
		{801C0CB2-7AD5-4905-84DA-69BDFB7C8E6D}.Release|x86.ActiveCfg = Release|x86
		{801C0CB2-7AD5-4905-84DA-69BDFB7C8E6D}.Release|x86.Build.0 = Release|x86
		{9E41EEB5-FD3E-48AE-BEA0-4E53FE24F733}.Debug|Any CPU.ActiveCfg = Debug|Any CPU
		{9E41EEB5-FD3E-48AE-BEA0-4E53FE24F733}.Debug|Any CPU.Build.0 = Debug|Any CPU
		{9E41EEB5-FD3E-48AE-BEA0-4E53FE24F733}.Debug|Win32.ActiveCfg = Debug|x86
		{9E41EEB5-FD3E-48AE-BEA0-4E53FE24F733}.Debug|Win32.Build.0 = Debug|x86
		{9E41EEB5-FD3E-48AE-BEA0-4E53FE24F733}.Debug|x64.ActiveCfg = Debug|x64
		{9E41EEB5-FD3E-48AE-BEA0-4E53FE24F733}.Debug|x64.Build.0 = Debug|x64
		{9E41EEB5-FD3E-48AE-BEA0-4E53FE24F733}.Debug|x86.ActiveCfg = Debug|x86
		{9E41EEB5-FD3E-48AE-BEA0-4E53FE24F733}.Debug|x86.Build.0 = Debug|x86
		{9E41EEB5-FD3E-48AE-BEA0-4E53FE24F733}.Release|Any CPU.ActiveCfg = Release|Any CPU
		{9E41EEB5-FD3E-48AE-BEA0-4E53FE24F733}.Release|Any CPU.Build.0 = Release|Any CPU
		{9E41EEB5-FD3E-48AE-BEA0-4E53FE24F733}.Release|Win32.ActiveCfg = Release|x86
		{9E41EEB5-FD3E-48AE-BEA0-4E53FE24F733}.Release|Win32.Build.0 = Release|x86
		{9E41EEB5-FD3E-48AE-BEA0-4E53FE24F733}.Release|x64.ActiveCfg = Release|x64
		{9E41EEB5-FD3E-48AE-BEA0-4E53FE24F733}.Release|x64.Build.0 = Release|x64
		{9E41EEB5-FD3E-48AE-BEA0-4E53FE24F733}.Release|x86.ActiveCfg = Release|x86
		{9E41EEB5-FD3E-48AE-BEA0-4E53FE24F733}.Release|x86.Build.0 = Release|x86
		{D6A06D16-B60D-4533-9D13-94BD859F271B}.Debug|Any CPU.ActiveCfg = Debug|Any CPU
		{D6A06D16-B60D-4533-9D13-94BD859F271B}.Debug|Any CPU.Build.0 = Debug|Any CPU
		{D6A06D16-B60D-4533-9D13-94BD859F271B}.Debug|Win32.ActiveCfg = Debug|x86
		{D6A06D16-B60D-4533-9D13-94BD859F271B}.Debug|Win32.Build.0 = Debug|x86
		{D6A06D16-B60D-4533-9D13-94BD859F271B}.Debug|x64.ActiveCfg = Debug|x64
		{D6A06D16-B60D-4533-9D13-94BD859F271B}.Debug|x64.Build.0 = Debug|x64
		{D6A06D16-B60D-4533-9D13-94BD859F271B}.Debug|x86.ActiveCfg = Debug|x86
		{D6A06D16-B60D-4533-9D13-94BD859F271B}.Debug|x86.Build.0 = Debug|x86
		{D6A06D16-B60D-4533-9D13-94BD859F271B}.Release|Any CPU.ActiveCfg = Release|Any CPU
		{D6A06D16-B60D-4533-9D13-94BD859F271B}.Release|Any CPU.Build.0 = Release|Any CPU
		{D6A06D16-B60D-4533-9D13-94BD859F271B}.Release|Win32.ActiveCfg = Release|x86
		{D6A06D16-B60D-4533-9D13-94BD859F271B}.Release|Win32.Build.0 = Release|x86
		{D6A06D16-B60D-4533-9D13-94BD859F271B}.Release|x64.ActiveCfg = Release|x64
		{D6A06D16-B60D-4533-9D13-94BD859F271B}.Release|x64.Build.0 = Release|x64
		{D6A06D16-B60D-4533-9D13-94BD859F271B}.Release|x86.ActiveCfg = Release|x86
		{D6A06D16-B60D-4533-9D13-94BD859F271B}.Release|x86.Build.0 = Release|x86
		{589E34A5-DDE7-4AFF-9D53-EAB88F9F389F}.Debug|Any CPU.ActiveCfg = Debug|x64
		{589E34A5-DDE7-4AFF-9D53-EAB88F9F389F}.Debug|Win32.ActiveCfg = Debug|Win32
		{589E34A5-DDE7-4AFF-9D53-EAB88F9F389F}.Debug|Win32.Build.0 = Debug|Win32
		{589E34A5-DDE7-4AFF-9D53-EAB88F9F389F}.Debug|x64.ActiveCfg = Debug|x64
		{589E34A5-DDE7-4AFF-9D53-EAB88F9F389F}.Debug|x64.Build.0 = Debug|x64
		{589E34A5-DDE7-4AFF-9D53-EAB88F9F389F}.Debug|x86.ActiveCfg = Debug|Win32
		{589E34A5-DDE7-4AFF-9D53-EAB88F9F389F}.Debug|x86.Build.0 = Debug|Win32
		{589E34A5-DDE7-4AFF-9D53-EAB88F9F389F}.Release|Any CPU.ActiveCfg = Release|x64
		{589E34A5-DDE7-4AFF-9D53-EAB88F9F389F}.Release|Win32.ActiveCfg = Release|Win32
		{589E34A5-DDE7-4AFF-9D53-EAB88F9F389F}.Release|Win32.Build.0 = Release|Win32
		{589E34A5-DDE7-4AFF-9D53-EAB88F9F389F}.Release|x64.ActiveCfg = Release|x64
		{589E34A5-DDE7-4AFF-9D53-EAB88F9F389F}.Release|x64.Build.0 = Release|x64
		{589E34A5-DDE7-4AFF-9D53-EAB88F9F389F}.Release|x86.ActiveCfg = Release|Win32
		{589E34A5-DDE7-4AFF-9D53-EAB88F9F389F}.Release|x86.Build.0 = Release|Win32
		{E683D03A-0B1C-4430-B223-763F4B47F04F}.Debug|Any CPU.ActiveCfg = Debug|x64
		{E683D03A-0B1C-4430-B223-763F4B47F04F}.Debug|Win32.ActiveCfg = Debug|Win32
		{E683D03A-0B1C-4430-B223-763F4B47F04F}.Debug|Win32.Build.0 = Debug|Win32
		{E683D03A-0B1C-4430-B223-763F4B47F04F}.Debug|x64.ActiveCfg = Debug|x64
		{E683D03A-0B1C-4430-B223-763F4B47F04F}.Debug|x64.Build.0 = Debug|x64
		{E683D03A-0B1C-4430-B223-763F4B47F04F}.Debug|x86.ActiveCfg = Debug|Win32
		{E683D03A-0B1C-4430-B223-763F4B47F04F}.Debug|x86.Build.0 = Debug|Win32
		{E683D03A-0B1C-4430-B223-763F4B47F04F}.Release|Any CPU.ActiveCfg = Release|x64
		{E683D03A-0B1C-4430-B223-763F4B47F04F}.Release|Win32.ActiveCfg = Release|Win32
		{E683D03A-0B1C-4430-B223-763F4B47F04F}.Release|Win32.Build.0 = Release|Win32
		{E683D03A-0B1C-4430-B223-763F4B47F04F}.Release|x64.ActiveCfg = Release|x64
		{E683D03A-0B1C-4430-B223-763F4B47F04F}.Release|x64.Build.0 = Release|x64
		{E683D03A-0B1C-4430-B223-763F4B47F04F}.Release|x86.ActiveCfg = Release|Win32
		{E683D03A-0B1C-4430-B223-763F4B47F04F}.Release|x86.Build.0 = Release|Win32
		{A823EADD-2E45-4D0A-A4FA-E6D989709752}.Debug|Any CPU.ActiveCfg = Debug|x64
		{A823EADD-2E45-4D0A-A4FA-E6D989709752}.Debug|Win32.ActiveCfg = Debug|Win32
		{A823EADD-2E45-4D0A-A4FA-E6D989709752}.Debug|Win32.Build.0 = Debug|Win32
		{A823EADD-2E45-4D0A-A4FA-E6D989709752}.Debug|x64.ActiveCfg = Debug|x64
		{A823EADD-2E45-4D0A-A4FA-E6D989709752}.Debug|x64.Build.0 = Debug|x64
		{A823EADD-2E45-4D0A-A4FA-E6D989709752}.Debug|x86.ActiveCfg = Debug|Win32
		{A823EADD-2E45-4D0A-A4FA-E6D989709752}.Debug|x86.Build.0 = Debug|Win32
		{A823EADD-2E45-4D0A-A4FA-E6D989709752}.Release|Any CPU.ActiveCfg = Release|x64
		{A823EADD-2E45-4D0A-A4FA-E6D989709752}.Release|Win32.ActiveCfg = Release|Win32
		{A823EADD-2E45-4D0A-A4FA-E6D989709752}.Release|Win32.Build.0 = Release|Win32
		{A823EADD-2E45-4D0A-A4FA-E6D989709752}.Release|x64.ActiveCfg = Release|x64
		{A823EADD-2E45-4D0A-A4FA-E6D989709752}.Release|x64.Build.0 = Release|x64
		{A823EADD-2E45-4D0A-A4FA-E6D989709752}.Release|x86.ActiveCfg = Release|Win32
		{A823EADD-2E45-4D0A-A4FA-E6D989709752}.Release|x86.Build.0 = Release|Win32
		{79A21F36-8D38-447B-B475-BF6E8BC97F55}.Debug|Any CPU.ActiveCfg = Debug|x64
		{79A21F36-8D38-447B-B475-BF6E8BC97F55}.Debug|Win32.ActiveCfg = Debug|Win32
		{79A21F36-8D38-447B-B475-BF6E8BC97F55}.Debug|Win32.Build.0 = Debug|Win32
		{79A21F36-8D38-447B-B475-BF6E8BC97F55}.Debug|x64.ActiveCfg = Debug|x64
		{79A21F36-8D38-447B-B475-BF6E8BC97F55}.Debug|x64.Build.0 = Debug|x64
		{79A21F36-8D38-447B-B475-BF6E8BC97F55}.Debug|x86.ActiveCfg = Debug|Win32
		{79A21F36-8D38-447B-B475-BF6E8BC97F55}.Debug|x86.Build.0 = Debug|Win32
		{79A21F36-8D38-447B-B475-BF6E8BC97F55}.Release|Any CPU.ActiveCfg = Release|x64
		{79A21F36-8D38-447B-B475-BF6E8BC97F55}.Release|Win32.ActiveCfg = Release|Win32
		{79A21F36-8D38-447B-B475-BF6E8BC97F55}.Release|Win32.Build.0 = Release|Win32
		{79A21F36-8D38-447B-B475-BF6E8BC97F55}.Release|x64.ActiveCfg = Release|x64
		{79A21F36-8D38-447B-B475-BF6E8BC97F55}.Release|x64.Build.0 = Release|x64
		{79A21F36-8D38-447B-B475-BF6E8BC97F55}.Release|x86.ActiveCfg = Release|Win32
		{79A21F36-8D38-447B-B475-BF6E8BC97F55}.Release|x86.Build.0 = Release|Win32
		{B20C445B-DA40-4AC1-A524-7BD8CFF46055}.Debug|Any CPU.ActiveCfg = Debug|x64
		{B20C445B-DA40-4AC1-A524-7BD8CFF46055}.Debug|Win32.ActiveCfg = Debug|Win32
		{B20C445B-DA40-4AC1-A524-7BD8CFF46055}.Debug|Win32.Build.0 = Debug|Win32
		{B20C445B-DA40-4AC1-A524-7BD8CFF46055}.Debug|x64.ActiveCfg = Debug|x64
		{B20C445B-DA40-4AC1-A524-7BD8CFF46055}.Debug|x64.Build.0 = Debug|x64
		{B20C445B-DA40-4AC1-A524-7BD8CFF46055}.Debug|x86.ActiveCfg = Debug|Win32
		{B20C445B-DA40-4AC1-A524-7BD8CFF46055}.Debug|x86.Build.0 = Debug|Win32
		{B20C445B-DA40-4AC1-A524-7BD8CFF46055}.Release|Any CPU.ActiveCfg = Release|x64
		{B20C445B-DA40-4AC1-A524-7BD8CFF46055}.Release|Win32.ActiveCfg = Release|Win32
		{B20C445B-DA40-4AC1-A524-7BD8CFF46055}.Release|Win32.Build.0 = Release|Win32
		{B20C445B-DA40-4AC1-A524-7BD8CFF46055}.Release|x64.ActiveCfg = Release|x64
		{B20C445B-DA40-4AC1-A524-7BD8CFF46055}.Release|x64.Build.0 = Release|x64
		{B20C445B-DA40-4AC1-A524-7BD8CFF46055}.Release|x86.ActiveCfg = Release|Win32
		{B20C445B-DA40-4AC1-A524-7BD8CFF46055}.Release|x86.Build.0 = Release|Win32
		{79BD5B89-FAFE-4F2E-BC9C-A448174F28EE}.Debug|Any CPU.ActiveCfg = Debug|x64
		{79BD5B89-FAFE-4F2E-BC9C-A448174F28EE}.Debug|Win32.ActiveCfg = Debug|Win32
		{79BD5B89-FAFE-4F2E-BC9C-A448174F28EE}.Debug|Win32.Build.0 = Debug|Win32
		{79BD5B89-FAFE-4F2E-BC9C-A448174F28EE}.Debug|x64.ActiveCfg = Debug|x64
		{79BD5B89-FAFE-4F2E-BC9C-A448174F28EE}.Debug|x64.Build.0 = Debug|x64
		{79BD5B89-FAFE-4F2E-BC9C-A448174F28EE}.Debug|x86.ActiveCfg = Debug|Win32
		{79BD5B89-FAFE-4F2E-BC9C-A448174F28EE}.Debug|x86.Build.0 = Debug|Win32
		{79BD5B89-FAFE-4F2E-BC9C-A448174F28EE}.Release|Any CPU.ActiveCfg = Release|x64
		{79BD5B89-FAFE-4F2E-BC9C-A448174F28EE}.Release|Win32.ActiveCfg = Release|Win32
		{79BD5B89-FAFE-4F2E-BC9C-A448174F28EE}.Release|Win32.Build.0 = Release|Win32
		{79BD5B89-FAFE-4F2E-BC9C-A448174F28EE}.Release|x64.ActiveCfg = Release|x64
		{79BD5B89-FAFE-4F2E-BC9C-A448174F28EE}.Release|x64.Build.0 = Release|x64
		{79BD5B89-FAFE-4F2E-BC9C-A448174F28EE}.Release|x86.ActiveCfg = Release|Win32
		{79BD5B89-FAFE-4F2E-BC9C-A448174F28EE}.Release|x86.Build.0 = Release|Win32
		{32F8174B-12F1-4641-AC1A-6FB3DB0485D9}.Debug|Any CPU.ActiveCfg = Debug|x64
		{32F8174B-12F1-4641-AC1A-6FB3DB0485D9}.Debug|Win32.ActiveCfg = Debug|Win32
		{32F8174B-12F1-4641-AC1A-6FB3DB0485D9}.Debug|Win32.Build.0 = Debug|Win32
		{32F8174B-12F1-4641-AC1A-6FB3DB0485D9}.Debug|x64.ActiveCfg = Debug|x64
		{32F8174B-12F1-4641-AC1A-6FB3DB0485D9}.Debug|x64.Build.0 = Debug|x64
		{32F8174B-12F1-4641-AC1A-6FB3DB0485D9}.Debug|x86.ActiveCfg = Debug|Win32
		{32F8174B-12F1-4641-AC1A-6FB3DB0485D9}.Debug|x86.Build.0 = Debug|Win32
		{32F8174B-12F1-4641-AC1A-6FB3DB0485D9}.Release|Any CPU.ActiveCfg = Release|x64
		{32F8174B-12F1-4641-AC1A-6FB3DB0485D9}.Release|Win32.ActiveCfg = Release|Win32
		{32F8174B-12F1-4641-AC1A-6FB3DB0485D9}.Release|Win32.Build.0 = Release|Win32
		{32F8174B-12F1-4641-AC1A-6FB3DB0485D9}.Release|x64.ActiveCfg = Release|x64
		{32F8174B-12F1-4641-AC1A-6FB3DB0485D9}.Release|x64.Build.0 = Release|x64
		{32F8174B-12F1-4641-AC1A-6FB3DB0485D9}.Release|x86.ActiveCfg = Release|Win32
		{32F8174B-12F1-4641-AC1A-6FB3DB0485D9}.Release|x86.Build.0 = Release|Win32
		{62AAFF7F-D766-4CD3-8800-18B2E1836EE2}.Debug|Any CPU.ActiveCfg = Debug|x64
		{62AAFF7F-D766-4CD3-8800-18B2E1836EE2}.Debug|Win32.ActiveCfg = Debug|Win32
		{62AAFF7F-D766-4CD3-8800-18B2E1836EE2}.Debug|Win32.Build.0 = Debug|Win32
		{62AAFF7F-D766-4CD3-8800-18B2E1836EE2}.Debug|x64.ActiveCfg = Debug|x64
		{62AAFF7F-D766-4CD3-8800-18B2E1836EE2}.Debug|x64.Build.0 = Debug|x64
		{62AAFF7F-D766-4CD3-8800-18B2E1836EE2}.Debug|x86.ActiveCfg = Debug|Win32
		{62AAFF7F-D766-4CD3-8800-18B2E1836EE2}.Debug|x86.Build.0 = Debug|Win32
		{62AAFF7F-D766-4CD3-8800-18B2E1836EE2}.Release|Any CPU.ActiveCfg = Release|x64
		{62AAFF7F-D766-4CD3-8800-18B2E1836EE2}.Release|Win32.ActiveCfg = Release|Win32
		{62AAFF7F-D766-4CD3-8800-18B2E1836EE2}.Release|Win32.Build.0 = Release|Win32
		{62AAFF7F-D766-4CD3-8800-18B2E1836EE2}.Release|x64.ActiveCfg = Release|x64
		{62AAFF7F-D766-4CD3-8800-18B2E1836EE2}.Release|x64.Build.0 = Release|x64
		{62AAFF7F-D766-4CD3-8800-18B2E1836EE2}.Release|x86.ActiveCfg = Release|Win32
		{62AAFF7F-D766-4CD3-8800-18B2E1836EE2}.Release|x86.Build.0 = Release|Win32
		{91410327-87A6-42DA-AC54-C18873A2BF28}.Debug|Any CPU.ActiveCfg = Debug|x64
		{91410327-87A6-42DA-AC54-C18873A2BF28}.Debug|Win32.ActiveCfg = Debug|Win32
		{91410327-87A6-42DA-AC54-C18873A2BF28}.Debug|Win32.Build.0 = Debug|Win32
		{91410327-87A6-42DA-AC54-C18873A2BF28}.Debug|x64.ActiveCfg = Debug|x64
		{91410327-87A6-42DA-AC54-C18873A2BF28}.Debug|x64.Build.0 = Debug|x64
		{91410327-87A6-42DA-AC54-C18873A2BF28}.Debug|x86.ActiveCfg = Debug|Win32
		{91410327-87A6-42DA-AC54-C18873A2BF28}.Debug|x86.Build.0 = Debug|Win32
		{91410327-87A6-42DA-AC54-C18873A2BF28}.Release|Any CPU.ActiveCfg = Release|x64
		{91410327-87A6-42DA-AC54-C18873A2BF28}.Release|Win32.ActiveCfg = Release|Win32
		{91410327-87A6-42DA-AC54-C18873A2BF28}.Release|Win32.Build.0 = Release|Win32
		{91410327-87A6-42DA-AC54-C18873A2BF28}.Release|x64.ActiveCfg = Release|x64
		{91410327-87A6-42DA-AC54-C18873A2BF28}.Release|x64.Build.0 = Release|x64
		{91410327-87A6-42DA-AC54-C18873A2BF28}.Release|x86.ActiveCfg = Release|Win32
		{91410327-87A6-42DA-AC54-C18873A2BF28}.Release|x86.Build.0 = Release|Win32
		{6FF29AA9-639B-4DD9-AFCF-BA2411AEF0A6}.Debug|Any CPU.ActiveCfg = Debug|x64
		{6FF29AA9-639B-4DD9-AFCF-BA2411AEF0A6}.Debug|Win32.ActiveCfg = Debug|Win32
		{6FF29AA9-639B-4DD9-AFCF-BA2411AEF0A6}.Debug|Win32.Build.0 = Debug|Win32
		{6FF29AA9-639B-4DD9-AFCF-BA2411AEF0A6}.Debug|x64.ActiveCfg = Debug|x64
		{6FF29AA9-639B-4DD9-AFCF-BA2411AEF0A6}.Debug|x64.Build.0 = Debug|x64
		{6FF29AA9-639B-4DD9-AFCF-BA2411AEF0A6}.Debug|x86.ActiveCfg = Debug|Win32
		{6FF29AA9-639B-4DD9-AFCF-BA2411AEF0A6}.Debug|x86.Build.0 = Debug|Win32
		{6FF29AA9-639B-4DD9-AFCF-BA2411AEF0A6}.Release|Any CPU.ActiveCfg = Release|x64
		{6FF29AA9-639B-4DD9-AFCF-BA2411AEF0A6}.Release|Win32.ActiveCfg = Release|Win32
		{6FF29AA9-639B-4DD9-AFCF-BA2411AEF0A6}.Release|Win32.Build.0 = Release|Win32
		{6FF29AA9-639B-4DD9-AFCF-BA2411AEF0A6}.Release|x64.ActiveCfg = Release|x64
		{6FF29AA9-639B-4DD9-AFCF-BA2411AEF0A6}.Release|x64.Build.0 = Release|x64
		{6FF29AA9-639B-4DD9-AFCF-BA2411AEF0A6}.Release|x86.ActiveCfg = Release|Win32
		{6FF29AA9-639B-4DD9-AFCF-BA2411AEF0A6}.Release|x86.Build.0 = Release|Win32
		{AA6FD96B-EC78-4586-9CA7-1DEA01182AC9}.Debug|Any CPU.ActiveCfg = Debug|x64
		{AA6FD96B-EC78-4586-9CA7-1DEA01182AC9}.Debug|Win32.ActiveCfg = Debug|Win32
		{AA6FD96B-EC78-4586-9CA7-1DEA01182AC9}.Debug|Win32.Build.0 = Debug|Win32
		{AA6FD96B-EC78-4586-9CA7-1DEA01182AC9}.Debug|x64.ActiveCfg = Debug|x64
		{AA6FD96B-EC78-4586-9CA7-1DEA01182AC9}.Debug|x64.Build.0 = Debug|x64
		{AA6FD96B-EC78-4586-9CA7-1DEA01182AC9}.Debug|x86.ActiveCfg = Debug|Win32
		{AA6FD96B-EC78-4586-9CA7-1DEA01182AC9}.Debug|x86.Build.0 = Debug|Win32
		{AA6FD96B-EC78-4586-9CA7-1DEA01182AC9}.Release|Any CPU.ActiveCfg = Release|x64
		{AA6FD96B-EC78-4586-9CA7-1DEA01182AC9}.Release|Win32.ActiveCfg = Release|Win32
		{AA6FD96B-EC78-4586-9CA7-1DEA01182AC9}.Release|Win32.Build.0 = Release|Win32
		{AA6FD96B-EC78-4586-9CA7-1DEA01182AC9}.Release|x64.ActiveCfg = Release|x64
		{AA6FD96B-EC78-4586-9CA7-1DEA01182AC9}.Release|x64.Build.0 = Release|x64
		{AA6FD96B-EC78-4586-9CA7-1DEA01182AC9}.Release|x86.ActiveCfg = Release|Win32
		{AA6FD96B-EC78-4586-9CA7-1DEA01182AC9}.Release|x86.Build.0 = Release|Win32
		{A8DAE3FE-69CF-4047-862C-E238E5622260}.Debug|Any CPU.ActiveCfg = Debug|x64
		{A8DAE3FE-69CF-4047-862C-E238E5622260}.Debug|Win32.ActiveCfg = Debug|Win32
		{A8DAE3FE-69CF-4047-862C-E238E5622260}.Debug|Win32.Build.0 = Debug|Win32
		{A8DAE3FE-69CF-4047-862C-E238E5622260}.Debug|x64.ActiveCfg = Debug|x64
		{A8DAE3FE-69CF-4047-862C-E238E5622260}.Debug|x64.Build.0 = Debug|x64
		{A8DAE3FE-69CF-4047-862C-E238E5622260}.Debug|x86.ActiveCfg = Debug|Win32
		{A8DAE3FE-69CF-4047-862C-E238E5622260}.Debug|x86.Build.0 = Debug|Win32
		{A8DAE3FE-69CF-4047-862C-E238E5622260}.Release|Any CPU.ActiveCfg = Release|x64
		{A8DAE3FE-69CF-4047-862C-E238E5622260}.Release|Win32.ActiveCfg = Release|Win32
		{A8DAE3FE-69CF-4047-862C-E238E5622260}.Release|Win32.Build.0 = Release|Win32
		{A8DAE3FE-69CF-4047-862C-E238E5622260}.Release|x64.ActiveCfg = Release|x64
		{A8DAE3FE-69CF-4047-862C-E238E5622260}.Release|x64.Build.0 = Release|x64
		{A8DAE3FE-69CF-4047-862C-E238E5622260}.Release|x86.ActiveCfg = Release|Win32
		{A8DAE3FE-69CF-4047-862C-E238E5622260}.Release|x86.Build.0 = Release|Win32
		{011ABBEE-CCB7-47CE-8DBF-B583544C5A4E}.Debug|Any CPU.ActiveCfg = Debug|x64
		{011ABBEE-CCB7-47CE-8DBF-B583544C5A4E}.Debug|Win32.ActiveCfg = Debug|Win32
		{011ABBEE-CCB7-47CE-8DBF-B583544C5A4E}.Debug|Win32.Build.0 = Debug|Win32
		{011ABBEE-CCB7-47CE-8DBF-B583544C5A4E}.Debug|x64.ActiveCfg = Debug|x64
		{011ABBEE-CCB7-47CE-8DBF-B583544C5A4E}.Debug|x64.Build.0 = Debug|x64
		{011ABBEE-CCB7-47CE-8DBF-B583544C5A4E}.Debug|x86.ActiveCfg = Debug|Win32
		{011ABBEE-CCB7-47CE-8DBF-B583544C5A4E}.Debug|x86.Build.0 = Debug|Win32
		{011ABBEE-CCB7-47CE-8DBF-B583544C5A4E}.Release|Any CPU.ActiveCfg = Release|x64
		{011ABBEE-CCB7-47CE-8DBF-B583544C5A4E}.Release|Win32.ActiveCfg = Release|Win32
		{011ABBEE-CCB7-47CE-8DBF-B583544C5A4E}.Release|Win32.Build.0 = Release|Win32
		{011ABBEE-CCB7-47CE-8DBF-B583544C5A4E}.Release|x64.ActiveCfg = Release|x64
		{011ABBEE-CCB7-47CE-8DBF-B583544C5A4E}.Release|x64.Build.0 = Release|x64
		{011ABBEE-CCB7-47CE-8DBF-B583544C5A4E}.Release|x86.ActiveCfg = Release|Win32
		{011ABBEE-CCB7-47CE-8DBF-B583544C5A4E}.Release|x86.Build.0 = Release|Win32
		{5A396AF5-AD77-41CF-8C94-7571A9833F97}.Debug|Any CPU.ActiveCfg = Debug|x64
		{5A396AF5-AD77-41CF-8C94-7571A9833F97}.Debug|Win32.ActiveCfg = Debug|Win32
		{5A396AF5-AD77-41CF-8C94-7571A9833F97}.Debug|Win32.Build.0 = Debug|Win32
		{5A396AF5-AD77-41CF-8C94-7571A9833F97}.Debug|x64.ActiveCfg = Debug|x64
		{5A396AF5-AD77-41CF-8C94-7571A9833F97}.Debug|x64.Build.0 = Debug|x64
		{5A396AF5-AD77-41CF-8C94-7571A9833F97}.Debug|x86.ActiveCfg = Debug|Win32
		{5A396AF5-AD77-41CF-8C94-7571A9833F97}.Debug|x86.Build.0 = Debug|Win32
		{5A396AF5-AD77-41CF-8C94-7571A9833F97}.Release|Any CPU.ActiveCfg = Release|x64
		{5A396AF5-AD77-41CF-8C94-7571A9833F97}.Release|Win32.ActiveCfg = Release|Win32
		{5A396AF5-AD77-41CF-8C94-7571A9833F97}.Release|Win32.Build.0 = Release|Win32
		{5A396AF5-AD77-41CF-8C94-7571A9833F97}.Release|x64.ActiveCfg = Release|x64
		{5A396AF5-AD77-41CF-8C94-7571A9833F97}.Release|x64.Build.0 = Release|x64
		{5A396AF5-AD77-41CF-8C94-7571A9833F97}.Release|x86.ActiveCfg = Release|Win32
		{5A396AF5-AD77-41CF-8C94-7571A9833F97}.Release|x86.Build.0 = Release|Win32
		{4AC9715E-3B7C-476F-A5A1-8FEBC9FEAE06}.Debug|Any CPU.ActiveCfg = Debug|x64
		{4AC9715E-3B7C-476F-A5A1-8FEBC9FEAE06}.Debug|Win32.ActiveCfg = Debug|Win32
		{4AC9715E-3B7C-476F-A5A1-8FEBC9FEAE06}.Debug|Win32.Build.0 = Debug|Win32
		{4AC9715E-3B7C-476F-A5A1-8FEBC9FEAE06}.Debug|x64.ActiveCfg = Debug|x64
		{4AC9715E-3B7C-476F-A5A1-8FEBC9FEAE06}.Debug|x64.Build.0 = Debug|x64
		{4AC9715E-3B7C-476F-A5A1-8FEBC9FEAE06}.Debug|x86.ActiveCfg = Debug|Win32
		{4AC9715E-3B7C-476F-A5A1-8FEBC9FEAE06}.Debug|x86.Build.0 = Debug|Win32
		{4AC9715E-3B7C-476F-A5A1-8FEBC9FEAE06}.Release|Any CPU.ActiveCfg = Release|x64
		{4AC9715E-3B7C-476F-A5A1-8FEBC9FEAE06}.Release|Win32.ActiveCfg = Release|Win32
		{4AC9715E-3B7C-476F-A5A1-8FEBC9FEAE06}.Release|Win32.Build.0 = Release|Win32
		{4AC9715E-3B7C-476F-A5A1-8FEBC9FEAE06}.Release|x64.ActiveCfg = Release|x64
		{4AC9715E-3B7C-476F-A5A1-8FEBC9FEAE06}.Release|x64.Build.0 = Release|x64
		{4AC9715E-3B7C-476F-A5A1-8FEBC9FEAE06}.Release|x86.ActiveCfg = Release|Win32
		{4AC9715E-3B7C-476F-A5A1-8FEBC9FEAE06}.Release|x86.Build.0 = Release|Win32
		{31A4354F-A8D6-4715-A532-898726A9B604}.Debug|Any CPU.ActiveCfg = Debug|Any CPU
		{31A4354F-A8D6-4715-A532-898726A9B604}.Debug|Any CPU.Build.0 = Debug|Any CPU
		{31A4354F-A8D6-4715-A532-898726A9B604}.Debug|Win32.ActiveCfg = Debug|x86
		{31A4354F-A8D6-4715-A532-898726A9B604}.Debug|Win32.Build.0 = Debug|x86
		{31A4354F-A8D6-4715-A532-898726A9B604}.Debug|x64.ActiveCfg = Debug|x64
		{31A4354F-A8D6-4715-A532-898726A9B604}.Debug|x64.Build.0 = Debug|x64
		{31A4354F-A8D6-4715-A532-898726A9B604}.Debug|x86.ActiveCfg = Debug|x86
		{31A4354F-A8D6-4715-A532-898726A9B604}.Debug|x86.Build.0 = Debug|x86
		{31A4354F-A8D6-4715-A532-898726A9B604}.Release|Any CPU.ActiveCfg = Release|Any CPU
		{31A4354F-A8D6-4715-A532-898726A9B604}.Release|Any CPU.Build.0 = Release|Any CPU
		{31A4354F-A8D6-4715-A532-898726A9B604}.Release|Win32.ActiveCfg = Release|x86
		{31A4354F-A8D6-4715-A532-898726A9B604}.Release|Win32.Build.0 = Release|x86
		{31A4354F-A8D6-4715-A532-898726A9B604}.Release|x64.ActiveCfg = Release|x64
		{31A4354F-A8D6-4715-A532-898726A9B604}.Release|x64.Build.0 = Release|x64
		{31A4354F-A8D6-4715-A532-898726A9B604}.Release|x86.ActiveCfg = Release|x86
		{31A4354F-A8D6-4715-A532-898726A9B604}.Release|x86.Build.0 = Release|x86
		{F18A4236-72E2-4BE1-AFAA-4AED8C515F26}.Debug|Any CPU.ActiveCfg = Debug|Any CPU
		{F18A4236-72E2-4BE1-AFAA-4AED8C515F26}.Debug|Any CPU.Build.0 = Debug|Any CPU
		{F18A4236-72E2-4BE1-AFAA-4AED8C515F26}.Debug|Win32.ActiveCfg = Debug|x86
		{F18A4236-72E2-4BE1-AFAA-4AED8C515F26}.Debug|Win32.Build.0 = Debug|x86
		{F18A4236-72E2-4BE1-AFAA-4AED8C515F26}.Debug|x64.ActiveCfg = Debug|x64
		{F18A4236-72E2-4BE1-AFAA-4AED8C515F26}.Debug|x64.Build.0 = Debug|x64
		{F18A4236-72E2-4BE1-AFAA-4AED8C515F26}.Debug|x86.ActiveCfg = Debug|x86
		{F18A4236-72E2-4BE1-AFAA-4AED8C515F26}.Debug|x86.Build.0 = Debug|x86
		{F18A4236-72E2-4BE1-AFAA-4AED8C515F26}.Release|Any CPU.ActiveCfg = Release|Any CPU
		{F18A4236-72E2-4BE1-AFAA-4AED8C515F26}.Release|Any CPU.Build.0 = Release|Any CPU
		{F18A4236-72E2-4BE1-AFAA-4AED8C515F26}.Release|Win32.ActiveCfg = Release|x86
		{F18A4236-72E2-4BE1-AFAA-4AED8C515F26}.Release|Win32.Build.0 = Release|x86
		{F18A4236-72E2-4BE1-AFAA-4AED8C515F26}.Release|x64.ActiveCfg = Release|x64
		{F18A4236-72E2-4BE1-AFAA-4AED8C515F26}.Release|x64.Build.0 = Release|x64
		{F18A4236-72E2-4BE1-AFAA-4AED8C515F26}.Release|x86.ActiveCfg = Release|x86
		{F18A4236-72E2-4BE1-AFAA-4AED8C515F26}.Release|x86.Build.0 = Release|x86
		{F5276292-7E8D-4DE7-A79F-8D9BB97B02D1}.Debug|Any CPU.ActiveCfg = Debug|Any CPU
		{F5276292-7E8D-4DE7-A79F-8D9BB97B02D1}.Debug|Any CPU.Build.0 = Debug|Any CPU
		{F5276292-7E8D-4DE7-A79F-8D9BB97B02D1}.Debug|Win32.ActiveCfg = Debug|x86
		{F5276292-7E8D-4DE7-A79F-8D9BB97B02D1}.Debug|Win32.Build.0 = Debug|x86
		{F5276292-7E8D-4DE7-A79F-8D9BB97B02D1}.Debug|x64.ActiveCfg = Debug|x64
		{F5276292-7E8D-4DE7-A79F-8D9BB97B02D1}.Debug|x64.Build.0 = Debug|x64
		{F5276292-7E8D-4DE7-A79F-8D9BB97B02D1}.Debug|x86.ActiveCfg = Debug|x86
		{F5276292-7E8D-4DE7-A79F-8D9BB97B02D1}.Debug|x86.Build.0 = Debug|x86
		{F5276292-7E8D-4DE7-A79F-8D9BB97B02D1}.Release|Any CPU.ActiveCfg = Release|Any CPU
		{F5276292-7E8D-4DE7-A79F-8D9BB97B02D1}.Release|Any CPU.Build.0 = Release|Any CPU
		{F5276292-7E8D-4DE7-A79F-8D9BB97B02D1}.Release|Win32.ActiveCfg = Release|x86
		{F5276292-7E8D-4DE7-A79F-8D9BB97B02D1}.Release|Win32.Build.0 = Release|x86
		{F5276292-7E8D-4DE7-A79F-8D9BB97B02D1}.Release|x64.ActiveCfg = Release|x64
		{F5276292-7E8D-4DE7-A79F-8D9BB97B02D1}.Release|x64.Build.0 = Release|x64
		{F5276292-7E8D-4DE7-A79F-8D9BB97B02D1}.Release|x86.ActiveCfg = Release|x86
		{F5276292-7E8D-4DE7-A79F-8D9BB97B02D1}.Release|x86.Build.0 = Release|x86
		{BBE95CD3-BF51-4D02-9ADD-71599F796D9C}.Debug|Any CPU.ActiveCfg = Debug|Any CPU
		{BBE95CD3-BF51-4D02-9ADD-71599F796D9C}.Debug|Any CPU.Build.0 = Debug|Any CPU
		{BBE95CD3-BF51-4D02-9ADD-71599F796D9C}.Debug|Win32.ActiveCfg = Debug|x86
		{BBE95CD3-BF51-4D02-9ADD-71599F796D9C}.Debug|Win32.Build.0 = Debug|x86
		{BBE95CD3-BF51-4D02-9ADD-71599F796D9C}.Debug|x64.ActiveCfg = Debug|x64
		{BBE95CD3-BF51-4D02-9ADD-71599F796D9C}.Debug|x64.Build.0 = Debug|x64
		{BBE95CD3-BF51-4D02-9ADD-71599F796D9C}.Debug|x86.ActiveCfg = Debug|x86
		{BBE95CD3-BF51-4D02-9ADD-71599F796D9C}.Debug|x86.Build.0 = Debug|x86
		{BBE95CD3-BF51-4D02-9ADD-71599F796D9C}.Release|Any CPU.ActiveCfg = Release|Any CPU
		{BBE95CD3-BF51-4D02-9ADD-71599F796D9C}.Release|Any CPU.Build.0 = Release|Any CPU
		{BBE95CD3-BF51-4D02-9ADD-71599F796D9C}.Release|Win32.ActiveCfg = Release|x86
		{BBE95CD3-BF51-4D02-9ADD-71599F796D9C}.Release|Win32.Build.0 = Release|x86
		{BBE95CD3-BF51-4D02-9ADD-71599F796D9C}.Release|x64.ActiveCfg = Release|x64
		{BBE95CD3-BF51-4D02-9ADD-71599F796D9C}.Release|x64.Build.0 = Release|x64
		{BBE95CD3-BF51-4D02-9ADD-71599F796D9C}.Release|x86.ActiveCfg = Release|x86
		{BBE95CD3-BF51-4D02-9ADD-71599F796D9C}.Release|x86.Build.0 = Release|x86
		{C530CA06-9B7B-4AC1-BE80-BC1799D2B8D8}.Debug|Any CPU.ActiveCfg = Debug|Any CPU
		{C530CA06-9B7B-4AC1-BE80-BC1799D2B8D8}.Debug|Any CPU.Build.0 = Debug|Any CPU
		{C530CA06-9B7B-4AC1-BE80-BC1799D2B8D8}.Debug|Win32.ActiveCfg = Debug|x86
		{C530CA06-9B7B-4AC1-BE80-BC1799D2B8D8}.Debug|Win32.Build.0 = Debug|x86
		{C530CA06-9B7B-4AC1-BE80-BC1799D2B8D8}.Debug|x64.ActiveCfg = Debug|x64
		{C530CA06-9B7B-4AC1-BE80-BC1799D2B8D8}.Debug|x64.Build.0 = Debug|x64
		{C530CA06-9B7B-4AC1-BE80-BC1799D2B8D8}.Debug|x86.ActiveCfg = Debug|x86
		{C530CA06-9B7B-4AC1-BE80-BC1799D2B8D8}.Debug|x86.Build.0 = Debug|x86
		{C530CA06-9B7B-4AC1-BE80-BC1799D2B8D8}.Release|Any CPU.ActiveCfg = Release|Any CPU
		{C530CA06-9B7B-4AC1-BE80-BC1799D2B8D8}.Release|Any CPU.Build.0 = Release|Any CPU
		{C530CA06-9B7B-4AC1-BE80-BC1799D2B8D8}.Release|Win32.ActiveCfg = Release|x86
		{C530CA06-9B7B-4AC1-BE80-BC1799D2B8D8}.Release|Win32.Build.0 = Release|x86
		{C530CA06-9B7B-4AC1-BE80-BC1799D2B8D8}.Release|x64.ActiveCfg = Release|x64
		{C530CA06-9B7B-4AC1-BE80-BC1799D2B8D8}.Release|x64.Build.0 = Release|x64
		{C530CA06-9B7B-4AC1-BE80-BC1799D2B8D8}.Release|x86.ActiveCfg = Release|x86
		{C530CA06-9B7B-4AC1-BE80-BC1799D2B8D8}.Release|x86.Build.0 = Release|x86
		{D68195FD-27E0-4CFC-AC2F-704587504F1D}.Debug|Any CPU.ActiveCfg = Debug|Any CPU
		{D68195FD-27E0-4CFC-AC2F-704587504F1D}.Debug|Any CPU.Build.0 = Debug|Any CPU
		{D68195FD-27E0-4CFC-AC2F-704587504F1D}.Debug|Win32.ActiveCfg = Debug|x86
		{D68195FD-27E0-4CFC-AC2F-704587504F1D}.Debug|Win32.Build.0 = Debug|x86
		{D68195FD-27E0-4CFC-AC2F-704587504F1D}.Debug|x64.ActiveCfg = Debug|x64
		{D68195FD-27E0-4CFC-AC2F-704587504F1D}.Debug|x64.Build.0 = Debug|x64
		{D68195FD-27E0-4CFC-AC2F-704587504F1D}.Debug|x86.ActiveCfg = Debug|x86
		{D68195FD-27E0-4CFC-AC2F-704587504F1D}.Debug|x86.Build.0 = Debug|x86
		{D68195FD-27E0-4CFC-AC2F-704587504F1D}.Release|Any CPU.ActiveCfg = Release|Any CPU
		{D68195FD-27E0-4CFC-AC2F-704587504F1D}.Release|Any CPU.Build.0 = Release|Any CPU
		{D68195FD-27E0-4CFC-AC2F-704587504F1D}.Release|Win32.ActiveCfg = Release|x86
		{D68195FD-27E0-4CFC-AC2F-704587504F1D}.Release|Win32.Build.0 = Release|x86
		{D68195FD-27E0-4CFC-AC2F-704587504F1D}.Release|x64.ActiveCfg = Release|x64
		{D68195FD-27E0-4CFC-AC2F-704587504F1D}.Release|x64.Build.0 = Release|x64
		{D68195FD-27E0-4CFC-AC2F-704587504F1D}.Release|x86.ActiveCfg = Release|x86
		{D68195FD-27E0-4CFC-AC2F-704587504F1D}.Release|x86.Build.0 = Release|x86
		{70E18C43-9E62-4D64-91E2-747A239BF9B4}.Debug|Any CPU.ActiveCfg = Debug|Any CPU
		{70E18C43-9E62-4D64-91E2-747A239BF9B4}.Debug|Any CPU.Build.0 = Debug|Any CPU
		{70E18C43-9E62-4D64-91E2-747A239BF9B4}.Debug|Win32.ActiveCfg = Debug|x86
		{70E18C43-9E62-4D64-91E2-747A239BF9B4}.Debug|Win32.Build.0 = Debug|x86
		{70E18C43-9E62-4D64-91E2-747A239BF9B4}.Debug|x64.ActiveCfg = Debug|x64
		{70E18C43-9E62-4D64-91E2-747A239BF9B4}.Debug|x64.Build.0 = Debug|x64
		{70E18C43-9E62-4D64-91E2-747A239BF9B4}.Debug|x86.ActiveCfg = Debug|x86
		{70E18C43-9E62-4D64-91E2-747A239BF9B4}.Debug|x86.Build.0 = Debug|x86
		{70E18C43-9E62-4D64-91E2-747A239BF9B4}.Release|Any CPU.ActiveCfg = Release|Any CPU
		{70E18C43-9E62-4D64-91E2-747A239BF9B4}.Release|Any CPU.Build.0 = Release|Any CPU
		{70E18C43-9E62-4D64-91E2-747A239BF9B4}.Release|Win32.ActiveCfg = Release|x86
		{70E18C43-9E62-4D64-91E2-747A239BF9B4}.Release|Win32.Build.0 = Release|x86
		{70E18C43-9E62-4D64-91E2-747A239BF9B4}.Release|x64.ActiveCfg = Release|x64
		{70E18C43-9E62-4D64-91E2-747A239BF9B4}.Release|x64.Build.0 = Release|x64
		{70E18C43-9E62-4D64-91E2-747A239BF9B4}.Release|x86.ActiveCfg = Release|x86
		{70E18C43-9E62-4D64-91E2-747A239BF9B4}.Release|x86.Build.0 = Release|x86
		{2950B261-478B-4EF6-BCCB-7EC67600BA41}.Debug|Any CPU.ActiveCfg = Debug|Any CPU
		{2950B261-478B-4EF6-BCCB-7EC67600BA41}.Debug|Any CPU.Build.0 = Debug|Any CPU
		{2950B261-478B-4EF6-BCCB-7EC67600BA41}.Debug|Win32.ActiveCfg = Debug|x86
		{2950B261-478B-4EF6-BCCB-7EC67600BA41}.Debug|Win32.Build.0 = Debug|x86
		{2950B261-478B-4EF6-BCCB-7EC67600BA41}.Debug|x64.ActiveCfg = Debug|x64
		{2950B261-478B-4EF6-BCCB-7EC67600BA41}.Debug|x64.Build.0 = Debug|x64
		{2950B261-478B-4EF6-BCCB-7EC67600BA41}.Debug|x86.ActiveCfg = Debug|x86
		{2950B261-478B-4EF6-BCCB-7EC67600BA41}.Debug|x86.Build.0 = Debug|x86
		{2950B261-478B-4EF6-BCCB-7EC67600BA41}.Release|Any CPU.ActiveCfg = Release|Any CPU
		{2950B261-478B-4EF6-BCCB-7EC67600BA41}.Release|Any CPU.Build.0 = Release|Any CPU
		{2950B261-478B-4EF6-BCCB-7EC67600BA41}.Release|Win32.ActiveCfg = Release|x86
		{2950B261-478B-4EF6-BCCB-7EC67600BA41}.Release|Win32.Build.0 = Release|x86
		{2950B261-478B-4EF6-BCCB-7EC67600BA41}.Release|x64.ActiveCfg = Release|x64
		{2950B261-478B-4EF6-BCCB-7EC67600BA41}.Release|x64.Build.0 = Release|x64
		{2950B261-478B-4EF6-BCCB-7EC67600BA41}.Release|x86.ActiveCfg = Release|x86
		{2950B261-478B-4EF6-BCCB-7EC67600BA41}.Release|x86.Build.0 = Release|x86
		{F7760856-9C37-4335-8677-FC8769BF671E}.Debug|Any CPU.ActiveCfg = Debug|Any CPU
		{F7760856-9C37-4335-8677-FC8769BF671E}.Debug|Any CPU.Build.0 = Debug|Any CPU
		{F7760856-9C37-4335-8677-FC8769BF671E}.Debug|Win32.ActiveCfg = Debug|x86
		{F7760856-9C37-4335-8677-FC8769BF671E}.Debug|Win32.Build.0 = Debug|x86
		{F7760856-9C37-4335-8677-FC8769BF671E}.Debug|x64.ActiveCfg = Debug|x64
		{F7760856-9C37-4335-8677-FC8769BF671E}.Debug|x64.Build.0 = Debug|x64
		{F7760856-9C37-4335-8677-FC8769BF671E}.Debug|x86.ActiveCfg = Debug|x86
		{F7760856-9C37-4335-8677-FC8769BF671E}.Debug|x86.Build.0 = Debug|x86
		{F7760856-9C37-4335-8677-FC8769BF671E}.Release|Any CPU.ActiveCfg = Release|Any CPU
		{F7760856-9C37-4335-8677-FC8769BF671E}.Release|Any CPU.Build.0 = Release|Any CPU
		{F7760856-9C37-4335-8677-FC8769BF671E}.Release|Win32.ActiveCfg = Release|x86
		{F7760856-9C37-4335-8677-FC8769BF671E}.Release|Win32.Build.0 = Release|x86
		{F7760856-9C37-4335-8677-FC8769BF671E}.Release|x64.ActiveCfg = Release|x64
		{F7760856-9C37-4335-8677-FC8769BF671E}.Release|x64.Build.0 = Release|x64
		{F7760856-9C37-4335-8677-FC8769BF671E}.Release|x86.ActiveCfg = Release|x86
		{F7760856-9C37-4335-8677-FC8769BF671E}.Release|x86.Build.0 = Release|x86
		{6BCA5B25-60BD-4EA2-91CA-6B1A1910E5CB}.Debug|Any CPU.ActiveCfg = Debug|Any CPU
		{6BCA5B25-60BD-4EA2-91CA-6B1A1910E5CB}.Debug|Any CPU.Build.0 = Debug|Any CPU
		{6BCA5B25-60BD-4EA2-91CA-6B1A1910E5CB}.Debug|Win32.ActiveCfg = Debug|x86
		{6BCA5B25-60BD-4EA2-91CA-6B1A1910E5CB}.Debug|Win32.Build.0 = Debug|x86
		{6BCA5B25-60BD-4EA2-91CA-6B1A1910E5CB}.Debug|x64.ActiveCfg = Debug|x64
		{6BCA5B25-60BD-4EA2-91CA-6B1A1910E5CB}.Debug|x64.Build.0 = Debug|x64
		{6BCA5B25-60BD-4EA2-91CA-6B1A1910E5CB}.Debug|x86.ActiveCfg = Debug|x86
		{6BCA5B25-60BD-4EA2-91CA-6B1A1910E5CB}.Debug|x86.Build.0 = Debug|x86
		{6BCA5B25-60BD-4EA2-91CA-6B1A1910E5CB}.Release|Any CPU.ActiveCfg = Release|Any CPU
		{6BCA5B25-60BD-4EA2-91CA-6B1A1910E5CB}.Release|Any CPU.Build.0 = Release|Any CPU
		{6BCA5B25-60BD-4EA2-91CA-6B1A1910E5CB}.Release|Win32.ActiveCfg = Release|x86
		{6BCA5B25-60BD-4EA2-91CA-6B1A1910E5CB}.Release|Win32.Build.0 = Release|x86
		{6BCA5B25-60BD-4EA2-91CA-6B1A1910E5CB}.Release|x64.ActiveCfg = Release|x64
		{6BCA5B25-60BD-4EA2-91CA-6B1A1910E5CB}.Release|x64.Build.0 = Release|x64
		{6BCA5B25-60BD-4EA2-91CA-6B1A1910E5CB}.Release|x86.ActiveCfg = Release|x86
		{6BCA5B25-60BD-4EA2-91CA-6B1A1910E5CB}.Release|x86.Build.0 = Release|x86
		{55D6964A-9E2B-4FAF-BF3D-BD1CFEBB9038}.Debug|Any CPU.ActiveCfg = Debug|x64
		{55D6964A-9E2B-4FAF-BF3D-BD1CFEBB9038}.Debug|Win32.ActiveCfg = Debug|Win32
		{55D6964A-9E2B-4FAF-BF3D-BD1CFEBB9038}.Debug|Win32.Build.0 = Debug|Win32
		{55D6964A-9E2B-4FAF-BF3D-BD1CFEBB9038}.Debug|x64.ActiveCfg = Debug|x64
		{55D6964A-9E2B-4FAF-BF3D-BD1CFEBB9038}.Debug|x64.Build.0 = Debug|x64
		{55D6964A-9E2B-4FAF-BF3D-BD1CFEBB9038}.Debug|x86.ActiveCfg = Debug|Win32
		{55D6964A-9E2B-4FAF-BF3D-BD1CFEBB9038}.Debug|x86.Build.0 = Debug|Win32
		{55D6964A-9E2B-4FAF-BF3D-BD1CFEBB9038}.Release|Any CPU.ActiveCfg = Release|x64
		{55D6964A-9E2B-4FAF-BF3D-BD1CFEBB9038}.Release|Win32.ActiveCfg = Release|Win32
		{55D6964A-9E2B-4FAF-BF3D-BD1CFEBB9038}.Release|Win32.Build.0 = Release|Win32
		{55D6964A-9E2B-4FAF-BF3D-BD1CFEBB9038}.Release|x64.ActiveCfg = Release|x64
		{55D6964A-9E2B-4FAF-BF3D-BD1CFEBB9038}.Release|x64.Build.0 = Release|x64
		{55D6964A-9E2B-4FAF-BF3D-BD1CFEBB9038}.Release|x86.ActiveCfg = Release|Win32
		{55D6964A-9E2B-4FAF-BF3D-BD1CFEBB9038}.Release|x86.Build.0 = Release|Win32
		{4B675EE1-04E6-4535-A656-8AABF4FAFB50}.Debug|Any CPU.ActiveCfg = Debug|x64
		{4B675EE1-04E6-4535-A656-8AABF4FAFB50}.Debug|Win32.ActiveCfg = Debug|Win32
		{4B675EE1-04E6-4535-A656-8AABF4FAFB50}.Debug|Win32.Build.0 = Debug|Win32
		{4B675EE1-04E6-4535-A656-8AABF4FAFB50}.Debug|x64.ActiveCfg = Debug|x64
		{4B675EE1-04E6-4535-A656-8AABF4FAFB50}.Debug|x64.Build.0 = Debug|x64
		{4B675EE1-04E6-4535-A656-8AABF4FAFB50}.Debug|x86.ActiveCfg = Debug|Win32
		{4B675EE1-04E6-4535-A656-8AABF4FAFB50}.Debug|x86.Build.0 = Debug|Win32
		{4B675EE1-04E6-4535-A656-8AABF4FAFB50}.Release|Any CPU.ActiveCfg = Release|x64
		{4B675EE1-04E6-4535-A656-8AABF4FAFB50}.Release|Win32.ActiveCfg = Release|Win32
		{4B675EE1-04E6-4535-A656-8AABF4FAFB50}.Release|Win32.Build.0 = Release|Win32
		{4B675EE1-04E6-4535-A656-8AABF4FAFB50}.Release|x64.ActiveCfg = Release|x64
		{4B675EE1-04E6-4535-A656-8AABF4FAFB50}.Release|x64.Build.0 = Release|x64
		{4B675EE1-04E6-4535-A656-8AABF4FAFB50}.Release|x86.ActiveCfg = Release|Win32
		{4B675EE1-04E6-4535-A656-8AABF4FAFB50}.Release|x86.Build.0 = Release|Win32
		{49382E10-7B87-4913-B84F-E92F0337C98C}.Debug|Any CPU.ActiveCfg = Debug|x64
		{49382E10-7B87-4913-B84F-E92F0337C98C}.Debug|Win32.ActiveCfg = Debug|Win32
		{49382E10-7B87-4913-B84F-E92F0337C98C}.Debug|Win32.Build.0 = Debug|Win32
		{49382E10-7B87-4913-B84F-E92F0337C98C}.Debug|x64.ActiveCfg = Debug|x64
		{49382E10-7B87-4913-B84F-E92F0337C98C}.Debug|x64.Build.0 = Debug|x64
		{49382E10-7B87-4913-B84F-E92F0337C98C}.Debug|x86.ActiveCfg = Debug|Win32
		{49382E10-7B87-4913-B84F-E92F0337C98C}.Debug|x86.Build.0 = Debug|Win32
		{49382E10-7B87-4913-B84F-E92F0337C98C}.Release|Any CPU.ActiveCfg = Release|x64
		{49382E10-7B87-4913-B84F-E92F0337C98C}.Release|Win32.ActiveCfg = Release|Win32
		{49382E10-7B87-4913-B84F-E92F0337C98C}.Release|Win32.Build.0 = Release|Win32
		{49382E10-7B87-4913-B84F-E92F0337C98C}.Release|x64.ActiveCfg = Release|x64
		{49382E10-7B87-4913-B84F-E92F0337C98C}.Release|x64.Build.0 = Release|x64
		{49382E10-7B87-4913-B84F-E92F0337C98C}.Release|x86.ActiveCfg = Release|Win32
		{49382E10-7B87-4913-B84F-E92F0337C98C}.Release|x86.Build.0 = Release|Win32
		{4FB91DFA-C718-479A-B61D-60221B7670E6}.Debug|Any CPU.ActiveCfg = Debug|Any CPU
		{4FB91DFA-C718-479A-B61D-60221B7670E6}.Debug|Any CPU.Build.0 = Debug|Any CPU
		{4FB91DFA-C718-479A-B61D-60221B7670E6}.Debug|Win32.ActiveCfg = Debug|x86
		{4FB91DFA-C718-479A-B61D-60221B7670E6}.Debug|Win32.Build.0 = Debug|x86
		{4FB91DFA-C718-479A-B61D-60221B7670E6}.Debug|x64.ActiveCfg = Debug|x64
		{4FB91DFA-C718-479A-B61D-60221B7670E6}.Debug|x64.Build.0 = Debug|x64
		{4FB91DFA-C718-479A-B61D-60221B7670E6}.Debug|x86.ActiveCfg = Debug|x86
		{4FB91DFA-C718-479A-B61D-60221B7670E6}.Debug|x86.Build.0 = Debug|x86
		{4FB91DFA-C718-479A-B61D-60221B7670E6}.Release|Any CPU.ActiveCfg = Release|Any CPU
		{4FB91DFA-C718-479A-B61D-60221B7670E6}.Release|Any CPU.Build.0 = Release|Any CPU
		{4FB91DFA-C718-479A-B61D-60221B7670E6}.Release|Win32.ActiveCfg = Release|x86
		{4FB91DFA-C718-479A-B61D-60221B7670E6}.Release|Win32.Build.0 = Release|x86
		{4FB91DFA-C718-479A-B61D-60221B7670E6}.Release|x64.ActiveCfg = Release|x64
		{4FB91DFA-C718-479A-B61D-60221B7670E6}.Release|x64.Build.0 = Release|x64
		{4FB91DFA-C718-479A-B61D-60221B7670E6}.Release|x86.ActiveCfg = Release|x86
		{4FB91DFA-C718-479A-B61D-60221B7670E6}.Release|x86.Build.0 = Release|x86
		{EDD302C1-1D78-497A-9343-9D83DC1D5034}.Debug|Any CPU.ActiveCfg = Debug|x64
		{EDD302C1-1D78-497A-9343-9D83DC1D5034}.Debug|Win32.ActiveCfg = Debug|Win32
		{EDD302C1-1D78-497A-9343-9D83DC1D5034}.Debug|Win32.Build.0 = Debug|Win32
		{EDD302C1-1D78-497A-9343-9D83DC1D5034}.Debug|x64.ActiveCfg = Debug|x64
		{EDD302C1-1D78-497A-9343-9D83DC1D5034}.Debug|x64.Build.0 = Debug|x64
		{EDD302C1-1D78-497A-9343-9D83DC1D5034}.Debug|x86.ActiveCfg = Debug|Win32
		{EDD302C1-1D78-497A-9343-9D83DC1D5034}.Debug|x86.Build.0 = Debug|Win32
		{EDD302C1-1D78-497A-9343-9D83DC1D5034}.Release|Any CPU.ActiveCfg = Release|x64
		{EDD302C1-1D78-497A-9343-9D83DC1D5034}.Release|Win32.ActiveCfg = Release|Win32
		{EDD302C1-1D78-497A-9343-9D83DC1D5034}.Release|Win32.Build.0 = Release|Win32
		{EDD302C1-1D78-497A-9343-9D83DC1D5034}.Release|x64.ActiveCfg = Release|x64
		{EDD302C1-1D78-497A-9343-9D83DC1D5034}.Release|x64.Build.0 = Release|x64
		{EDD302C1-1D78-497A-9343-9D83DC1D5034}.Release|x86.ActiveCfg = Release|Win32
		{EDD302C1-1D78-497A-9343-9D83DC1D5034}.Release|x86.Build.0 = Release|Win32
		{703F8A33-81D8-464F-93FF-EF313C0D5C97}.Debug|Any CPU.ActiveCfg = Debug|x64
		{703F8A33-81D8-464F-93FF-EF313C0D5C97}.Debug|Win32.ActiveCfg = Debug|Win32
		{703F8A33-81D8-464F-93FF-EF313C0D5C97}.Debug|Win32.Build.0 = Debug|Win32
		{703F8A33-81D8-464F-93FF-EF313C0D5C97}.Debug|x64.ActiveCfg = Debug|x64
		{703F8A33-81D8-464F-93FF-EF313C0D5C97}.Debug|x64.Build.0 = Debug|x64
		{703F8A33-81D8-464F-93FF-EF313C0D5C97}.Debug|x86.ActiveCfg = Debug|Win32
		{703F8A33-81D8-464F-93FF-EF313C0D5C97}.Debug|x86.Build.0 = Debug|Win32
		{703F8A33-81D8-464F-93FF-EF313C0D5C97}.Release|Any CPU.ActiveCfg = Release|x64
		{703F8A33-81D8-464F-93FF-EF313C0D5C97}.Release|Win32.ActiveCfg = Release|Win32
		{703F8A33-81D8-464F-93FF-EF313C0D5C97}.Release|Win32.Build.0 = Release|Win32
		{703F8A33-81D8-464F-93FF-EF313C0D5C97}.Release|x64.ActiveCfg = Release|x64
		{703F8A33-81D8-464F-93FF-EF313C0D5C97}.Release|x64.Build.0 = Release|x64
		{703F8A33-81D8-464F-93FF-EF313C0D5C97}.Release|x86.ActiveCfg = Release|Win32
		{703F8A33-81D8-464F-93FF-EF313C0D5C97}.Release|x86.Build.0 = Release|Win32
		{4A4E7A67-83A9-4005-935D-93719B7B25F9}.Debug|Any CPU.ActiveCfg = Debug|Any CPU
		{4A4E7A67-83A9-4005-935D-93719B7B25F9}.Debug|Any CPU.Build.0 = Debug|Any CPU
		{4A4E7A67-83A9-4005-935D-93719B7B25F9}.Debug|Win32.ActiveCfg = Debug|x86
		{4A4E7A67-83A9-4005-935D-93719B7B25F9}.Debug|Win32.Build.0 = Debug|x86
		{4A4E7A67-83A9-4005-935D-93719B7B25F9}.Debug|x64.ActiveCfg = Debug|x64
		{4A4E7A67-83A9-4005-935D-93719B7B25F9}.Debug|x64.Build.0 = Debug|x64
		{4A4E7A67-83A9-4005-935D-93719B7B25F9}.Debug|x86.ActiveCfg = Debug|x86
		{4A4E7A67-83A9-4005-935D-93719B7B25F9}.Debug|x86.Build.0 = Debug|x86
		{4A4E7A67-83A9-4005-935D-93719B7B25F9}.Release|Any CPU.ActiveCfg = Release|Any CPU
		{4A4E7A67-83A9-4005-935D-93719B7B25F9}.Release|Any CPU.Build.0 = Release|Any CPU
		{4A4E7A67-83A9-4005-935D-93719B7B25F9}.Release|Win32.ActiveCfg = Release|x86
		{4A4E7A67-83A9-4005-935D-93719B7B25F9}.Release|Win32.Build.0 = Release|x86
		{4A4E7A67-83A9-4005-935D-93719B7B25F9}.Release|x64.ActiveCfg = Release|x64
		{4A4E7A67-83A9-4005-935D-93719B7B25F9}.Release|x64.Build.0 = Release|x64
		{4A4E7A67-83A9-4005-935D-93719B7B25F9}.Release|x86.ActiveCfg = Release|x86
		{4A4E7A67-83A9-4005-935D-93719B7B25F9}.Release|x86.Build.0 = Release|x86
	EndGlobalSection
	GlobalSection(SolutionProperties) = preSolution
		HideSolutionNode = FALSE
	EndGlobalSection
	GlobalSection(NestedProjects) = preSolution
		{A522A710-4B96-4B5B-895A-D47EBCF04A67} = {82E741D0-9D37-4343-ADD8-AC58C527A337}
		{A59B57AC-651D-4B6F-B112-0AD31668106A} = {82E741D0-9D37-4343-ADD8-AC58C527A337}
		{5D5FF269-7D43-4616-9AD4-3FE00B6F94F0} = {82E741D0-9D37-4343-ADD8-AC58C527A337}
		{4B675EE1-04E6-4535-A656-8AABF4FAFB50} = {82E741D0-9D37-4343-ADD8-AC58C527A337}
		{EDD302C1-1D78-497A-9343-9D83DC1D5034} = {82E741D0-9D37-4343-ADD8-AC58C527A337}
		{6821A4E0-62F3-4955-8A20-2F10A7A35571} = {C007C6A2-7B4F-47FC-9E2D-083D86F95361}
		{D53CA513-DA98-4F45-894F-6A2A509A6F61} = {C007C6A2-7B4F-47FC-9E2D-083D86F95361}
		{589E34A5-DDE7-4AFF-9D53-EAB88F9F389F} = {C007C6A2-7B4F-47FC-9E2D-083D86F95361}
		{E683D03A-0B1C-4430-B223-763F4B47F04F} = {C007C6A2-7B4F-47FC-9E2D-083D86F95361}
		{A823EADD-2E45-4D0A-A4FA-E6D989709752} = {C007C6A2-7B4F-47FC-9E2D-083D86F95361}
		{79A21F36-8D38-447B-B475-BF6E8BC97F55} = {C007C6A2-7B4F-47FC-9E2D-083D86F95361}
		{B20C445B-DA40-4AC1-A524-7BD8CFF46055} = {C007C6A2-7B4F-47FC-9E2D-083D86F95361}
		{79BD5B89-FAFE-4F2E-BC9C-A448174F28EE} = {C007C6A2-7B4F-47FC-9E2D-083D86F95361}
		{32F8174B-12F1-4641-AC1A-6FB3DB0485D9} = {C007C6A2-7B4F-47FC-9E2D-083D86F95361}
		{62AAFF7F-D766-4CD3-8800-18B2E1836EE2} = {C007C6A2-7B4F-47FC-9E2D-083D86F95361}
		{91410327-87A6-42DA-AC54-C18873A2BF28} = {C007C6A2-7B4F-47FC-9E2D-083D86F95361}
		{6FF29AA9-639B-4DD9-AFCF-BA2411AEF0A6} = {C007C6A2-7B4F-47FC-9E2D-083D86F95361}
		{AA6FD96B-EC78-4586-9CA7-1DEA01182AC9} = {C007C6A2-7B4F-47FC-9E2D-083D86F95361}
		{A8DAE3FE-69CF-4047-862C-E238E5622260} = {C007C6A2-7B4F-47FC-9E2D-083D86F95361}
		{011ABBEE-CCB7-47CE-8DBF-B583544C5A4E} = {C007C6A2-7B4F-47FC-9E2D-083D86F95361}
		{5A396AF5-AD77-41CF-8C94-7571A9833F97} = {C007C6A2-7B4F-47FC-9E2D-083D86F95361}
		{4AC9715E-3B7C-476F-A5A1-8FEBC9FEAE06} = {C007C6A2-7B4F-47FC-9E2D-083D86F95361}
		{55D6964A-9E2B-4FAF-BF3D-BD1CFEBB9038} = {C007C6A2-7B4F-47FC-9E2D-083D86F95361}
		{49382E10-7B87-4913-B84F-E92F0337C98C} = {C007C6A2-7B4F-47FC-9E2D-083D86F95361}
		{703F8A33-81D8-464F-93FF-EF313C0D5C97} = {C007C6A2-7B4F-47FC-9E2D-083D86F95361}
		{4C7BEE69-7074-4DE4-9025-31307F1080F9} = {8FCFACB3-396F-4A42-A967-72E4E43E0CEE}
		{0F0632CE-269B-4BCA-91CA-692640F9ADEC} = {8FCFACB3-396F-4A42-A967-72E4E43E0CEE}
		{9E41EEB5-FD3E-48AE-BEA0-4E53FE24F733} = {8FCFACB3-396F-4A42-A967-72E4E43E0CEE}
		{31A4354F-A8D6-4715-A532-898726A9B604} = {8FCFACB3-396F-4A42-A967-72E4E43E0CEE}
		{F18A4236-72E2-4BE1-AFAA-4AED8C515F26} = {8FCFACB3-396F-4A42-A967-72E4E43E0CEE}
		{F5276292-7E8D-4DE7-A79F-8D9BB97B02D1} = {8FCFACB3-396F-4A42-A967-72E4E43E0CEE}
		{70E18C43-9E62-4D64-91E2-747A239BF9B4} = {8FCFACB3-396F-4A42-A967-72E4E43E0CEE}
		{2950B261-478B-4EF6-BCCB-7EC67600BA41} = {8FCFACB3-396F-4A42-A967-72E4E43E0CEE}
		{F7760856-9C37-4335-8677-FC8769BF671E} = {8FCFACB3-396F-4A42-A967-72E4E43E0CEE}
		{6BCA5B25-60BD-4EA2-91CA-6B1A1910E5CB} = {8FCFACB3-396F-4A42-A967-72E4E43E0CEE}
		{4FB91DFA-C718-479A-B61D-60221B7670E6} = {8FCFACB3-396F-4A42-A967-72E4E43E0CEE}
		{4A4E7A67-83A9-4005-935D-93719B7B25F9} = {8FCFACB3-396F-4A42-A967-72E4E43E0CEE}
		{5CB9BE99-070A-47F9-ADAD-7C46CF952063} = {50A1221A-A901-41EF-ADB9-A59BBE4BAAAB}
		{801C0CB2-7AD5-4905-84DA-69BDFB7C8E6D} = {50A1221A-A901-41EF-ADB9-A59BBE4BAAAB}
		{D6A06D16-B60D-4533-9D13-94BD859F271B} = {50A1221A-A901-41EF-ADB9-A59BBE4BAAAB}
		{BBE95CD3-BF51-4D02-9ADD-71599F796D9C} = {50A1221A-A901-41EF-ADB9-A59BBE4BAAAB}
		{C530CA06-9B7B-4AC1-BE80-BC1799D2B8D8} = {50A1221A-A901-41EF-ADB9-A59BBE4BAAAB}
		{D68195FD-27E0-4CFC-AC2F-704587504F1D} = {50A1221A-A901-41EF-ADB9-A59BBE4BAAAB}
	EndGlobalSection
EndGlobal
