
Microsoft Visual Studio Solution File, Format Version 10.00
# Visual Studio 2008
Project("{2150E333-8FDC-42A3-9474-1A3956D46DE8}") = "Examples - C", "Examples - C", "{18A2F07C-94AB-4E0C-8CED-7FF1E2FB36E0}"
EndProject
Project("{2150E333-8FDC-42A3-9474-1A3956D46DE8}") = "Examples - C++", "Examples - C++", "{4C122A25-CE27-4078-85F9-D9EA815D93B3}"
EndProject
Project("{2150E333-8FDC-42A3-9474-1A3956D46DE8}") = "Examples - CSharp", "Examples - CSharp", "{1DC4F3E8-88B4-4798-AC72-2B152D98C5E1}"
EndProject
Project("{2150E333-8FDC-42A3-9474-1A3956D46DE8}") = "Examples - VB.Net", "Examples - VB.Net", "{74BE1F4B-CF6D-4424-8E97-4CAB27B15B26}"
EndProject
Project("{8BC9CEB8-8B4A-11D0-8D11-00A0C91BC942}") = "EventsEx_C", "EventsEx_C\EventsEx_C_2008.vcproj", "{CF5CED17-A7C4-4741-ABDE-6EA5D917D6D4}"
EndProject
Project("{8BC9CEB8-8B4A-11D0-8D11-00A0C91BC942}") = "FlyCapture2Test_C", "FlyCapture2Test_C\FlyCapture2Test_C_2008.vcproj", "{A522A710-4B96-4B5B-895A-D47EBCF04A67}"
EndProject
Project("{8BC9CEB8-8B4A-11D0-8D11-00A0C91BC942}") = "GigEGrabEx_C", "GigEGrabEx_C\GigEGrabEx_C_2008.vcproj", "{A59B57AC-651D-4B6F-B112-0AD31668106A}"
EndProject
Project("{8BC9CEB8-8B4A-11D0-8D11-00A0C91BC942}") = "MultiSyncEx_C", "MultiSyncEx_C\MultiSyncEx_C_2008.vcproj", "{EDD302C1-1D78-497A-9343-9D83DC1D5034}"
EndProject
Project("{8BC9CEB8-8B4A-11D0-8D11-00A0C91BC942}") = "SaveImageToAviEx_C", "SaveImageToAviEx_C\SaveImageToAviEx_C_2008.vcproj", "{5D5FF269-7D43-4616-9AD4-3FE00B6F94F0}"
EndProject
Project("{8BC9CEB8-8B4A-11D0-8D11-00A0C91BC942}") = "AsyncTriggerEx", "AsyncTriggerEx\AsyncTriggerEx_2008.vcproj", "{6821A4E0-62F3-4955-8A20-2F10A7A35571}"
EndProject
Project("{8BC9CEB8-8B4A-11D0-8D11-00A0C91BC942}") = "CustomImageEx", "CustomImageEx\CustomImageEx_2008.vcproj", "{D53CA513-DA98-4F45-894F-6A2A509A6F61}"
EndProject
Project("{8BC9CEB8-8B4A-11D0-8D11-00A0C91BC942}") = "ExtendedShutterEx", "ExtendedShutterEx\ExtendedShutterEx_2008.vcproj", "{589E34A5-DDE7-4AFF-9D53-EAB88F9F389F}"
EndProject
Project("{8BC9CEB8-8B4A-11D0-8D11-00A0C91BC942}") = "EventsEx", "EventsEx\EventsEx_2008.vcproj", "{E1FE5FAC-D20E-4C1E-AF27-966C2D39170E}"
EndProject
Project("{8BC9CEB8-8B4A-11D0-8D11-00A0C91BC942}") = "FlyCap2", "FlyCap2\FlyCap2_2008.vcproj", "{E683D03A-0B1C-4430-B223-763F4B47F04F}"
	ProjectSection(ProjectDependencies) = postProject
		{79A21F36-8D38-447B-B475-BF6E8BC97F55} = {79A21F36-8D38-447B-B475-BF6E8BC97F55}
		{70E18C43-9E62-4D64-91E2-747A239BF9B4} = {70E18C43-9E62-4D64-91E2-747A239BF9B4}
	EndProjectSection
EndProject
Project("{8BC9CEB8-8B4A-11D0-8D11-00A0C91BC942}") = "FlyCap2_GTKmm", "FlyCap2_Gtkmm\FlyCap2_GTKmm_2008.vcproj", "{A823EADD-2E45-4D0A-A4FA-E6D989709752}"
	ProjectSection(ProjectDependencies) = postProject
		{B20C445B-DA40-4AC1-A524-7BD8CFF46055} = {B20C445B-DA40-4AC1-A524-7BD8CFF46055}
	EndProjectSection
EndProject
Project("{8BC9CEB8-8B4A-11D0-8D11-00A0C91BC942}") = "FlyCapture2GUI", "FlyCapture2GUI\FlyCapture2GUI_2008.vcproj", "{79A21F36-8D38-447B-B475-BF6E8BC97F55}"
EndProject
Project("{8BC9CEB8-8B4A-11D0-8D11-00A0C91BC942}") = "FlyCapture2GUI_GTKmm", "FlyCapture2GUI_GTKmm\FlyCapture2GUI_GTKmm_2008.vcproj", "{B20C445B-DA40-4AC1-A524-7BD8CFF46055}"
EndProject
Project("{8BC9CEB8-8B4A-11D0-8D11-00A0C91BC942}") = "FlyCapture2SimpleGUI_MFC", "FlyCapture2SimpleGUI_MFC\FlyCapture2SimpleGUI_MFC_2008.vcproj", "{79BD5B89-FAFE-4F2E-BC9C-A448174F28EE}"
	ProjectSection(ProjectDependencies) = postProject
		{79A21F36-8D38-447B-B475-BF6E8BC97F55} = {79A21F36-8D38-447B-B475-BF6E8BC97F55}
		{70E18C43-9E62-4D64-91E2-747A239BF9B4} = {70E18C43-9E62-4D64-91E2-747A239BF9B4}
	EndProjectSection
EndProject
Project("{8BC9CEB8-8B4A-11D0-8D11-00A0C91BC942}") = "FlyCapture2Test", "FlyCapture2Test\FlyCapture2Test_2008.vcproj", "{32F8174B-12F1-4641-AC1A-6FB3DB0485D9}"
EndProject
Project("{8BC9CEB8-8B4A-11D0-8D11-00A0C91BC942}") = "GigEGrabEx", "GigEGrabEx\GigEGrabEx_2008.vcproj", "{62AAFF7F-D766-4CD3-8800-18B2E1836EE2}"
EndProject
Project("{8BC9CEB8-8B4A-11D0-8D11-00A0C91BC942}") = "GrabCallbackEx", "GrabCallbackEx\GrabCallbackEx_2008.vcproj", "{91410327-87A6-42DA-AC54-C18873A2BF28}"
EndProject
Project("{8BC9CEB8-8B4A-11D0-8D11-00A0C91BC942}") = "HighDynamicRangeEx", "HighDynamicRangeEx\HighDynamicRangeEx_2008.vcproj", "{6FF29AA9-639B-4DD9-AFCF-BA2411AEF0A6}"
EndProject
Project("{8BC9CEB8-8B4A-11D0-8D11-00A0C91BC942}") = "ImageEventEx", "ImageEventEx\ImageEventEx_2008.vcproj", "{AA6FD96B-EC78-4586-9CA7-1DEA01182AC9}"
EndProject
Project("{8BC9CEB8-8B4A-11D0-8D11-00A0C91BC942}") = "MultipleCameraEx", "MultipleCameraEx\MultipleCameraEx_2008.vcproj", "{A8DAE3FE-69CF-4047-862C-E238E5622260}"
EndProject
Project("{8BC9CEB8-8B4A-11D0-8D11-00A0C91BC942}") = "MultipleCameraWriteToDiskEx", "MultipleCameraWriteToDiskEx\MultipleCameraWriteToDiskEx_2008.vcproj", "{3627648B-5986-49A4-9443-F69919B722C6}"
EndProject
Project("{8BC9CEB8-8B4A-11D0-8D11-00A0C91BC942}") = "MultiSyncEx", "MultiSyncEx\MultiSyncEx_2008.vcproj", "{703F8A33-81D8-464F-93FF-EF313C0D5C97}"
EndProject
Project("{8BC9CEB8-8B4A-11D0-8D11-00A0C91BC942}") = "SaveImageToAviEx", "SaveImageToAviEx\SaveImageToAviEx_2008.vcproj", "{5A396AF5-AD77-41CF-8C94-7571A9833F97}"
EndProject
Project("{8BC9CEB8-8B4A-11D0-8D11-00A0C91BC942}") = "SaveImageToFlashEx", "SaveImageToFlashEx\SaveImageToFlashEx_2008.vcproj", "{4AC9715E-3B7C-476F-A5A1-8FEBC9FEAE06}"
EndProject
Project("{8BC9CEB8-8B4A-11D0-8D11-00A0C91BC942}") = "SerialPortEx", "SerialPortEx\SerialPortEx_2008.vcproj", "{55D6964A-9E2B-4FAF-BF3D-BD1CFEBB9038}"
	ProjectSection(ProjectDependencies) = postProject
		{79A21F36-8D38-447B-B475-BF6E8BC97F55} = {79A21F36-8D38-447B-B475-BF6E8BC97F55}
	EndProjectSection
EndProject
Project("{FAE04EC0-301F-11D3-BF4B-00C04F79EFBC}") = "AsyncTriggerEx_CSharp_2008", "AsyncTriggerEx_CSharp\AsyncTriggerEx_CSharp_2008.csproj", "{4C7BEE69-7074-4DE4-9025-31307F1080F9}"
EndProject
Project("{FAE04EC0-301F-11D3-BF4B-00C04F79EFBC}") = "BusEventsEx_CSharp_2008", "BusEventsEx_CSharp\BusEventsEx_CSharp_2008.csproj", "{0F0632CE-269B-4BCA-91CA-692640F9ADEC}"
EndProject
Project("{FAE04EC0-301F-11D3-BF4B-00C04F79EFBC}") = "CustomImageEx_CSharp_2008", "CustomImageEx_CSharp\CustomImageEx_CSharp_2008.csproj", "{9E41EEB5-FD3E-48AE-BEA0-4E53FE24F733}"
EndProject
Project("{FAE04EC0-301F-11D3-BF4B-00C04F79EFBC}") = "FlyCap2CameraControl_2008", "FlyCap2CameraControl\FlyCap2CameraControl_2008.csproj", "{70E18C43-9E62-4D64-91E2-747A239BF9B4}"
EndProject
Project("{FAE04EC0-301F-11D3-BF4B-00C04F79EFBC}") = "FlyCapture2SimpleGUI_CSharp_2008", "FlyCapture2SimpleGUI_CSharp\FlyCapture2SimpleGUI_CSharp_2008.csproj", "{31A4354F-A8D6-4715-A532-898726A9B604}"
	ProjectSection(ProjectDependencies) = postProject
		{70E18C43-9E62-4D64-91E2-747A239BF9B4} = {70E18C43-9E62-4D64-91E2-747A239BF9B4}
	EndProjectSection
EndProject
Project("{FAE04EC0-301F-11D3-BF4B-00C04F79EFBC}") = "GigEGrabEx_CSharp_2008", "GigEGrabEx_CSharp\GigEGrabEx_CSharp_2008.csproj", "{2950B261-478B-4EF6-BCCB-7EC67600BA41}"
EndProject
Project("{FAE04EC0-301F-11D3-BF4B-00C04F79EFBC}") = "GrabCallbackEx_CSharp_2008", "GrabCallbackEx_CSharp\GrabCallbackEx_CSharp_2008.csproj", "{F5276292-7E8D-4DE7-A79F-8D9BB97B02D1}"
EndProject
Project("{FAE04EC0-301F-11D3-BF4B-00C04F79EFBC}") = "MultipleCameraEx_CSharp_2008", "MultipleCameraEx_CSharp\MultipleCameraEx_CSharp_2008.csproj", "{BFAA51EF-08AC-43A3-9D6B-99AE10726CFB}"
EndProject
Project("{FAE04EC0-301F-11D3-BF4B-00C04F79EFBC}") = "SaveImageToAviEx_CSharp_2008", "SaveImageToAviEx_CSharp\SaveImageToAviEx_CSharp_2008.csproj", "{6BCA5B25-60BD-4EA2-91CA-6B1A1910E5CB}"
EndProject
Project("{F184B08F-C81C-45F6-A57F-5ABD9991F28F}") = "AsyncTriggerEx_VB.Net_2008", "AsyncTriggerEx_VB.Net\AsyncTriggerEx_VB.Net_2008.vbproj", "{5CB9BE99-070A-47F9-ADAD-7C46CF952063}"
EndProject
Project("{F184B08F-C81C-45F6-A57F-5ABD9991F28F}") = "BusEventsEx_VB.Net_2008", "BusEventsEx_VB.Net\BusEventsEx_VB.Net_2008.vbproj", "{801C0CB2-7AD5-4905-84DA-69BDFB7C8E6D}"
EndProject
Project("{F184B08F-C81C-45F6-A57F-5ABD9991F28F}") = "CustomImageEx_VB.Net_2008", "CustomImageEx_VB.Net\CustomImageEx_VB.Net_2008.vbproj", "{D6A06D16-B60D-4533-9D13-94BD859F271B}"
EndProject
Project("{FAE04EC0-301F-11D3-BF4B-00C04F79EFBC}") = "EventsEx_CSharp_2008", "EventsEx_CSharp\EventsEx_CSharp_2008.csproj", "{3976CCD0-EEC0-4990-9A45-66855B5FF09B}"
EndProject
Project("{F184B08F-C81C-45F6-A57F-5ABD9991F28F}") = "FlyCapture2Test_VB.Net_2008", "FlyCapture2Test_VB.Net\FlyCapture2Test_VB.Net_2008.vbproj", "{BBE95CD3-BF51-4D02-9ADD-71599F796D9C}"
EndProject
Project("{F184B08F-C81C-45F6-A57F-5ABD9991F28F}") = "GigEGrabEx_VB.Net_2008", "GigEGrabEx_VB.Net\GigEGrabEx_VB.Net_2008.vbproj", "{C530CA06-9B7B-4AC1-BE80-BC1799D2B8D8}"
EndProject
Project("{F184B08F-C81C-45F6-A57F-5ABD9991F28F}") = "GrabCallbackEx_VB.Net_2008", "GrabCallbackEx_VB.Net\GrabCallbackEx_VB.Net_2008.vbproj", "{D68195FD-27E0-4CFC-AC2F-704587504F1D}"
EndProject
Project("{FAE04EC0-301F-11D3-BF4B-00C04F79EFBC}") = "FlyCapture2Test_CSharp_2008", "FlyCapture2Test_CSharp\FlyCapture2Test_CSharp_2008.csproj", "{F18A4236-72E2-4BE1-AFAA-4AED8C515F26}"
EndProject
Project("{FAE04EC0-301F-11D3-BF4B-00C04F79EFBC}") = "MultiSyncEx_CSharp_2008", "MultiSyncEx_CSharp\MultiSyncEx_CSharp_2008.csproj", "{4A4E7A67-83A9-4005-935D-93719B7B25F9}"
EndProject
Global
	GlobalSection(SolutionConfigurationPlatforms) = preSolution
		Debug|Any CPU = Debug|Any CPU
		Debug|Win32 = Debug|Win32
		Debug|x64 = Debug|x64
		Debug|x86 = Debug|x86
		Release|Any CPU = Release|Any CPU
		Release|Win32 = Release|Win32
		Release|x64 = Release|x64
		Release|x86 = Release|x86
	EndGlobalSection
	GlobalSection(ProjectConfigurationPlatforms) = postSolution
		{A522A710-4B96-4B5B-895A-D47EBCF04A67}.Debug|Any CPU.ActiveCfg = Debug|x64
		{A522A710-4B96-4B5B-895A-D47EBCF04A67}.Debug|Win32.ActiveCfg = Debug|Win32
		{A522A710-4B96-4B5B-895A-D47EBCF04A67}.Debug|Win32.Build.0 = Debug|Win32
		{A522A710-4B96-4B5B-895A-D47EBCF04A67}.Debug|x64.ActiveCfg = Debug|x64
		{A522A710-4B96-4B5B-895A-D47EBCF04A67}.Debug|x64.Build.0 = Debug|x64
		{A522A710-4B96-4B5B-895A-D47EBCF04A67}.Debug|x86.ActiveCfg = Debug|Win32
		{A522A710-4B96-4B5B-895A-D47EBCF04A67}.Debug|x86.Build.0 = Debug|Win32
		{A522A710-4B96-4B5B-895A-D47EBCF04A67}.Release|Any CPU.ActiveCfg = Release|x64
		{A522A710-4B96-4B5B-895A-D47EBCF04A67}.Release|Win32.ActiveCfg = Release|Win32
		{A522A710-4B96-4B5B-895A-D47EBCF04A67}.Release|Win32.Build.0 = Release|Win32
		{A522A710-4B96-4B5B-895A-D47EBCF04A67}.Release|x64.ActiveCfg = Release|x64
		{A522A710-4B96-4B5B-895A-D47EBCF04A67}.Release|x64.Build.0 = Release|x64
		{A522A710-4B96-4B5B-895A-D47EBCF04A67}.Release|x86.ActiveCfg = Release|Win32
		{A522A710-4B96-4B5B-895A-D47EBCF04A67}.Release|x86.Build.0 = Release|Win32
		{A59B57AC-651D-4B6F-B112-0AD31668106A}.Debug|Any CPU.ActiveCfg = Debug|x64
		{A59B57AC-651D-4B6F-B112-0AD31668106A}.Debug|Win32.ActiveCfg = Debug|Win32
		{A59B57AC-651D-4B6F-B112-0AD31668106A}.Debug|Win32.Build.0 = Debug|Win32
		{A59B57AC-651D-4B6F-B112-0AD31668106A}.Debug|x64.ActiveCfg = Debug|x64
		{A59B57AC-651D-4B6F-B112-0AD31668106A}.Debug|x64.Build.0 = Debug|x64
		{A59B57AC-651D-4B6F-B112-0AD31668106A}.Debug|x86.ActiveCfg = Debug|Win32
		{A59B57AC-651D-4B6F-B112-0AD31668106A}.Debug|x86.Build.0 = Debug|Win32
		{A59B57AC-651D-4B6F-B112-0AD31668106A}.Release|Any CPU.ActiveCfg = Release|x64
		{A59B57AC-651D-4B6F-B112-0AD31668106A}.Release|Win32.ActiveCfg = Release|Win32
		{A59B57AC-651D-4B6F-B112-0AD31668106A}.Release|Win32.Build.0 = Release|Win32
		{A59B57AC-651D-4B6F-B112-0AD31668106A}.Release|x64.ActiveCfg = Release|x64
		{A59B57AC-651D-4B6F-B112-0AD31668106A}.Release|x64.Build.0 = Release|x64
		{A59B57AC-651D-4B6F-B112-0AD31668106A}.Release|x86.ActiveCfg = Release|Win32
		{A59B57AC-651D-4B6F-B112-0AD31668106A}.Release|x86.Build.0 = Release|Win32
		{5D5FF269-7D43-4616-9AD4-3FE00B6F94F0}.Debug|Any CPU.ActiveCfg = Debug|x64
		{5D5FF269-7D43-4616-9AD4-3FE00B6F94F0}.Debug|Win32.ActiveCfg = Debug|Win32
		{5D5FF269-7D43-4616-9AD4-3FE00B6F94F0}.Debug|Win32.Build.0 = Debug|Win32
		{5D5FF269-7D43-4616-9AD4-3FE00B6F94F0}.Debug|x64.ActiveCfg = Debug|x64
		{5D5FF269-7D43-4616-9AD4-3FE00B6F94F0}.Debug|x64.Build.0 = Debug|x64
		{5D5FF269-7D43-4616-9AD4-3FE00B6F94F0}.Debug|x86.ActiveCfg = Debug|Win32
		{5D5FF269-7D43-4616-9AD4-3FE00B6F94F0}.Debug|x86.Build.0 = Debug|Win32
		{5D5FF269-7D43-4616-9AD4-3FE00B6F94F0}.Release|Any CPU.ActiveCfg = Release|x64
		{5D5FF269-7D43-4616-9AD4-3FE00B6F94F0}.Release|Win32.ActiveCfg = Release|Win32
		{5D5FF269-7D43-4616-9AD4-3FE00B6F94F0}.Release|Win32.Build.0 = Release|Win32
		{5D5FF269-7D43-4616-9AD4-3FE00B6F94F0}.Release|x64.ActiveCfg = Release|x64
		{5D5FF269-7D43-4616-9AD4-3FE00B6F94F0}.Release|x64.Build.0 = Release|x64
		{5D5FF269-7D43-4616-9AD4-3FE00B6F94F0}.Release|x86.ActiveCfg = Release|Win32
		{5D5FF269-7D43-4616-9AD4-3FE00B6F94F0}.Release|x86.Build.0 = Release|Win32
		{6821A4E0-62F3-4955-8A20-2F10A7A35571}.Debug|Any CPU.ActiveCfg = Debug|x64
		{6821A4E0-62F3-4955-8A20-2F10A7A35571}.Debug|Win32.ActiveCfg = Debug|Win32
		{6821A4E0-62F3-4955-8A20-2F10A7A35571}.Debug|Win32.Build.0 = Debug|Win32
		{6821A4E0-62F3-4955-8A20-2F10A7A35571}.Debug|x64.ActiveCfg = Debug|x64
		{6821A4E0-62F3-4955-8A20-2F10A7A35571}.Debug|x64.Build.0 = Debug|x64
		{6821A4E0-62F3-4955-8A20-2F10A7A35571}.Debug|x86.ActiveCfg = Debug|Win32
		{6821A4E0-62F3-4955-8A20-2F10A7A35571}.Debug|x86.Build.0 = Debug|Win32
		{6821A4E0-62F3-4955-8A20-2F10A7A35571}.Release|Any CPU.ActiveCfg = Release|x64
		{6821A4E0-62F3-4955-8A20-2F10A7A35571}.Release|Win32.ActiveCfg = Release|Win32
		{6821A4E0-62F3-4955-8A20-2F10A7A35571}.Release|Win32.Build.0 = Release|Win32
		{6821A4E0-62F3-4955-8A20-2F10A7A35571}.Release|x64.ActiveCfg = Release|x64
		{6821A4E0-62F3-4955-8A20-2F10A7A35571}.Release|x64.Build.0 = Release|x64
		{6821A4E0-62F3-4955-8A20-2F10A7A35571}.Release|x86.ActiveCfg = Release|Win32
		{6821A4E0-62F3-4955-8A20-2F10A7A35571}.Release|x86.Build.0 = Release|Win32
		{D53CA513-DA98-4F45-894F-6A2A509A6F61}.Debug|Any CPU.ActiveCfg = Debug|x64
		{D53CA513-DA98-4F45-894F-6A2A509A6F61}.Debug|Win32.ActiveCfg = Debug|Win32
		{D53CA513-DA98-4F45-894F-6A2A509A6F61}.Debug|Win32.Build.0 = Debug|Win32
		{D53CA513-DA98-4F45-894F-6A2A509A6F61}.Debug|x64.ActiveCfg = Debug|x64
		{D53CA513-DA98-4F45-894F-6A2A509A6F61}.Debug|x64.Build.0 = Debug|x64
		{D53CA513-DA98-4F45-894F-6A2A509A6F61}.Debug|x86.ActiveCfg = Debug|Win32
		{D53CA513-DA98-4F45-894F-6A2A509A6F61}.Debug|x86.Build.0 = Debug|Win32
		{D53CA513-DA98-4F45-894F-6A2A509A6F61}.Release|Any CPU.ActiveCfg = Release|x64
		{D53CA513-DA98-4F45-894F-6A2A509A6F61}.Release|Win32.ActiveCfg = Release|Win32
		{D53CA513-DA98-4F45-894F-6A2A509A6F61}.Release|Win32.Build.0 = Release|Win32
		{D53CA513-DA98-4F45-894F-6A2A509A6F61}.Release|x64.ActiveCfg = Release|x64
		{D53CA513-DA98-4F45-894F-6A2A509A6F61}.Release|x64.Build.0 = Release|x64
		{D53CA513-DA98-4F45-894F-6A2A509A6F61}.Release|x86.ActiveCfg = Release|Win32
		{D53CA513-DA98-4F45-894F-6A2A509A6F61}.Release|x86.Build.0 = Release|Win32
		{589E34A5-DDE7-4AFF-9D53-EAB88F9F389F}.Debug|Any CPU.ActiveCfg = Debug|x64
		{589E34A5-DDE7-4AFF-9D53-EAB88F9F389F}.Debug|Win32.ActiveCfg = Debug|Win32
		{589E34A5-DDE7-4AFF-9D53-EAB88F9F389F}.Debug|Win32.Build.0 = Debug|Win32
		{589E34A5-DDE7-4AFF-9D53-EAB88F9F389F}.Debug|x64.ActiveCfg = Debug|x64
		{589E34A5-DDE7-4AFF-9D53-EAB88F9F389F}.Debug|x64.Build.0 = Debug|x64
		{589E34A5-DDE7-4AFF-9D53-EAB88F9F389F}.Debug|x86.ActiveCfg = Debug|Win32
		{589E34A5-DDE7-4AFF-9D53-EAB88F9F389F}.Debug|x86.Build.0 = Debug|Win32
		{589E34A5-DDE7-4AFF-9D53-EAB88F9F389F}.Release|Any CPU.ActiveCfg = Release|x64
		{589E34A5-DDE7-4AFF-9D53-EAB88F9F389F}.Release|Win32.ActiveCfg = Release|Win32
		{589E34A5-DDE7-4AFF-9D53-EAB88F9F389F}.Release|Win32.Build.0 = Release|Win32
		{589E34A5-DDE7-4AFF-9D53-EAB88F9F389F}.Release|x64.ActiveCfg = Release|x64
		{589E34A5-DDE7-4AFF-9D53-EAB88F9F389F}.Release|x64.Build.0 = Release|x64
		{589E34A5-DDE7-4AFF-9D53-EAB88F9F389F}.Release|x86.ActiveCfg = Release|Win32
		{589E34A5-DDE7-4AFF-9D53-EAB88F9F389F}.Release|x86.Build.0 = Release|Win32
		{E683D03A-0B1C-4430-B223-763F4B47F04F}.Debug|Any CPU.ActiveCfg = Debug|x64
		{E683D03A-0B1C-4430-B223-763F4B47F04F}.Debug|Win32.ActiveCfg = Debug|Win32
		{E683D03A-0B1C-4430-B223-763F4B47F04F}.Debug|Win32.Build.0 = Debug|Win32
		{E683D03A-0B1C-4430-B223-763F4B47F04F}.Debug|x64.ActiveCfg = Debug|x64
		{E683D03A-0B1C-4430-B223-763F4B47F04F}.Debug|x64.Build.0 = Debug|x64
		{E683D03A-0B1C-4430-B223-763F4B47F04F}.Debug|x86.ActiveCfg = Debug|Win32
		{E683D03A-0B1C-4430-B223-763F4B47F04F}.Debug|x86.Build.0 = Debug|Win32
		{E683D03A-0B1C-4430-B223-763F4B47F04F}.Release|Any CPU.ActiveCfg = Release|x64
		{E683D03A-0B1C-4430-B223-763F4B47F04F}.Release|Win32.ActiveCfg = Release|Win32
		{E683D03A-0B1C-4430-B223-763F4B47F04F}.Release|Win32.Build.0 = Release|Win32
		{E683D03A-0B1C-4430-B223-763F4B47F04F}.Release|x64.ActiveCfg = Release|x64
		{E683D03A-0B1C-4430-B223-763F4B47F04F}.Release|x64.Build.0 = Release|x64
		{E683D03A-0B1C-4430-B223-763F4B47F04F}.Release|x86.ActiveCfg = Release|Win32
		{E683D03A-0B1C-4430-B223-763F4B47F04F}.Release|x86.Build.0 = Release|Win32
		{A823EADD-2E45-4D0A-A4FA-E6D989709752}.Debug|Any CPU.ActiveCfg = Debug|x64
		{A823EADD-2E45-4D0A-A4FA-E6D989709752}.Debug|Win32.ActiveCfg = Debug|Win32
		{A823EADD-2E45-4D0A-A4FA-E6D989709752}.Debug|Win32.Build.0 = Debug|Win32
		{A823EADD-2E45-4D0A-A4FA-E6D989709752}.Debug|x64.ActiveCfg = Debug|x64
		{A823EADD-2E45-4D0A-A4FA-E6D989709752}.Debug|x64.Build.0 = Debug|x64
		{A823EADD-2E45-4D0A-A4FA-E6D989709752}.Debug|x86.ActiveCfg = Debug|Win32
		{A823EADD-2E45-4D0A-A4FA-E6D989709752}.Debug|x86.Build.0 = Debug|Win32
		{A823EADD-2E45-4D0A-A4FA-E6D989709752}.Release|Any CPU.ActiveCfg = Release|x64
		{A823EADD-2E45-4D0A-A4FA-E6D989709752}.Release|Win32.ActiveCfg = Release|Win32
		{A823EADD-2E45-4D0A-A4FA-E6D989709752}.Release|Win32.Build.0 = Release|Win32
		{A823EADD-2E45-4D0A-A4FA-E6D989709752}.Release|x64.ActiveCfg = Release|x64
		{A823EADD-2E45-4D0A-A4FA-E6D989709752}.Release|x64.Build.0 = Release|x64
		{A823EADD-2E45-4D0A-A4FA-E6D989709752}.Release|x86.ActiveCfg = Release|Win32
		{A823EADD-2E45-4D0A-A4FA-E6D989709752}.Release|x86.Build.0 = Release|Win32
		{79A21F36-8D38-447B-B475-BF6E8BC97F55}.Debug|Any CPU.ActiveCfg = Debug|x64
		{79A21F36-8D38-447B-B475-BF6E8BC97F55}.Debug|Win32.ActiveCfg = Debug|Win32
		{79A21F36-8D38-447B-B475-BF6E8BC97F55}.Debug|Win32.Build.0 = Debug|Win32
		{79A21F36-8D38-447B-B475-BF6E8BC97F55}.Debug|x64.ActiveCfg = Debug|x64
		{79A21F36-8D38-447B-B475-BF6E8BC97F55}.Debug|x64.Build.0 = Debug|x64
		{79A21F36-8D38-447B-B475-BF6E8BC97F55}.Debug|x86.ActiveCfg = Debug|Win32
		{79A21F36-8D38-447B-B475-BF6E8BC97F55}.Debug|x86.Build.0 = Debug|Win32
		{79A21F36-8D38-447B-B475-BF6E8BC97F55}.Release|Any CPU.ActiveCfg = Release|x64
		{79A21F36-8D38-447B-B475-BF6E8BC97F55}.Release|Win32.ActiveCfg = Release|Win32
		{79A21F36-8D38-447B-B475-BF6E8BC97F55}.Release|Win32.Build.0 = Release|Win32
		{79A21F36-8D38-447B-B475-BF6E8BC97F55}.Release|x64.ActiveCfg = Release|x64
		{79A21F36-8D38-447B-B475-BF6E8BC97F55}.Release|x64.Build.0 = Release|x64
		{79A21F36-8D38-447B-B475-BF6E8BC97F55}.Release|x86.ActiveCfg = Release|Win32
		{79A21F36-8D38-447B-B475-BF6E8BC97F55}.Release|x86.Build.0 = Release|Win32
		{B20C445B-DA40-4AC1-A524-7BD8CFF46055}.Debug|Any CPU.ActiveCfg = Debug|x64
		{B20C445B-DA40-4AC1-A524-7BD8CFF46055}.Debug|Win32.ActiveCfg = Debug|Win32
		{B20C445B-DA40-4AC1-A524-7BD8CFF46055}.Debug|Win32.Build.0 = Debug|Win32
		{B20C445B-DA40-4AC1-A524-7BD8CFF46055}.Debug|x64.ActiveCfg = Debug|x64
		{B20C445B-DA40-4AC1-A524-7BD8CFF46055}.Debug|x64.Build.0 = Debug|x64
		{B20C445B-DA40-4AC1-A524-7BD8CFF46055}.Debug|x86.ActiveCfg = Debug|Win32
		{B20C445B-DA40-4AC1-A524-7BD8CFF46055}.Debug|x86.Build.0 = Debug|Win32
		{B20C445B-DA40-4AC1-A524-7BD8CFF46055}.Release|Any CPU.ActiveCfg = Release|x64
		{B20C445B-DA40-4AC1-A524-7BD8CFF46055}.Release|Win32.ActiveCfg = Release|Win32
		{B20C445B-DA40-4AC1-A524-7BD8CFF46055}.Release|Win32.Build.0 = Release|Win32
		{B20C445B-DA40-4AC1-A524-7BD8CFF46055}.Release|x64.ActiveCfg = Release|x64
		{B20C445B-DA40-4AC1-A524-7BD8CFF46055}.Release|x64.Build.0 = Release|x64
		{B20C445B-DA40-4AC1-A524-7BD8CFF46055}.Release|x86.ActiveCfg = Release|Win32
		{B20C445B-DA40-4AC1-A524-7BD8CFF46055}.Release|x86.Build.0 = Release|Win32
		{79BD5B89-FAFE-4F2E-BC9C-A448174F28EE}.Debug|Any CPU.ActiveCfg = Debug|x64
		{79BD5B89-FAFE-4F2E-BC9C-A448174F28EE}.Debug|Win32.ActiveCfg = Debug|Win32
		{79BD5B89-FAFE-4F2E-BC9C-A448174F28EE}.Debug|Win32.Build.0 = Debug|Win32
		{79BD5B89-FAFE-4F2E-BC9C-A448174F28EE}.Debug|x64.ActiveCfg = Debug|x64
		{79BD5B89-FAFE-4F2E-BC9C-A448174F28EE}.Debug|x64.Build.0 = Debug|x64
		{79BD5B89-FAFE-4F2E-BC9C-A448174F28EE}.Debug|x86.ActiveCfg = Debug|Win32
		{79BD5B89-FAFE-4F2E-BC9C-A448174F28EE}.Debug|x86.Build.0 = Debug|Win32
		{79BD5B89-FAFE-4F2E-BC9C-A448174F28EE}.Release|Any CPU.ActiveCfg = Release|x64
		{79BD5B89-FAFE-4F2E-BC9C-A448174F28EE}.Release|Win32.ActiveCfg = Release|Win32
		{79BD5B89-FAFE-4F2E-BC9C-A448174F28EE}.Release|Win32.Build.0 = Release|Win32
		{79BD5B89-FAFE-4F2E-BC9C-A448174F28EE}.Release|x64.ActiveCfg = Release|x64
		{79BD5B89-FAFE-4F2E-BC9C-A448174F28EE}.Release|x64.Build.0 = Release|x64
		{79BD5B89-FAFE-4F2E-BC9C-A448174F28EE}.Release|x86.ActiveCfg = Release|Win32
		{79BD5B89-FAFE-4F2E-BC9C-A448174F28EE}.Release|x86.Build.0 = Release|Win32
		{32F8174B-12F1-4641-AC1A-6FB3DB0485D9}.Debug|Any CPU.ActiveCfg = Debug|x64
		{32F8174B-12F1-4641-AC1A-6FB3DB0485D9}.Debug|Win32.ActiveCfg = Debug|Win32
		{32F8174B-12F1-4641-AC1A-6FB3DB0485D9}.Debug|Win32.Build.0 = Debug|Win32
		{32F8174B-12F1-4641-AC1A-6FB3DB0485D9}.Debug|x64.ActiveCfg = Debug|x64
		{32F8174B-12F1-4641-AC1A-6FB3DB0485D9}.Debug|x64.Build.0 = Debug|x64
		{32F8174B-12F1-4641-AC1A-6FB3DB0485D9}.Debug|x86.ActiveCfg = Debug|Win32
		{32F8174B-12F1-4641-AC1A-6FB3DB0485D9}.Debug|x86.Build.0 = Debug|Win32
		{32F8174B-12F1-4641-AC1A-6FB3DB0485D9}.Release|Any CPU.ActiveCfg = Release|x64
		{32F8174B-12F1-4641-AC1A-6FB3DB0485D9}.Release|Win32.ActiveCfg = Release|Win32
		{32F8174B-12F1-4641-AC1A-6FB3DB0485D9}.Release|Win32.Build.0 = Release|Win32
		{32F8174B-12F1-4641-AC1A-6FB3DB0485D9}.Release|x64.ActiveCfg = Release|x64
		{32F8174B-12F1-4641-AC1A-6FB3DB0485D9}.Release|x64.Build.0 = Release|x64
		{32F8174B-12F1-4641-AC1A-6FB3DB0485D9}.Release|x86.ActiveCfg = Release|Win32
		{32F8174B-12F1-4641-AC1A-6FB3DB0485D9}.Release|x86.Build.0 = Release|Win32
		{62AAFF7F-D766-4CD3-8800-18B2E1836EE2}.Debug|Any CPU.ActiveCfg = Debug|x64
		{62AAFF7F-D766-4CD3-8800-18B2E1836EE2}.Debug|Win32.ActiveCfg = Debug|Win32
		{62AAFF7F-D766-4CD3-8800-18B2E1836EE2}.Debug|Win32.Build.0 = Debug|Win32
		{62AAFF7F-D766-4CD3-8800-18B2E1836EE2}.Debug|x64.ActiveCfg = Debug|x64
		{62AAFF7F-D766-4CD3-8800-18B2E1836EE2}.Debug|x64.Build.0 = Debug|x64
		{62AAFF7F-D766-4CD3-8800-18B2E1836EE2}.Debug|x86.ActiveCfg = Debug|Win32
		{62AAFF7F-D766-4CD3-8800-18B2E1836EE2}.Debug|x86.Build.0 = Debug|Win32
		{62AAFF7F-D766-4CD3-8800-18B2E1836EE2}.Release|Any CPU.ActiveCfg = Release|x64
		{62AAFF7F-D766-4CD3-8800-18B2E1836EE2}.Release|Win32.ActiveCfg = Release|Win32
		{62AAFF7F-D766-4CD3-8800-18B2E1836EE2}.Release|Win32.Build.0 = Release|Win32
		{62AAFF7F-D766-4CD3-8800-18B2E1836EE2}.Release|x64.ActiveCfg = Release|x64
		{62AAFF7F-D766-4CD3-8800-18B2E1836EE2}.Release|x64.Build.0 = Release|x64
		{62AAFF7F-D766-4CD3-8800-18B2E1836EE2}.Release|x86.ActiveCfg = Release|Win32
		{62AAFF7F-D766-4CD3-8800-18B2E1836EE2}.Release|x86.Build.0 = Release|Win32
		{91410327-87A6-42DA-AC54-C18873A2BF28}.Debug|Any CPU.ActiveCfg = Debug|x64
		{91410327-87A6-42DA-AC54-C18873A2BF28}.Debug|Win32.ActiveCfg = Debug|Win32
		{91410327-87A6-42DA-AC54-C18873A2BF28}.Debug|Win32.Build.0 = Debug|Win32
		{91410327-87A6-42DA-AC54-C18873A2BF28}.Debug|x64.ActiveCfg = Debug|x64
		{91410327-87A6-42DA-AC54-C18873A2BF28}.Debug|x64.Build.0 = Debug|x64
		{91410327-87A6-42DA-AC54-C18873A2BF28}.Debug|x86.ActiveCfg = Debug|Win32
		{91410327-87A6-42DA-AC54-C18873A2BF28}.Debug|x86.Build.0 = Debug|Win32
		{91410327-87A6-42DA-AC54-C18873A2BF28}.Release|Any CPU.ActiveCfg = Release|x64
		{91410327-87A6-42DA-AC54-C18873A2BF28}.Release|Win32.ActiveCfg = Release|Win32
		{91410327-87A6-42DA-AC54-C18873A2BF28}.Release|Win32.Build.0 = Release|Win32
		{91410327-87A6-42DA-AC54-C18873A2BF28}.Release|x64.ActiveCfg = Release|x64
		{91410327-87A6-42DA-AC54-C18873A2BF28}.Release|x64.Build.0 = Release|x64
		{91410327-87A6-42DA-AC54-C18873A2BF28}.Release|x86.ActiveCfg = Release|Win32
		{91410327-87A6-42DA-AC54-C18873A2BF28}.Release|x86.Build.0 = Release|Win32
		{6FF29AA9-639B-4DD9-AFCF-BA2411AEF0A6}.Debug|Any CPU.ActiveCfg = Debug|x64
		{6FF29AA9-639B-4DD9-AFCF-BA2411AEF0A6}.Debug|Win32.ActiveCfg = Debug|Win32
		{6FF29AA9-639B-4DD9-AFCF-BA2411AEF0A6}.Debug|Win32.Build.0 = Debug|Win32
		{6FF29AA9-639B-4DD9-AFCF-BA2411AEF0A6}.Debug|x64.ActiveCfg = Debug|x64
		{6FF29AA9-639B-4DD9-AFCF-BA2411AEF0A6}.Debug|x64.Build.0 = Debug|x64
		{6FF29AA9-639B-4DD9-AFCF-BA2411AEF0A6}.Debug|x86.ActiveCfg = Debug|Win32
		{6FF29AA9-639B-4DD9-AFCF-BA2411AEF0A6}.Debug|x86.Build.0 = Debug|Win32
		{6FF29AA9-639B-4DD9-AFCF-BA2411AEF0A6}.Release|Any CPU.ActiveCfg = Release|x64
		{6FF29AA9-639B-4DD9-AFCF-BA2411AEF0A6}.Release|Win32.ActiveCfg = Release|Win32
		{6FF29AA9-639B-4DD9-AFCF-BA2411AEF0A6}.Release|Win32.Build.0 = Release|Win32
		{6FF29AA9-639B-4DD9-AFCF-BA2411AEF0A6}.Release|x64.ActiveCfg = Release|x64
		{6FF29AA9-639B-4DD9-AFCF-BA2411AEF0A6}.Release|x64.Build.0 = Release|x64
		{6FF29AA9-639B-4DD9-AFCF-BA2411AEF0A6}.Release|x86.ActiveCfg = Release|Win32
		{6FF29AA9-639B-4DD9-AFCF-BA2411AEF0A6}.Release|x86.Build.0 = Release|Win32
		{AA6FD96B-EC78-4586-9CA7-1DEA01182AC9}.Debug|Any CPU.ActiveCfg = Debug|x64
		{AA6FD96B-EC78-4586-9CA7-1DEA01182AC9}.Debug|Win32.ActiveCfg = Debug|Win32
		{AA6FD96B-EC78-4586-9CA7-1DEA01182AC9}.Debug|Win32.Build.0 = Debug|Win32
		{AA6FD96B-EC78-4586-9CA7-1DEA01182AC9}.Debug|x64.ActiveCfg = Debug|x64
		{AA6FD96B-EC78-4586-9CA7-1DEA01182AC9}.Debug|x64.Build.0 = Debug|x64
		{AA6FD96B-EC78-4586-9CA7-1DEA01182AC9}.Debug|x86.ActiveCfg = Debug|Win32
		{AA6FD96B-EC78-4586-9CA7-1DEA01182AC9}.Debug|x86.Build.0 = Debug|Win32
		{AA6FD96B-EC78-4586-9CA7-1DEA01182AC9}.Release|Any CPU.ActiveCfg = Release|x64
		{AA6FD96B-EC78-4586-9CA7-1DEA01182AC9}.Release|Win32.ActiveCfg = Release|Win32
		{AA6FD96B-EC78-4586-9CA7-1DEA01182AC9}.Release|Win32.Build.0 = Release|Win32
		{AA6FD96B-EC78-4586-9CA7-1DEA01182AC9}.Release|x64.ActiveCfg = Release|x64
		{AA6FD96B-EC78-4586-9CA7-1DEA01182AC9}.Release|x64.Build.0 = Release|x64
		{AA6FD96B-EC78-4586-9CA7-1DEA01182AC9}.Release|x86.ActiveCfg = Release|Win32
		{AA6FD96B-EC78-4586-9CA7-1DEA01182AC9}.Release|x86.Build.0 = Release|Win32
		{A8DAE3FE-69CF-4047-862C-E238E5622260}.Debug|Any CPU.ActiveCfg = Debug|x64
		{A8DAE3FE-69CF-4047-862C-E238E5622260}.Debug|Win32.ActiveCfg = Debug|Win32
		{A8DAE3FE-69CF-4047-862C-E238E5622260}.Debug|Win32.Build.0 = Debug|Win32
		{A8DAE3FE-69CF-4047-862C-E238E5622260}.Debug|x64.ActiveCfg = Debug|x64
		{A8DAE3FE-69CF-4047-862C-E238E5622260}.Debug|x64.Build.0 = Debug|x64
		{A8DAE3FE-69CF-4047-862C-E238E5622260}.Debug|x86.ActiveCfg = Debug|Win32
		{A8DAE3FE-69CF-4047-862C-E238E5622260}.Debug|x86.Build.0 = Debug|Win32
		{A8DAE3FE-69CF-4047-862C-E238E5622260}.Release|Any CPU.ActiveCfg = Release|x64
		{A8DAE3FE-69CF-4047-862C-E238E5622260}.Release|Win32.ActiveCfg = Release|Win32
		{A8DAE3FE-69CF-4047-862C-E238E5622260}.Release|Win32.Build.0 = Release|Win32
		{A8DAE3FE-69CF-4047-862C-E238E5622260}.Release|x64.ActiveCfg = Release|x64
		{A8DAE3FE-69CF-4047-862C-E238E5622260}.Release|x64.Build.0 = Release|x64
		{A8DAE3FE-69CF-4047-862C-E238E5622260}.Release|x86.ActiveCfg = Release|Win32
		{A8DAE3FE-69CF-4047-862C-E238E5622260}.Release|x86.Build.0 = Release|Win32
		{3627648B-5986-49A4-9443-F69919B722C6}.Debug|Any CPU.ActiveCfg = Debug|x64
		{3627648B-5986-49A4-9443-F69919B722C6}.Debug|Win32.ActiveCfg = Debug|Win32
		{3627648B-5986-49A4-9443-F69919B722C6}.Debug|Win32.Build.0 = Debug|Win32
		{3627648B-5986-49A4-9443-F69919B722C6}.Debug|x64.ActiveCfg = Debug|x64
		{3627648B-5986-49A4-9443-F69919B722C6}.Debug|x64.Build.0 = Debug|x64
		{3627648B-5986-49A4-9443-F69919B722C6}.Debug|x86.ActiveCfg = Debug|Win32
		{3627648B-5986-49A4-9443-F69919B722C6}.Debug|x86.Build.0 = Debug|Win32
		{3627648B-5986-49A4-9443-F69919B722C6}.Release|Any CPU.ActiveCfg = Release|x64
		{3627648B-5986-49A4-9443-F69919B722C6}.Release|Win32.ActiveCfg = Release|Win32
		{3627648B-5986-49A4-9443-F69919B722C6}.Release|Win32.Build.0 = Release|Win32
		{3627648B-5986-49A4-9443-F69919B722C6}.Release|x64.ActiveCfg = Release|x64
		{3627648B-5986-49A4-9443-F69919B722C6}.Release|x64.Build.0 = Release|x64
		{3627648B-5986-49A4-9443-F69919B722C6}.Release|x86.ActiveCfg = Release|Win32
		{3627648B-5986-49A4-9443-F69919B722C6}.Release|x86.Build.0 = Release|Win32
		{5A396AF5-AD77-41CF-8C94-7571A9833F97}.Debug|Any CPU.ActiveCfg = Debug|x64
		{5A396AF5-AD77-41CF-8C94-7571A9833F97}.Debug|Win32.ActiveCfg = Debug|Win32
		{5A396AF5-AD77-41CF-8C94-7571A9833F97}.Debug|Win32.Build.0 = Debug|Win32
		{5A396AF5-AD77-41CF-8C94-7571A9833F97}.Debug|x64.ActiveCfg = Debug|x64
		{5A396AF5-AD77-41CF-8C94-7571A9833F97}.Debug|x64.Build.0 = Debug|x64
		{5A396AF5-AD77-41CF-8C94-7571A9833F97}.Debug|x86.ActiveCfg = Debug|Win32
		{5A396AF5-AD77-41CF-8C94-7571A9833F97}.Debug|x86.Build.0 = Debug|Win32
		{5A396AF5-AD77-41CF-8C94-7571A9833F97}.Release|Any CPU.ActiveCfg = Release|x64
		{5A396AF5-AD77-41CF-8C94-7571A9833F97}.Release|Win32.ActiveCfg = Release|Win32
		{5A396AF5-AD77-41CF-8C94-7571A9833F97}.Release|Win32.Build.0 = Release|Win32
		{5A396AF5-AD77-41CF-8C94-7571A9833F97}.Release|x64.ActiveCfg = Release|x64
		{5A396AF5-AD77-41CF-8C94-7571A9833F97}.Release|x64.Build.0 = Release|x64
		{5A396AF5-AD77-41CF-8C94-7571A9833F97}.Release|x86.ActiveCfg = Release|Win32
		{5A396AF5-AD77-41CF-8C94-7571A9833F97}.Release|x86.Build.0 = Release|Win32
		{4AC9715E-3B7C-476F-A5A1-8FEBC9FEAE06}.Debug|Any CPU.ActiveCfg = Debug|x64
		{4AC9715E-3B7C-476F-A5A1-8FEBC9FEAE06}.Debug|Win32.ActiveCfg = Debug|Win32
		{4AC9715E-3B7C-476F-A5A1-8FEBC9FEAE06}.Debug|Win32.Build.0 = Debug|Win32
		{4AC9715E-3B7C-476F-A5A1-8FEBC9FEAE06}.Debug|x64.ActiveCfg = Debug|x64
		{4AC9715E-3B7C-476F-A5A1-8FEBC9FEAE06}.Debug|x64.Build.0 = Debug|x64
		{4AC9715E-3B7C-476F-A5A1-8FEBC9FEAE06}.Debug|x86.ActiveCfg = Debug|Win32
		{4AC9715E-3B7C-476F-A5A1-8FEBC9FEAE06}.Debug|x86.Build.0 = Debug|Win32
		{4AC9715E-3B7C-476F-A5A1-8FEBC9FEAE06}.Release|Any CPU.ActiveCfg = Release|x64
		{4AC9715E-3B7C-476F-A5A1-8FEBC9FEAE06}.Release|Win32.ActiveCfg = Release|Win32
		{4AC9715E-3B7C-476F-A5A1-8FEBC9FEAE06}.Release|Win32.Build.0 = Release|Win32
		{4AC9715E-3B7C-476F-A5A1-8FEBC9FEAE06}.Release|x64.ActiveCfg = Release|x64
		{4AC9715E-3B7C-476F-A5A1-8FEBC9FEAE06}.Release|x64.Build.0 = Release|x64
		{4AC9715E-3B7C-476F-A5A1-8FEBC9FEAE06}.Release|x86.ActiveCfg = Release|Win32
		{4AC9715E-3B7C-476F-A5A1-8FEBC9FEAE06}.Release|x86.Build.0 = Release|Win32
		{55D6964A-9E2B-4FAF-BF3D-BD1CFEBB9038}.Debug|Any CPU.ActiveCfg = Debug|x64
		{55D6964A-9E2B-4FAF-BF3D-BD1CFEBB9038}.Debug|Win32.ActiveCfg = Debug|Win32
		{55D6964A-9E2B-4FAF-BF3D-BD1CFEBB9038}.Debug|Win32.Build.0 = Debug|Win32
		{55D6964A-9E2B-4FAF-BF3D-BD1CFEBB9038}.Debug|x64.ActiveCfg = Debug|x64
		{55D6964A-9E2B-4FAF-BF3D-BD1CFEBB9038}.Debug|x64.Build.0 = Debug|x64
		{55D6964A-9E2B-4FAF-BF3D-BD1CFEBB9038}.Debug|x86.ActiveCfg = Debug|Win32
		{55D6964A-9E2B-4FAF-BF3D-BD1CFEBB9038}.Debug|x86.Build.0 = Debug|Win32
		{55D6964A-9E2B-4FAF-BF3D-BD1CFEBB9038}.Release|Any CPU.ActiveCfg = Release|x64
		{55D6964A-9E2B-4FAF-BF3D-BD1CFEBB9038}.Release|Win32.ActiveCfg = Release|Win32
		{55D6964A-9E2B-4FAF-BF3D-BD1CFEBB9038}.Release|Win32.Build.0 = Release|Win32
		{55D6964A-9E2B-4FAF-BF3D-BD1CFEBB9038}.Release|x64.ActiveCfg = Release|x64
		{55D6964A-9E2B-4FAF-BF3D-BD1CFEBB9038}.Release|x64.Build.0 = Release|x64
		{55D6964A-9E2B-4FAF-BF3D-BD1CFEBB9038}.Release|x86.ActiveCfg = Release|Win32
		{55D6964A-9E2B-4FAF-BF3D-BD1CFEBB9038}.Release|x86.Build.0 = Release|Win32
		{4C7BEE69-7074-4DE4-9025-31307F1080F9}.Debug|Any CPU.ActiveCfg = Debug|Any CPU
		{4C7BEE69-7074-4DE4-9025-31307F1080F9}.Debug|Any CPU.Build.0 = Debug|Any CPU
		{4C7BEE69-7074-4DE4-9025-31307F1080F9}.Debug|Win32.ActiveCfg = Debug|x86
		{4C7BEE69-7074-4DE4-9025-31307F1080F9}.Debug|Win32.Build.0 = Debug|x86
		{4C7BEE69-7074-4DE4-9025-31307F1080F9}.Debug|x64.ActiveCfg = Debug|x64
		{4C7BEE69-7074-4DE4-9025-31307F1080F9}.Debug|x64.Build.0 = Debug|x64
		{4C7BEE69-7074-4DE4-9025-31307F1080F9}.Debug|x86.ActiveCfg = Debug|x86
		{4C7BEE69-7074-4DE4-9025-31307F1080F9}.Debug|x86.Build.0 = Debug|x86
		{4C7BEE69-7074-4DE4-9025-31307F1080F9}.Release|Any CPU.ActiveCfg = Release|Any CPU
		{4C7BEE69-7074-4DE4-9025-31307F1080F9}.Release|Any CPU.Build.0 = Release|Any CPU
		{4C7BEE69-7074-4DE4-9025-31307F1080F9}.Release|Win32.ActiveCfg = Release|x86
		{4C7BEE69-7074-4DE4-9025-31307F1080F9}.Release|Win32.Build.0 = Release|x86
		{4C7BEE69-7074-4DE4-9025-31307F1080F9}.Release|x64.ActiveCfg = Release|x64
		{4C7BEE69-7074-4DE4-9025-31307F1080F9}.Release|x64.Build.0 = Release|x64
		{4C7BEE69-7074-4DE4-9025-31307F1080F9}.Release|x86.ActiveCfg = Release|x86
		{4C7BEE69-7074-4DE4-9025-31307F1080F9}.Release|x86.Build.0 = Release|x86
		{0F0632CE-269B-4BCA-91CA-692640F9ADEC}.Debug|Any CPU.ActiveCfg = Debug|Any CPU
		{0F0632CE-269B-4BCA-91CA-692640F9ADEC}.Debug|Any CPU.Build.0 = Debug|Any CPU
		{0F0632CE-269B-4BCA-91CA-692640F9ADEC}.Debug|Win32.ActiveCfg = Debug|x86
		{0F0632CE-269B-4BCA-91CA-692640F9ADEC}.Debug|Win32.Build.0 = Debug|x86
		{0F0632CE-269B-4BCA-91CA-692640F9ADEC}.Debug|x64.ActiveCfg = Debug|x64
		{0F0632CE-269B-4BCA-91CA-692640F9ADEC}.Debug|x64.Build.0 = Debug|x64
		{0F0632CE-269B-4BCA-91CA-692640F9ADEC}.Debug|x86.ActiveCfg = Debug|x86
		{0F0632CE-269B-4BCA-91CA-692640F9ADEC}.Debug|x86.Build.0 = Debug|x86
		{0F0632CE-269B-4BCA-91CA-692640F9ADEC}.Release|Any CPU.ActiveCfg = Release|Any CPU
		{0F0632CE-269B-4BCA-91CA-692640F9ADEC}.Release|Any CPU.Build.0 = Release|Any CPU
		{0F0632CE-269B-4BCA-91CA-692640F9ADEC}.Release|Win32.ActiveCfg = Release|x86
		{0F0632CE-269B-4BCA-91CA-692640F9ADEC}.Release|Win32.Build.0 = Release|x86
		{0F0632CE-269B-4BCA-91CA-692640F9ADEC}.Release|x64.ActiveCfg = Release|x64
		{0F0632CE-269B-4BCA-91CA-692640F9ADEC}.Release|x64.Build.0 = Release|x64
		{0F0632CE-269B-4BCA-91CA-692640F9ADEC}.Release|x86.ActiveCfg = Release|x86
		{0F0632CE-269B-4BCA-91CA-692640F9ADEC}.Release|x86.Build.0 = Release|x86
		{9E41EEB5-FD3E-48AE-BEA0-4E53FE24F733}.Debug|Any CPU.ActiveCfg = Debug|Any CPU
		{9E41EEB5-FD3E-48AE-BEA0-4E53FE24F733}.Debug|Any CPU.Build.0 = Debug|Any CPU
		{9E41EEB5-FD3E-48AE-BEA0-4E53FE24F733}.Debug|Win32.ActiveCfg = Debug|x86
		{9E41EEB5-FD3E-48AE-BEA0-4E53FE24F733}.Debug|Win32.Build.0 = Debug|x86
		{9E41EEB5-FD3E-48AE-BEA0-4E53FE24F733}.Debug|x64.ActiveCfg = Debug|x64
		{9E41EEB5-FD3E-48AE-BEA0-4E53FE24F733}.Debug|x64.Build.0 = Debug|x64
		{9E41EEB5-FD3E-48AE-BEA0-4E53FE24F733}.Debug|x86.ActiveCfg = Debug|x86
		{9E41EEB5-FD3E-48AE-BEA0-4E53FE24F733}.Debug|x86.Build.0 = Debug|x86
		{9E41EEB5-FD3E-48AE-BEA0-4E53FE24F733}.Release|Any CPU.ActiveCfg = Release|Any CPU
		{9E41EEB5-FD3E-48AE-BEA0-4E53FE24F733}.Release|Any CPU.Build.0 = Release|Any CPU
		{9E41EEB5-FD3E-48AE-BEA0-4E53FE24F733}.Release|Win32.ActiveCfg = Release|x86
		{9E41EEB5-FD3E-48AE-BEA0-4E53FE24F733}.Release|Win32.Build.0 = Release|x86
		{9E41EEB5-FD3E-48AE-BEA0-4E53FE24F733}.Release|x64.ActiveCfg = Release|x64
		{9E41EEB5-FD3E-48AE-BEA0-4E53FE24F733}.Release|x64.Build.0 = Release|x64
		{9E41EEB5-FD3E-48AE-BEA0-4E53FE24F733}.Release|x86.ActiveCfg = Release|x86
		{9E41EEB5-FD3E-48AE-BEA0-4E53FE24F733}.Release|x86.Build.0 = Release|x86
		{70E18C43-9E62-4D64-91E2-747A239BF9B4}.Debug|Any CPU.ActiveCfg = Debug|Any CPU
		{70E18C43-9E62-4D64-91E2-747A239BF9B4}.Debug|Any CPU.Build.0 = Debug|Any CPU
		{70E18C43-9E62-4D64-91E2-747A239BF9B4}.Debug|Win32.ActiveCfg = Debug|x86
		{70E18C43-9E62-4D64-91E2-747A239BF9B4}.Debug|Win32.Build.0 = Debug|x86
		{70E18C43-9E62-4D64-91E2-747A239BF9B4}.Debug|x64.ActiveCfg = Debug|x64
		{70E18C43-9E62-4D64-91E2-747A239BF9B4}.Debug|x64.Build.0 = Debug|x64
		{70E18C43-9E62-4D64-91E2-747A239BF9B4}.Debug|x86.ActiveCfg = Debug|x86
		{70E18C43-9E62-4D64-91E2-747A239BF9B4}.Debug|x86.Build.0 = Debug|x86
		{70E18C43-9E62-4D64-91E2-747A239BF9B4}.Release|Any CPU.ActiveCfg = Release|Any CPU
		{70E18C43-9E62-4D64-91E2-747A239BF9B4}.Release|Any CPU.Build.0 = Release|Any CPU
		{70E18C43-9E62-4D64-91E2-747A239BF9B4}.Release|Win32.ActiveCfg = Release|x86
		{70E18C43-9E62-4D64-91E2-747A239BF9B4}.Release|Win32.Build.0 = Release|x86
		{70E18C43-9E62-4D64-91E2-747A239BF9B4}.Release|x64.ActiveCfg = Release|x64
		{70E18C43-9E62-4D64-91E2-747A239BF9B4}.Release|x64.Build.0 = Release|x64
		{70E18C43-9E62-4D64-91E2-747A239BF9B4}.Release|x86.ActiveCfg = Release|x86
		{70E18C43-9E62-4D64-91E2-747A239BF9B4}.Release|x86.Build.0 = Release|x86
		{31A4354F-A8D6-4715-A532-898726A9B604}.Debug|Any CPU.ActiveCfg = Debug|Any CPU
		{31A4354F-A8D6-4715-A532-898726A9B604}.Debug|Any CPU.Build.0 = Debug|Any CPU
		{31A4354F-A8D6-4715-A532-898726A9B604}.Debug|Win32.ActiveCfg = Debug|x86
		{31A4354F-A8D6-4715-A532-898726A9B604}.Debug|Win32.Build.0 = Debug|x86
		{31A4354F-A8D6-4715-A532-898726A9B604}.Debug|x64.ActiveCfg = Debug|x64
		{31A4354F-A8D6-4715-A532-898726A9B604}.Debug|x64.Build.0 = Debug|x64
		{31A4354F-A8D6-4715-A532-898726A9B604}.Debug|x86.ActiveCfg = Debug|x86
		{31A4354F-A8D6-4715-A532-898726A9B604}.Debug|x86.Build.0 = Debug|x86
		{31A4354F-A8D6-4715-A532-898726A9B604}.Release|Any CPU.ActiveCfg = Release|Any CPU
		{31A4354F-A8D6-4715-A532-898726A9B604}.Release|Any CPU.Build.0 = Release|Any CPU
		{31A4354F-A8D6-4715-A532-898726A9B604}.Release|Win32.ActiveCfg = Release|x86
		{31A4354F-A8D6-4715-A532-898726A9B604}.Release|Win32.Build.0 = Release|x86
		{31A4354F-A8D6-4715-A532-898726A9B604}.Release|x64.ActiveCfg = Release|x64
		{31A4354F-A8D6-4715-A532-898726A9B604}.Release|x64.Build.0 = Release|x64
		{31A4354F-A8D6-4715-A532-898726A9B604}.Release|x86.ActiveCfg = Release|x86
		{31A4354F-A8D6-4715-A532-898726A9B604}.Release|x86.Build.0 = Release|x86
		{2950B261-478B-4EF6-BCCB-7EC67600BA41}.Debug|Any CPU.ActiveCfg = Debug|Any CPU
		{2950B261-478B-4EF6-BCCB-7EC67600BA41}.Debug|Any CPU.Build.0 = Debug|Any CPU
		{2950B261-478B-4EF6-BCCB-7EC67600BA41}.Debug|Win32.ActiveCfg = Debug|x86
		{2950B261-478B-4EF6-BCCB-7EC67600BA41}.Debug|Win32.Build.0 = Debug|x86
		{2950B261-478B-4EF6-BCCB-7EC67600BA41}.Debug|x64.ActiveCfg = Debug|x64
		{2950B261-478B-4EF6-BCCB-7EC67600BA41}.Debug|x64.Build.0 = Debug|x64
		{2950B261-478B-4EF6-BCCB-7EC67600BA41}.Debug|x86.ActiveCfg = Debug|x86
		{2950B261-478B-4EF6-BCCB-7EC67600BA41}.Debug|x86.Build.0 = Debug|x86
		{2950B261-478B-4EF6-BCCB-7EC67600BA41}.Release|Any CPU.ActiveCfg = Release|Any CPU
		{2950B261-478B-4EF6-BCCB-7EC67600BA41}.Release|Any CPU.Build.0 = Release|Any CPU
		{2950B261-478B-4EF6-BCCB-7EC67600BA41}.Release|Win32.ActiveCfg = Release|x86
		{2950B261-478B-4EF6-BCCB-7EC67600BA41}.Release|Win32.Build.0 = Release|x86
		{2950B261-478B-4EF6-BCCB-7EC67600BA41}.Release|x64.ActiveCfg = Release|x64
		{2950B261-478B-4EF6-BCCB-7EC67600BA41}.Release|x64.Build.0 = Release|x64
		{2950B261-478B-4EF6-BCCB-7EC67600BA41}.Release|x86.ActiveCfg = Release|x86
		{2950B261-478B-4EF6-BCCB-7EC67600BA41}.Release|x86.Build.0 = Release|x86
		{F5276292-7E8D-4DE7-A79F-8D9BB97B02D1}.Debug|Any CPU.ActiveCfg = Debug|Any CPU
		{F5276292-7E8D-4DE7-A79F-8D9BB97B02D1}.Debug|Any CPU.Build.0 = Debug|Any CPU
		{F5276292-7E8D-4DE7-A79F-8D9BB97B02D1}.Debug|Win32.ActiveCfg = Debug|x86
		{F5276292-7E8D-4DE7-A79F-8D9BB97B02D1}.Debug|Win32.Build.0 = Debug|x86
		{F5276292-7E8D-4DE7-A79F-8D9BB97B02D1}.Debug|x64.ActiveCfg = Debug|x64
		{F5276292-7E8D-4DE7-A79F-8D9BB97B02D1}.Debug|x64.Build.0 = Debug|x64
		{F5276292-7E8D-4DE7-A79F-8D9BB97B02D1}.Debug|x86.ActiveCfg = Debug|x86
		{F5276292-7E8D-4DE7-A79F-8D9BB97B02D1}.Debug|x86.Build.0 = Debug|x86
		{F5276292-7E8D-4DE7-A79F-8D9BB97B02D1}.Release|Any CPU.ActiveCfg = Release|Any CPU
		{F5276292-7E8D-4DE7-A79F-8D9BB97B02D1}.Release|Any CPU.Build.0 = Release|Any CPU
		{F5276292-7E8D-4DE7-A79F-8D9BB97B02D1}.Release|Win32.ActiveCfg = Release|x86
		{F5276292-7E8D-4DE7-A79F-8D9BB97B02D1}.Release|Win32.Build.0 = Release|x86
		{F5276292-7E8D-4DE7-A79F-8D9BB97B02D1}.Release|x64.ActiveCfg = Release|x64
		{F5276292-7E8D-4DE7-A79F-8D9BB97B02D1}.Release|x64.Build.0 = Release|x64
		{F5276292-7E8D-4DE7-A79F-8D9BB97B02D1}.Release|x86.ActiveCfg = Release|x86
		{F5276292-7E8D-4DE7-A79F-8D9BB97B02D1}.Release|x86.Build.0 = Release|x86
		{BFAA51EF-08AC-43A3-9D6B-99AE10726CFB}.Debug|Any CPU.ActiveCfg = Debug|Any CPU
		{BFAA51EF-08AC-43A3-9D6B-99AE10726CFB}.Debug|Any CPU.Build.0 = Debug|Any CPU
		{BFAA51EF-08AC-43A3-9D6B-99AE10726CFB}.Debug|Win32.ActiveCfg = Debug|x86
		{BFAA51EF-08AC-43A3-9D6B-99AE10726CFB}.Debug|Win32.Build.0 = Debug|x86
		{BFAA51EF-08AC-43A3-9D6B-99AE10726CFB}.Debug|x64.ActiveCfg = Debug|x64
		{BFAA51EF-08AC-43A3-9D6B-99AE10726CFB}.Debug|x64.Build.0 = Debug|x64
		{BFAA51EF-08AC-43A3-9D6B-99AE10726CFB}.Debug|x86.ActiveCfg = Debug|x86
		{BFAA51EF-08AC-43A3-9D6B-99AE10726CFB}.Debug|x86.Build.0 = Debug|x86
		{BFAA51EF-08AC-43A3-9D6B-99AE10726CFB}.Release|Any CPU.ActiveCfg = Release|Any CPU
		{BFAA51EF-08AC-43A3-9D6B-99AE10726CFB}.Release|Any CPU.Build.0 = Release|Any CPU
		{BFAA51EF-08AC-43A3-9D6B-99AE10726CFB}.Release|Win32.ActiveCfg = Release|x86
		{BFAA51EF-08AC-43A3-9D6B-99AE10726CFB}.Release|Win32.Build.0 = Release|x86
		{BFAA51EF-08AC-43A3-9D6B-99AE10726CFB}.Release|x64.ActiveCfg = Release|x64
		{BFAA51EF-08AC-43A3-9D6B-99AE10726CFB}.Release|x64.Build.0 = Release|x64
		{BFAA51EF-08AC-43A3-9D6B-99AE10726CFB}.Release|x86.ActiveCfg = Release|x86
		{BFAA51EF-08AC-43A3-9D6B-99AE10726CFB}.Release|x86.Build.0 = Release|x86
		{6BCA5B25-60BD-4EA2-91CA-6B1A1910E5CB}.Debug|Any CPU.ActiveCfg = Debug|Any CPU
		{6BCA5B25-60BD-4EA2-91CA-6B1A1910E5CB}.Debug|Any CPU.Build.0 = Debug|Any CPU
		{6BCA5B25-60BD-4EA2-91CA-6B1A1910E5CB}.Debug|Win32.ActiveCfg = Debug|x86
		{6BCA5B25-60BD-4EA2-91CA-6B1A1910E5CB}.Debug|Win32.Build.0 = Debug|x86
		{6BCA5B25-60BD-4EA2-91CA-6B1A1910E5CB}.Debug|x64.ActiveCfg = Debug|x64
		{6BCA5B25-60BD-4EA2-91CA-6B1A1910E5CB}.Debug|x64.Build.0 = Debug|x64
		{6BCA5B25-60BD-4EA2-91CA-6B1A1910E5CB}.Debug|x86.ActiveCfg = Debug|x86
		{6BCA5B25-60BD-4EA2-91CA-6B1A1910E5CB}.Debug|x86.Build.0 = Debug|x86
		{6BCA5B25-60BD-4EA2-91CA-6B1A1910E5CB}.Release|Any CPU.ActiveCfg = Release|Any CPU
		{6BCA5B25-60BD-4EA2-91CA-6B1A1910E5CB}.Release|Any CPU.Build.0 = Release|Any CPU
		{6BCA5B25-60BD-4EA2-91CA-6B1A1910E5CB}.Release|Win32.ActiveCfg = Release|x86
		{6BCA5B25-60BD-4EA2-91CA-6B1A1910E5CB}.Release|Win32.Build.0 = Release|x86
		{6BCA5B25-60BD-4EA2-91CA-6B1A1910E5CB}.Release|x64.ActiveCfg = Release|x64
		{6BCA5B25-60BD-4EA2-91CA-6B1A1910E5CB}.Release|x64.Build.0 = Release|x64
		{6BCA5B25-60BD-4EA2-91CA-6B1A1910E5CB}.Release|x86.ActiveCfg = Release|x86
		{6BCA5B25-60BD-4EA2-91CA-6B1A1910E5CB}.Release|x86.Build.0 = Release|x86
		{5CB9BE99-070A-47F9-ADAD-7C46CF952063}.Debug|Any CPU.ActiveCfg = Debug|Any CPU
		{5CB9BE99-070A-47F9-ADAD-7C46CF952063}.Debug|Any CPU.Build.0 = Debug|Any CPU
		{5CB9BE99-070A-47F9-ADAD-7C46CF952063}.Debug|Win32.ActiveCfg = Debug|x86
		{5CB9BE99-070A-47F9-ADAD-7C46CF952063}.Debug|Win32.Build.0 = Debug|x86
		{5CB9BE99-070A-47F9-ADAD-7C46CF952063}.Debug|x64.ActiveCfg = Debug|x64
		{5CB9BE99-070A-47F9-ADAD-7C46CF952063}.Debug|x64.Build.0 = Debug|x64
		{5CB9BE99-070A-47F9-ADAD-7C46CF952063}.Debug|x86.ActiveCfg = Debug|x86
		{5CB9BE99-070A-47F9-ADAD-7C46CF952063}.Debug|x86.Build.0 = Debug|x86
		{5CB9BE99-070A-47F9-ADAD-7C46CF952063}.Release|Any CPU.ActiveCfg = Release|Any CPU
		{5CB9BE99-070A-47F9-ADAD-7C46CF952063}.Release|Any CPU.Build.0 = Release|Any CPU
		{5CB9BE99-070A-47F9-ADAD-7C46CF952063}.Release|Win32.ActiveCfg = Release|x86
		{5CB9BE99-070A-47F9-ADAD-7C46CF952063}.Release|Win32.Build.0 = Release|x86
		{5CB9BE99-070A-47F9-ADAD-7C46CF952063}.Release|x64.ActiveCfg = Release|x64
		{5CB9BE99-070A-47F9-ADAD-7C46CF952063}.Release|x64.Build.0 = Release|x64
		{5CB9BE99-070A-47F9-ADAD-7C46CF952063}.Release|x86.ActiveCfg = Release|x86
		{5CB9BE99-070A-47F9-ADAD-7C46CF952063}.Release|x86.Build.0 = Release|x86
		{801C0CB2-7AD5-4905-84DA-69BDFB7C8E6D}.Debug|Any CPU.ActiveCfg = Debug|Any CPU
		{801C0CB2-7AD5-4905-84DA-69BDFB7C8E6D}.Debug|Any CPU.Build.0 = Debug|Any CPU
		{801C0CB2-7AD5-4905-84DA-69BDFB7C8E6D}.Debug|Win32.ActiveCfg = Debug|x86
		{801C0CB2-7AD5-4905-84DA-69BDFB7C8E6D}.Debug|Win32.Build.0 = Debug|x86
		{801C0CB2-7AD5-4905-84DA-69BDFB7C8E6D}.Debug|x64.ActiveCfg = Debug|x64
		{801C0CB2-7AD5-4905-84DA-69BDFB7C8E6D}.Debug|x64.Build.0 = Debug|x64
		{801C0CB2-7AD5-4905-84DA-69BDFB7C8E6D}.Debug|x86.ActiveCfg = Debug|x86
		{801C0CB2-7AD5-4905-84DA-69BDFB7C8E6D}.Debug|x86.Build.0 = Debug|x86
		{801C0CB2-7AD5-4905-84DA-69BDFB7C8E6D}.Release|Any CPU.ActiveCfg = Release|Any CPU
		{801C0CB2-7AD5-4905-84DA-69BDFB7C8E6D}.Release|Any CPU.Build.0 = Release|Any CPU
		{801C0CB2-7AD5-4905-84DA-69BDFB7C8E6D}.Release|Win32.ActiveCfg = Release|x86
		{801C0CB2-7AD5-4905-84DA-69BDFB7C8E6D}.Release|Win32.Build.0 = Release|x86
		{801C0CB2-7AD5-4905-84DA-69BDFB7C8E6D}.Release|x64.ActiveCfg = Release|x64
		{801C0CB2-7AD5-4905-84DA-69BDFB7C8E6D}.Release|x64.Build.0 = Release|x64
		{801C0CB2-7AD5-4905-84DA-69BDFB7C8E6D}.Release|x86.ActiveCfg = Release|x86
		{801C0CB2-7AD5-4905-84DA-69BDFB7C8E6D}.Release|x86.Build.0 = Release|x86
		{D6A06D16-B60D-4533-9D13-94BD859F271B}.Debug|Any CPU.ActiveCfg = Debug|Any CPU
		{D6A06D16-B60D-4533-9D13-94BD859F271B}.Debug|Any CPU.Build.0 = Debug|Any CPU
		{D6A06D16-B60D-4533-9D13-94BD859F271B}.Debug|Win32.ActiveCfg = Debug|x86
		{D6A06D16-B60D-4533-9D13-94BD859F271B}.Debug|Win32.Build.0 = Debug|x86
		{D6A06D16-B60D-4533-9D13-94BD859F271B}.Debug|x64.ActiveCfg = Debug|x64
		{D6A06D16-B60D-4533-9D13-94BD859F271B}.Debug|x64.Build.0 = Debug|x64
		{D6A06D16-B60D-4533-9D13-94BD859F271B}.Debug|x86.ActiveCfg = Debug|x86
		{D6A06D16-B60D-4533-9D13-94BD859F271B}.Debug|x86.Build.0 = Debug|x86
		{D6A06D16-B60D-4533-9D13-94BD859F271B}.Release|Any CPU.ActiveCfg = Release|Any CPU
		{D6A06D16-B60D-4533-9D13-94BD859F271B}.Release|Any CPU.Build.0 = Release|Any CPU
		{D6A06D16-B60D-4533-9D13-94BD859F271B}.Release|Win32.ActiveCfg = Release|x86
		{D6A06D16-B60D-4533-9D13-94BD859F271B}.Release|Win32.Build.0 = Release|x86
		{D6A06D16-B60D-4533-9D13-94BD859F271B}.Release|x64.ActiveCfg = Release|x64
		{D6A06D16-B60D-4533-9D13-94BD859F271B}.Release|x64.Build.0 = Release|x64
		{D6A06D16-B60D-4533-9D13-94BD859F271B}.Release|x86.ActiveCfg = Release|x86
		{D6A06D16-B60D-4533-9D13-94BD859F271B}.Release|x86.Build.0 = Release|x86
		{BBE95CD3-BF51-4D02-9ADD-71599F796D9C}.Debug|Any CPU.ActiveCfg = Debug|Any CPU
		{BBE95CD3-BF51-4D02-9ADD-71599F796D9C}.Debug|Any CPU.Build.0 = Debug|Any CPU
		{BBE95CD3-BF51-4D02-9ADD-71599F796D9C}.Debug|Win32.ActiveCfg = Debug|x86
		{BBE95CD3-BF51-4D02-9ADD-71599F796D9C}.Debug|Win32.Build.0 = Debug|x86
		{BBE95CD3-BF51-4D02-9ADD-71599F796D9C}.Debug|x64.ActiveCfg = Debug|x64
		{BBE95CD3-BF51-4D02-9ADD-71599F796D9C}.Debug|x64.Build.0 = Debug|x64
		{BBE95CD3-BF51-4D02-9ADD-71599F796D9C}.Debug|x86.ActiveCfg = Debug|x86
		{BBE95CD3-BF51-4D02-9ADD-71599F796D9C}.Debug|x86.Build.0 = Debug|x86
		{BBE95CD3-BF51-4D02-9ADD-71599F796D9C}.Release|Any CPU.ActiveCfg = Release|Any CPU
		{BBE95CD3-BF51-4D02-9ADD-71599F796D9C}.Release|Any CPU.Build.0 = Release|Any CPU
		{BBE95CD3-BF51-4D02-9ADD-71599F796D9C}.Release|Win32.ActiveCfg = Release|x86
		{BBE95CD3-BF51-4D02-9ADD-71599F796D9C}.Release|Win32.Build.0 = Release|x86
		{BBE95CD3-BF51-4D02-9ADD-71599F796D9C}.Release|x64.ActiveCfg = Release|x64
		{BBE95CD3-BF51-4D02-9ADD-71599F796D9C}.Release|x64.Build.0 = Release|x64
		{BBE95CD3-BF51-4D02-9ADD-71599F796D9C}.Release|x86.ActiveCfg = Release|x86
		{BBE95CD3-BF51-4D02-9ADD-71599F796D9C}.Release|x86.Build.0 = Release|x86
		{C530CA06-9B7B-4AC1-BE80-BC1799D2B8D8}.Debug|Any CPU.ActiveCfg = Debug|Any CPU
		{C530CA06-9B7B-4AC1-BE80-BC1799D2B8D8}.Debug|Any CPU.Build.0 = Debug|Any CPU
		{C530CA06-9B7B-4AC1-BE80-BC1799D2B8D8}.Debug|Win32.ActiveCfg = Debug|x86
		{C530CA06-9B7B-4AC1-BE80-BC1799D2B8D8}.Debug|Win32.Build.0 = Debug|x86
		{C530CA06-9B7B-4AC1-BE80-BC1799D2B8D8}.Debug|x64.ActiveCfg = Debug|x64
		{C530CA06-9B7B-4AC1-BE80-BC1799D2B8D8}.Debug|x64.Build.0 = Debug|x64
		{C530CA06-9B7B-4AC1-BE80-BC1799D2B8D8}.Debug|x86.ActiveCfg = Debug|x86
		{C530CA06-9B7B-4AC1-BE80-BC1799D2B8D8}.Debug|x86.Build.0 = Debug|x86
		{C530CA06-9B7B-4AC1-BE80-BC1799D2B8D8}.Release|Any CPU.ActiveCfg = Release|Any CPU
		{C530CA06-9B7B-4AC1-BE80-BC1799D2B8D8}.Release|Any CPU.Build.0 = Release|Any CPU
		{C530CA06-9B7B-4AC1-BE80-BC1799D2B8D8}.Release|Win32.ActiveCfg = Release|x86
		{C530CA06-9B7B-4AC1-BE80-BC1799D2B8D8}.Release|Win32.Build.0 = Release|x86
		{C530CA06-9B7B-4AC1-BE80-BC1799D2B8D8}.Release|x64.ActiveCfg = Release|x64
		{C530CA06-9B7B-4AC1-BE80-BC1799D2B8D8}.Release|x64.Build.0 = Release|x64
		{C530CA06-9B7B-4AC1-BE80-BC1799D2B8D8}.Release|x86.ActiveCfg = Release|x86
		{C530CA06-9B7B-4AC1-BE80-BC1799D2B8D8}.Release|x86.Build.0 = Release|x86
		{D68195FD-27E0-4CFC-AC2F-704587504F1D}.Debug|Any CPU.ActiveCfg = Debug|Any CPU
		{D68195FD-27E0-4CFC-AC2F-704587504F1D}.Debug|Any CPU.Build.0 = Debug|Any CPU
		{D68195FD-27E0-4CFC-AC2F-704587504F1D}.Debug|Win32.ActiveCfg = Debug|x86
		{D68195FD-27E0-4CFC-AC2F-704587504F1D}.Debug|Win32.Build.0 = Debug|x86
		{D68195FD-27E0-4CFC-AC2F-704587504F1D}.Debug|x64.ActiveCfg = Debug|x64
		{D68195FD-27E0-4CFC-AC2F-704587504F1D}.Debug|x64.Build.0 = Debug|x64
		{D68195FD-27E0-4CFC-AC2F-704587504F1D}.Debug|x86.ActiveCfg = Debug|x86
		{D68195FD-27E0-4CFC-AC2F-704587504F1D}.Debug|x86.Build.0 = Debug|x86
		{D68195FD-27E0-4CFC-AC2F-704587504F1D}.Release|Any CPU.ActiveCfg = Release|Any CPU
		{D68195FD-27E0-4CFC-AC2F-704587504F1D}.Release|Any CPU.Build.0 = Release|Any CPU
		{D68195FD-27E0-4CFC-AC2F-704587504F1D}.Release|Win32.ActiveCfg = Release|x86
		{D68195FD-27E0-4CFC-AC2F-704587504F1D}.Release|Win32.Build.0 = Release|x86
		{D68195FD-27E0-4CFC-AC2F-704587504F1D}.Release|x64.ActiveCfg = Release|x64
		{D68195FD-27E0-4CFC-AC2F-704587504F1D}.Release|x64.Build.0 = Release|x64
		{D68195FD-27E0-4CFC-AC2F-704587504F1D}.Release|x86.ActiveCfg = Release|x86
		{D68195FD-27E0-4CFC-AC2F-704587504F1D}.Release|x86.Build.0 = Release|x86
		{F18A4236-72E2-4BE1-AFAA-4AED8C515F26}.Debug|Any CPU.ActiveCfg = Debug|Any CPU
		{F18A4236-72E2-4BE1-AFAA-4AED8C515F26}.Debug|Any CPU.Build.0 = Debug|Any CPU
		{F18A4236-72E2-4BE1-AFAA-4AED8C515F26}.Debug|Win32.ActiveCfg = Debug|x86
		{F18A4236-72E2-4BE1-AFAA-4AED8C515F26}.Debug|Win32.Build.0 = Debug|x86
		{F18A4236-72E2-4BE1-AFAA-4AED8C515F26}.Debug|x64.ActiveCfg = Debug|x64
		{F18A4236-72E2-4BE1-AFAA-4AED8C515F26}.Debug|x64.Build.0 = Debug|x64
		{F18A4236-72E2-4BE1-AFAA-4AED8C515F26}.Debug|x86.ActiveCfg = Debug|x86
		{F18A4236-72E2-4BE1-AFAA-4AED8C515F26}.Debug|x86.Build.0 = Debug|x86
		{F18A4236-72E2-4BE1-AFAA-4AED8C515F26}.Release|Any CPU.ActiveCfg = Release|Any CPU
		{F18A4236-72E2-4BE1-AFAA-4AED8C515F26}.Release|Any CPU.Build.0 = Release|Any CPU
		{F18A4236-72E2-4BE1-AFAA-4AED8C515F26}.Release|Win32.ActiveCfg = Release|x86
		{F18A4236-72E2-4BE1-AFAA-4AED8C515F26}.Release|Win32.Build.0 = Release|x86
		{F18A4236-72E2-4BE1-AFAA-4AED8C515F26}.Release|x64.ActiveCfg = Release|x64
		{F18A4236-72E2-4BE1-AFAA-4AED8C515F26}.Release|x64.Build.0 = Release|x64
		{F18A4236-72E2-4BE1-AFAA-4AED8C515F26}.Release|x86.ActiveCfg = Release|x86
		{F18A4236-72E2-4BE1-AFAA-4AED8C515F26}.Release|x86.Build.0 = Release|x86
		{CF5CED17-A7C4-4741-ABDE-6EA5D917D6D4}.Debug|Any CPU.ActiveCfg = Debug|x64
		{CF5CED17-A7C4-4741-ABDE-6EA5D917D6D4}.Debug|Win32.ActiveCfg = Debug|Win32
		{CF5CED17-A7C4-4741-ABDE-6EA5D917D6D4}.Debug|Win32.Build.0 = Debug|Win32
		{CF5CED17-A7C4-4741-ABDE-6EA5D917D6D4}.Debug|x64.ActiveCfg = Debug|x64
		{CF5CED17-A7C4-4741-ABDE-6EA5D917D6D4}.Debug|x64.Build.0 = Debug|x64
		{CF5CED17-A7C4-4741-ABDE-6EA5D917D6D4}.Debug|x86.ActiveCfg = Debug|Win32
		{CF5CED17-A7C4-4741-ABDE-6EA5D917D6D4}.Debug|x86.Build.0 = Debug|Win32
		{CF5CED17-A7C4-4741-ABDE-6EA5D917D6D4}.Release|Any CPU.ActiveCfg = Release|x64
		{CF5CED17-A7C4-4741-ABDE-6EA5D917D6D4}.Release|Win32.ActiveCfg = Release|Win32
		{CF5CED17-A7C4-4741-ABDE-6EA5D917D6D4}.Release|Win32.Build.0 = Release|Win32
		{CF5CED17-A7C4-4741-ABDE-6EA5D917D6D4}.Release|x64.ActiveCfg = Release|x64
		{CF5CED17-A7C4-4741-ABDE-6EA5D917D6D4}.Release|x64.Build.0 = Release|x64
		{CF5CED17-A7C4-4741-ABDE-6EA5D917D6D4}.Release|x86.ActiveCfg = Release|Win32
		{CF5CED17-A7C4-4741-ABDE-6EA5D917D6D4}.Release|x86.Build.0 = Release|Win32
		{E1FE5FAC-D20E-4C1E-AF27-966C2D39170E}.Debug|Any CPU.ActiveCfg = Debug|x64
		{E1FE5FAC-D20E-4C1E-AF27-966C2D39170E}.Debug|Win32.ActiveCfg = Debug|Win32
		{E1FE5FAC-D20E-4C1E-AF27-966C2D39170E}.Debug|Win32.Build.0 = Debug|Win32
		{E1FE5FAC-D20E-4C1E-AF27-966C2D39170E}.Debug|x64.ActiveCfg = Debug|x64
		{E1FE5FAC-D20E-4C1E-AF27-966C2D39170E}.Debug|x64.Build.0 = Debug|x64
		{E1FE5FAC-D20E-4C1E-AF27-966C2D39170E}.Debug|x86.ActiveCfg = Debug|Win32
		{E1FE5FAC-D20E-4C1E-AF27-966C2D39170E}.Debug|x86.Build.0 = Debug|Win32
		{E1FE5FAC-D20E-4C1E-AF27-966C2D39170E}.Release|Any CPU.ActiveCfg = Release|x64
		{E1FE5FAC-D20E-4C1E-AF27-966C2D39170E}.Release|Win32.ActiveCfg = Release|Win32
		{E1FE5FAC-D20E-4C1E-AF27-966C2D39170E}.Release|Win32.Build.0 = Release|Win32
		{E1FE5FAC-D20E-4C1E-AF27-966C2D39170E}.Release|x64.ActiveCfg = Release|x64
		{E1FE5FAC-D20E-4C1E-AF27-966C2D39170E}.Release|x64.Build.0 = Release|x64
		{E1FE5FAC-D20E-4C1E-AF27-966C2D39170E}.Release|x86.ActiveCfg = Release|Win32
		{E1FE5FAC-D20E-4C1E-AF27-966C2D39170E}.Release|x86.Build.0 = Release|Win32
		{3976CCD0-EEC0-4990-9A45-66855B5FF09B}.Debug|Any CPU.ActiveCfg = Debug|Any CPU
		{3976CCD0-EEC0-4990-9A45-66855B5FF09B}.Debug|Any CPU.Build.0 = Debug|Any CPU
		{3976CCD0-EEC0-4990-9A45-66855B5FF09B}.Debug|Win32.ActiveCfg = Debug|x86
		{3976CCD0-EEC0-4990-9A45-66855B5FF09B}.Debug|Win32.Build.0 = Debug|x86
		{3976CCD0-EEC0-4990-9A45-66855B5FF09B}.Debug|x64.ActiveCfg = Debug|x64
		{3976CCD0-EEC0-4990-9A45-66855B5FF09B}.Debug|x64.Build.0 = Debug|x64
		{3976CCD0-EEC0-4990-9A45-66855B5FF09B}.Debug|x86.ActiveCfg = Debug|x86
		{3976CCD0-EEC0-4990-9A45-66855B5FF09B}.Debug|x86.Build.0 = Debug|x86
		{3976CCD0-EEC0-4990-9A45-66855B5FF09B}.Release|Any CPU.ActiveCfg = Release|Any CPU
		{3976CCD0-EEC0-4990-9A45-66855B5FF09B}.Release|Any CPU.Build.0 = Release|Any CPU
		{3976CCD0-EEC0-4990-9A45-66855B5FF09B}.Release|Win32.ActiveCfg = Release|x86
		{3976CCD0-EEC0-4990-9A45-66855B5FF09B}.Release|Win32.Build.0 = Release|x86
		{3976CCD0-EEC0-4990-9A45-66855B5FF09B}.Release|x64.ActiveCfg = Release|x64
		{3976CCD0-EEC0-4990-9A45-66855B5FF09B}.Release|x64.Build.0 = Release|x64
		{3976CCD0-EEC0-4990-9A45-66855B5FF09B}.Release|x86.ActiveCfg = Release|x86
		{3976CCD0-EEC0-4990-9A45-66855B5FF09B}.Release|x86.Build.0 = Release|x86
		{EDD302C1-1D78-497A-9343-9D83DC1D5034}.Debug|Any CPU.ActiveCfg = Debug|x64
		{EDD302C1-1D78-497A-9343-9D83DC1D5034}.Debug|Win32.ActiveCfg = Debug|Win32
		{EDD302C1-1D78-497A-9343-9D83DC1D5034}.Debug|Win32.Build.0 = Debug|Win32
		{EDD302C1-1D78-497A-9343-9D83DC1D5034}.Debug|x64.ActiveCfg = Debug|x64
		{EDD302C1-1D78-497A-9343-9D83DC1D5034}.Debug|x64.Build.0 = Debug|x64
		{EDD302C1-1D78-497A-9343-9D83DC1D5034}.Debug|x86.ActiveCfg = Debug|Win32
		{EDD302C1-1D78-497A-9343-9D83DC1D5034}.Debug|x86.Build.0 = Debug|Win32
		{EDD302C1-1D78-497A-9343-9D83DC1D5034}.Release|Any CPU.ActiveCfg = Release|x64
		{EDD302C1-1D78-497A-9343-9D83DC1D5034}.Release|Win32.ActiveCfg = Release|Win32
		{EDD302C1-1D78-497A-9343-9D83DC1D5034}.Release|Win32.Build.0 = Release|Win32
		{EDD302C1-1D78-497A-9343-9D83DC1D5034}.Release|x64.ActiveCfg = Release|x64
		{EDD302C1-1D78-497A-9343-9D83DC1D5034}.Release|x64.Build.0 = Release|x64
		{EDD302C1-1D78-497A-9343-9D83DC1D5034}.Release|x86.ActiveCfg = Release|Win32
		{EDD302C1-1D78-497A-9343-9D83DC1D5034}.Release|x86.Build.0 = Release|Win32
		{703F8A33-81D8-464F-93FF-EF313C0D5C97}.Debug|Any CPU.ActiveCfg = Debug|x64
		{703F8A33-81D8-464F-93FF-EF313C0D5C97}.Debug|Win32.ActiveCfg = Debug|Win32
		{703F8A33-81D8-464F-93FF-EF313C0D5C97}.Debug|Win32.Build.0 = Debug|Win32
		{703F8A33-81D8-464F-93FF-EF313C0D5C97}.Debug|x64.ActiveCfg = Debug|x64
		{703F8A33-81D8-464F-93FF-EF313C0D5C97}.Debug|x64.Build.0 = Debug|x64
		{703F8A33-81D8-464F-93FF-EF313C0D5C97}.Debug|x86.ActiveCfg = Debug|Win32
		{703F8A33-81D8-464F-93FF-EF313C0D5C97}.Debug|x86.Build.0 = Debug|Win32
		{703F8A33-81D8-464F-93FF-EF313C0D5C97}.Release|Any CPU.ActiveCfg = Release|x64
		{703F8A33-81D8-464F-93FF-EF313C0D5C97}.Release|Win32.ActiveCfg = Release|Win32
		{703F8A33-81D8-464F-93FF-EF313C0D5C97}.Release|Win32.Build.0 = Release|Win32
		{703F8A33-81D8-464F-93FF-EF313C0D5C97}.Release|x64.ActiveCfg = Release|x64
		{703F8A33-81D8-464F-93FF-EF313C0D5C97}.Release|x64.Build.0 = Release|x64
		{703F8A33-81D8-464F-93FF-EF313C0D5C97}.Release|x86.ActiveCfg = Release|Win32
		{703F8A33-81D8-464F-93FF-EF313C0D5C97}.Release|x86.Build.0 = Release|Win32
		{4A4E7A67-83A9-4005-935D-93719B7B25F9}.Debug|Any CPU.ActiveCfg = Debug|Any CPU
		{4A4E7A67-83A9-4005-935D-93719B7B25F9}.Debug|Any CPU.Build.0 = Debug|Any CPU
		{4A4E7A67-83A9-4005-935D-93719B7B25F9}.Debug|Win32.ActiveCfg = Debug|x86
		{4A4E7A67-83A9-4005-935D-93719B7B25F9}.Debug|Win32.Build.0 = Debug|x86
		{4A4E7A67-83A9-4005-935D-93719B7B25F9}.Debug|x64.ActiveCfg = Debug|x64
		{4A4E7A67-83A9-4005-935D-93719B7B25F9}.Debug|x64.Build.0 = Debug|x64
		{4A4E7A67-83A9-4005-935D-93719B7B25F9}.Debug|x86.ActiveCfg = Debug|x86
		{4A4E7A67-83A9-4005-935D-93719B7B25F9}.Debug|x86.Build.0 = Debug|x86
		{4A4E7A67-83A9-4005-935D-93719B7B25F9}.Release|Any CPU.ActiveCfg = Release|Any CPU
		{4A4E7A67-83A9-4005-935D-93719B7B25F9}.Release|Any CPU.Build.0 = Release|Any CPU
		{4A4E7A67-83A9-4005-935D-93719B7B25F9}.Release|Win32.ActiveCfg = Release|x86
		{4A4E7A67-83A9-4005-935D-93719B7B25F9}.Release|Win32.Build.0 = Release|x86
		{4A4E7A67-83A9-4005-935D-93719B7B25F9}.Release|x64.ActiveCfg = Release|x64
		{4A4E7A67-83A9-4005-935D-93719B7B25F9}.Release|x64.Build.0 = Release|x64
		{4A4E7A67-83A9-4005-935D-93719B7B25F9}.Release|x86.ActiveCfg = Release|x86
		{4A4E7A67-83A9-4005-935D-93719B7B25F9}.Release|x86.Build.0 = Release|x86
	EndGlobalSection
	GlobalSection(SolutionProperties) = preSolution
		HideSolutionNode = FALSE
	EndGlobalSection
	GlobalSection(NestedProjects) = preSolution
		{A522A710-4B96-4B5B-895A-D47EBCF04A67} = {18A2F07C-94AB-4E0C-8CED-7FF1E2FB36E0}
		{A59B57AC-651D-4B6F-B112-0AD31668106A} = {18A2F07C-94AB-4E0C-8CED-7FF1E2FB36E0}
		{5D5FF269-7D43-4616-9AD4-3FE00B6F94F0} = {18A2F07C-94AB-4E0C-8CED-7FF1E2FB36E0}
		{CF5CED17-A7C4-4741-ABDE-6EA5D917D6D4} = {18A2F07C-94AB-4E0C-8CED-7FF1E2FB36E0}
		{EDD302C1-1D78-497A-9343-9D83DC1D5034} = {18A2F07C-94AB-4E0C-8CED-7FF1E2FB36E0}
		{6821A4E0-62F3-4955-8A20-2F10A7A35571} = {4C122A25-CE27-4078-85F9-D9EA815D93B3}
		{D53CA513-DA98-4F45-894F-6A2A509A6F61} = {4C122A25-CE27-4078-85F9-D9EA815D93B3}
		{589E34A5-DDE7-4AFF-9D53-EAB88F9F389F} = {4C122A25-CE27-4078-85F9-D9EA815D93B3}
		{E683D03A-0B1C-4430-B223-763F4B47F04F} = {4C122A25-CE27-4078-85F9-D9EA815D93B3}
		{A823EADD-2E45-4D0A-A4FA-E6D989709752} = {4C122A25-CE27-4078-85F9-D9EA815D93B3}
		{79A21F36-8D38-447B-B475-BF6E8BC97F55} = {4C122A25-CE27-4078-85F9-D9EA815D93B3}
		{B20C445B-DA40-4AC1-A524-7BD8CFF46055} = {4C122A25-CE27-4078-85F9-D9EA815D93B3}
		{79BD5B89-FAFE-4F2E-BC9C-A448174F28EE} = {4C122A25-CE27-4078-85F9-D9EA815D93B3}
		{32F8174B-12F1-4641-AC1A-6FB3DB0485D9} = {4C122A25-CE27-4078-85F9-D9EA815D93B3}
		{62AAFF7F-D766-4CD3-8800-18B2E1836EE2} = {4C122A25-CE27-4078-85F9-D9EA815D93B3}
		{91410327-87A6-42DA-AC54-C18873A2BF28} = {4C122A25-CE27-4078-85F9-D9EA815D93B3}
		{6FF29AA9-639B-4DD9-AFCF-BA2411AEF0A6} = {4C122A25-CE27-4078-85F9-D9EA815D93B3}
		{AA6FD96B-EC78-4586-9CA7-1DEA01182AC9} = {4C122A25-CE27-4078-85F9-D9EA815D93B3}
		{A8DAE3FE-69CF-4047-862C-E238E5622260} = {4C122A25-CE27-4078-85F9-D9EA815D93B3}
		{3627648B-5986-49A4-9443-F69919B722C6} = {4C122A25-CE27-4078-85F9-D9EA815D93B3}
		{5A396AF5-AD77-41CF-8C94-7571A9833F97} = {4C122A25-CE27-4078-85F9-D9EA815D93B3}
		{4AC9715E-3B7C-476F-A5A1-8FEBC9FEAE06} = {4C122A25-CE27-4078-85F9-D9EA815D93B3}
		{55D6964A-9E2B-4FAF-BF3D-BD1CFEBB9038} = {4C122A25-CE27-4078-85F9-D9EA815D93B3}
		{E1FE5FAC-D20E-4C1E-AF27-966C2D39170E} = {4C122A25-CE27-4078-85F9-D9EA815D93B3}
		{703F8A33-81D8-464F-93FF-EF313C0D5C97} = {4C122A25-CE27-4078-85F9-D9EA815D93B3}
		{4C7BEE69-7074-4DE4-9025-31307F1080F9} = {1DC4F3E8-88B4-4798-AC72-2B152D98C5E1}
		{0F0632CE-269B-4BCA-91CA-692640F9ADEC} = {1DC4F3E8-88B4-4798-AC72-2B152D98C5E1}
		{9E41EEB5-FD3E-48AE-BEA0-4E53FE24F733} = {1DC4F3E8-88B4-4798-AC72-2B152D98C5E1}
		{70E18C43-9E62-4D64-91E2-747A239BF9B4} = {1DC4F3E8-88B4-4798-AC72-2B152D98C5E1}
		{31A4354F-A8D6-4715-A532-898726A9B604} = {1DC4F3E8-88B4-4798-AC72-2B152D98C5E1}
		{2950B261-478B-4EF6-BCCB-7EC67600BA41} = {1DC4F3E8-88B4-4798-AC72-2B152D98C5E1}
		{F5276292-7E8D-4DE7-A79F-8D9BB97B02D1} = {1DC4F3E8-88B4-4798-AC72-2B152D98C5E1}
		{BFAA51EF-08AC-43A3-9D6B-99AE10726CFB} = {1DC4F3E8-88B4-4798-AC72-2B152D98C5E1}
		{6BCA5B25-60BD-4EA2-91CA-6B1A1910E5CB} = {1DC4F3E8-88B4-4798-AC72-2B152D98C5E1}
		{F18A4236-72E2-4BE1-AFAA-4AED8C515F26} = {1DC4F3E8-88B4-4798-AC72-2B152D98C5E1}
		{3976CCD0-EEC0-4990-9A45-66855B5FF09B} = {1DC4F3E8-88B4-4798-AC72-2B152D98C5E1}
		{4A4E7A67-83A9-4005-935D-93719B7B25F9} = {1DC4F3E8-88B4-4798-AC72-2B152D98C5E1}
		{5CB9BE99-070A-47F9-ADAD-7C46CF952063} = {74BE1F4B-CF6D-4424-8E97-4CAB27B15B26}
		{801C0CB2-7AD5-4905-84DA-69BDFB7C8E6D} = {74BE1F4B-CF6D-4424-8E97-4CAB27B15B26}
		{D6A06D16-B60D-4533-9D13-94BD859F271B} = {74BE1F4B-CF6D-4424-8E97-4CAB27B15B26}
		{BBE95CD3-BF51-4D02-9ADD-71599F796D9C} = {74BE1F4B-CF6D-4424-8E97-4CAB27B15B26}
		{C530CA06-9B7B-4AC1-BE80-BC1799D2B8D8} = {74BE1F4B-CF6D-4424-8E97-4CAB27B15B26}
		{D68195FD-27E0-4CFC-AC2F-704587504F1D} = {74BE1F4B-CF6D-4424-8E97-4CAB27B15B26}
	EndGlobalSection
EndGlobal
